// !$*UTF8*$!
{
	archiveVersion = 1;
	classes = {
	};
	objectVersion = 77;
	objects = {

/* Begin PBXBuildFile section */
		011D4C30FD4FF1168AD3B32B /* UnitTestHostTests.swift in Sources */ = {isa = PBXBuildFile; fileRef = 44D821EC6664B978596FDDFD /* UnitTestHostTests.swift */; };
		056730D3FDC7666D9EDAAB12 /* ClipboardHistoryModule.swift in Sources */ = {isa = PBXBuildFile; fileRef = 900FCF32F9541FA9168E58D6 /* ClipboardHistoryModule.swift */; };
		07A73572B424F72C67920D5E /* SettingsSidebarTests.swift in Sources */ = {isa = PBXBuildFile; fileRef = 52EFF247943688DF74FDFBFD /* SettingsSidebarTests.swift */; };
		081AFAA9F4E7DE329219A302 /* CommandPaletteController.swift in Sources */ = {isa = PBXBuildFile; fileRef = 4233CFB60FEF84F218977D48 /* CommandPaletteController.swift */; };
		08CD04A3227F0212590B40CA /* ScreenshotToolsTests.swift in Sources */ = {isa = PBXBuildFile; fileRef = C0E7B7D46F1D67D729594D6F /* ScreenshotToolsTests.swift */; };
		098879181087D6A890F705C8 /* DictationAudioPlayer.swift in Sources */ = {isa = PBXBuildFile; fileRef = A8A06DB32A6304AE45706215 /* DictationAudioPlayer.swift */; };
		0995B7DD6F2FBCEF958946B3 /* AppModel.swift in Sources */ = {isa = PBXBuildFile; fileRef = 0ECDF1BD3B90804BF35BDC11 /* AppModel.swift */; };
		09B8968F01A240BDA9CF5212 /* chrome-153-tab-strip.json in Resources */ = {isa = PBXBuildFile; fileRef = BE478E4BE9C1C339FAA86A04 /* chrome-153-tab-strip.json */; };
		0A2691072FFA6F40A5F31531 /* StandardWindowControlTests.swift in Sources */ = {isa = PBXBuildFile; fileRef = 6496418091377710D1C553EB /* StandardWindowControlTests.swift */; };
		0CE65D6BB1349F12A293FD9D /* NOTICES.argmax-oss-swift in Resources */ = {isa = PBXBuildFile; fileRef = E61586690B952F46EBCDED78 /* NOTICES.argmax-oss-swift */; };
		0F5B463A70383784E45A5ED2 /* QuickSearchService.swift in Sources */ = {isa = PBXBuildFile; fileRef = 7D8898653639A2B580518571 /* QuickSearchService.swift */; };
		105F1C13F817F48FC866DF69 /* WhisperKitModelDownloader.swift in Sources */ = {isa = PBXBuildFile; fileRef = EBBB83D782A2BF34F2C7854D /* WhisperKitModelDownloader.swift */; };
		15CE81C4A605AA2A6004C832 /* NotificationChannel.swift in Sources */ = {isa = PBXBuildFile; fileRef = 5A6DD21B40DBBF07863F2539 /* NotificationChannel.swift */; };
		161A262BE3EB96DB9C2DAB51 /* WindowManagementModule.swift in Sources */ = {isa = PBXBuildFile; fileRef = 82A74EE27B85AA3D9E80FB0F /* WindowManagementModule.swift */; };
		168EB2F837DEC3518377B4C2 /* ChromeActionDetectionTests.swift in Sources */ = {isa = PBXBuildFile; fileRef = ACD93213A966A5B227684C10 /* ChromeActionDetectionTests.swift */; };
		197955C758CB29FF6F4DCA14 /* LICENSE.openai-whisper in Resources */ = {isa = PBXBuildFile; fileRef = 5FDAE3FD036C017D04992475 /* LICENSE.openai-whisper */; };
		1A1112634F9877A12C8E3B19 /* AccessibilitySnapshotter.swift in Sources */ = {isa = PBXBuildFile; fileRef = 61FC3BA2A7FE322EF92FB290 /* AccessibilitySnapshotter.swift */; };
		1B97ED234F1E2A347068FC1F /* finder-trash-captured-sanitized-trace.json in Resources */ = {isa = PBXBuildFile; fileRef = F3872107ED622E1702DAE730 /* finder-trash-captured-sanitized-trace.json */; };
		1C16C591081A70B947AD1444 /* OnboardingFlowTests.swift in Sources */ = {isa = PBXBuildFile; fileRef = 0F766FFB10FBF4B3FBE6504B /* OnboardingFlowTests.swift */; };
		1E04F88877CBBFF7AA7D654C /* FinderTrashMonitor.swift in Sources */ = {isa = PBXBuildFile; fileRef = B1ED8E35E4A6E4E820AE1AFB /* FinderTrashMonitor.swift */; };
		21132F8335F6C4863D5A56D4 /* CapabilityModule.swift in Sources */ = {isa = PBXBuildFile; fileRef = 11E1CD87EB93B65F4E866246 /* CapabilityModule.swift */; };
		27809D43FBCF8B6211FD5C6B /* DictationPaletteResults.swift in Sources */ = {isa = PBXBuildFile; fileRef = F200EDB123819788E9D6CE81 /* DictationPaletteResults.swift */; };
		29A806FF7731D3D920AB80E7 /* PermissionDragAssistantController.swift in Sources */ = {isa = PBXBuildFile; fileRef = 422C99CA7690E5E2FCDA940B /* PermissionDragAssistantController.swift */; };
		2AEDDDA2780DAD6306D3212D /* MainWindowRoutingTests.swift in Sources */ = {isa = PBXBuildFile; fileRef = 572DC6E9C68A567BE460ED2F /* MainWindowRoutingTests.swift */; };
		3059D8E4728CF39B1A21420A /* WindowGeometry.swift in Sources */ = {isa = PBXBuildFile; fileRef = C9636E42DE45DDFF11098A73 /* WindowGeometry.swift */; };
		30969CFBA6428F79100205AF /* DictationService.swift in Sources */ = {isa = PBXBuildFile; fileRef = 79A769F22A9F51BA885B76F1 /* DictationService.swift */; };
		331F72AEC4344E569F6BEB91 /* KeyboardShortcutterTests.swift in Sources */ = {isa = PBXBuildFile; fileRef = F61176BC5A52592CB08999D5 /* KeyboardShortcutterTests.swift */; };
		356E7F675BBAF3C664BF0C0F /* DictationIndicatorController.swift in Sources */ = {isa = PBXBuildFile; fileRef = 90063321A15E6192126FE5C0 /* DictationIndicatorController.swift */; };
		35D76276DAD2370A13E37108 /* ActionCorrelator.swift in Sources */ = {isa = PBXBuildFile; fileRef = 1125D0B1418C5EBF60FFBEBD /* ActionCorrelator.swift */; };
		36234F90E23764E2A39CAF58 /* CompletedAudioTranscriber.swift in Sources */ = {isa = PBXBuildFile; fileRef = 16C81595BD6B459829442011 /* CompletedAudioTranscriber.swift */; };
		397B0338C0A8428140BDE535 /* Sparkle in Frameworks */ = {isa = PBXBuildFile; productRef = 4180293288B6BA15C922987B /* Sparkle */; };
		3CBB221A72D042879FC74D1F /* UITestComposition.swift in Sources */ = {isa = PBXBuildFile; fileRef = FE7069286CA59628B99261C8 /* UITestComposition.swift */; };
		3DE0285ABEBA4DBB8627DD25 /* UnitTestHost.swift in Sources */ = {isa = PBXBuildFile; fileRef = 6F476718EE4062D15AF818F5 /* UnitTestHost.swift */; };
		4484A3EEE07C1E235F2E433F /* ScreenshotEditorTests.swift in Sources */ = {isa = PBXBuildFile; fileRef = 97EC39D6B2BEB686F101C4A9 /* ScreenshotEditorTests.swift */; };
		461C72FC39D0F9EF0F02F1B5 /* CapabilityWiringSnapshotTests.swift in Sources */ = {isa = PBXBuildFile; fileRef = 25A41CB8D7FC4C900A758D77 /* CapabilityWiringSnapshotTests.swift */; };
		484DBF61BC6DF412A9518239 /* KeyboardShortcutRegistry.swift in Sources */ = {isa = PBXBuildFile; fileRef = 5E95566CA99E435438AFA108 /* KeyboardShortcutRegistry.swift */; };
		4F3E2FE9F33B1CF0F9DA36F1 /* RaycastSettingsStyle.swift in Sources */ = {isa = PBXBuildFile; fileRef = A4D3540EC3F3F99A6E3B6274 /* RaycastSettingsStyle.swift */; };
		53CFFCB76A3C8CA8E3926704 /* SystemChannelAdapters.swift in Sources */ = {isa = PBXBuildFile; fileRef = 15DFFB4F5CBB2AC080E88C36 /* SystemChannelAdapters.swift */; };
		55A5331995F3491EB22E185E /* NativeStatusItemController.swift in Sources */ = {isa = PBXBuildFile; fileRef = F948CF2A71F167EF581221DA /* NativeStatusItemController.swift */; };
		58CCB0AF49FFC5BA0289F8C1 /* WindowAction.swift in Sources */ = {isa = PBXBuildFile; fileRef = A08E29668587A361DF1D41AC /* WindowAction.swift */; };
		58DF94D7D131F11A8D5D15F0 /* QuitConfirmationTests.swift in Sources */ = {isa = PBXBuildFile; fileRef = 523C2D07125B9545845933E3 /* QuitConfirmationTests.swift */; };
		5D29894075C352B646141A29 /* FinderTrashDetectionTests.swift in Sources */ = {isa = PBXBuildFile; fileRef = A18BF5E21B6787A034888698 /* FinderTrashDetectionTests.swift */; };
		5E51F935BD57750EB95442A7 /* NotchCoachPresentationTests.swift in Sources */ = {isa = PBXBuildFile; fileRef = 646B03464775BFDA8FEB76C5 /* NotchCoachPresentationTests.swift */; };
		5F92BF267D5EC598B24938B6 /* ScreenshotEditorWindowController.swift in Sources */ = {isa = PBXBuildFile; fileRef = 3296278ACCFD1FEA1A0A40E8 /* ScreenshotEditorWindowController.swift */; };
		5F96C75796624830BBC5D74B /* CapabilityModuleTests.swift in Sources */ = {isa = PBXBuildFile; fileRef = F4CF4C25AF5BB1C66FD04278 /* CapabilityModuleTests.swift */; };
		5FE963A695D02FA354BB3D5E /* UITestLaunchConfigurationTests.swift in Sources */ = {isa = PBXBuildFile; fileRef = 93D393A41EEB1085BE3348CE /* UITestLaunchConfigurationTests.swift */; };
		66D4AA5C1B1F31493509DD84 /* PointerEventMonitor.swift in Sources */ = {isa = PBXBuildFile; fileRef = 96B2E873B85F38F428D7E33E /* PointerEventMonitor.swift */; };
		6740877430246CD1F8A8C0BB /* CoachingEvent.swift in Sources */ = {isa = PBXBuildFile; fileRef = FF5341E18161C5048290122F /* CoachingEvent.swift */; };
		69D9ACEE4E0642D8CB042CD8 /* ScreenshotToolsService.swift in Sources */ = {isa = PBXBuildFile; fileRef = 58C85AC05704376F0356083E /* ScreenshotToolsService.swift */; };
		6A9CD25220129616C6F0A833 /* DictationTranscriptionEngine.swift in Sources */ = {isa = PBXBuildFile; fileRef = 093E9573AD23AF63BB1C065C /* DictationTranscriptionEngine.swift */; };
		713E9A8F6D1DC841FE032B7B /* DictationWarmRuntimeBenchmarkTests.swift in Sources */ = {isa = PBXBuildFile; fileRef = CD492B963F2E1C378C206508 /* DictationWarmRuntimeBenchmarkTests.swift */; };
		72889304501A8474A7F08269 /* InboxStore.swift in Sources */ = {isa = PBXBuildFile; fileRef = 3FE3159CDD93E812D43C4592 /* InboxStore.swift */; };
		780135D18A3D6C288C8DC1DD /* DictationHistoryService.swift in Sources */ = {isa = PBXBuildFile; fileRef = 509645F9F339E06AC1E564CE /* DictationHistoryService.swift */; };
		7C5C620EDEABCBCF01BA1DE3 /* AppPreferences.swift in Sources */ = {isa = PBXBuildFile; fileRef = 25220DE0BCB6C2B17E3322BD /* AppPreferences.swift */; };
		7CE0B6A945403834D41BBF7E /* SmokeUITests.swift in Sources */ = {isa = PBXBuildFile; fileRef = D5A7837F25296045EA5F5984 /* SmokeUITests.swift */; };
		80EBAD50A5F6E554E63A4CC4 /* ProductIdentity.swift in Sources */ = {isa = PBXBuildFile; fileRef = 997F4D090D8DCBF03DAFC78E /* ProductIdentity.swift */; };
		84156585EA619D8BBFB145F3 /* chrome-green-captured-sanitized-trace.json in Resources */ = {isa = PBXBuildFile; fileRef = 3B4BE38E7AF2268494DAE9E2 /* chrome-green-captured-sanitized-trace.json */; };
		85868CCFFF8CE1C0294CBE42 /* GlobalShortcutCoordinator.swift in Sources */ = {isa = PBXBuildFile; fileRef = 60D14DA1027E52F5893FC446 /* GlobalShortcutCoordinator.swift */; };
		898609FBD52337225953DE11 /* PresentationWindowController.swift in Sources */ = {isa = PBXBuildFile; fileRef = 6F84D2C75C3619AC08893A51 /* PresentationWindowController.swift */; };
		8D12A7B05C292CF6905EB8D7 /* InMemoryDefaults.swift in Sources */ = {isa = PBXBuildFile; fileRef = F26EB5CBFC50DDF739E755BC /* InMemoryDefaults.swift */; };
		8FD80A923E357790F894A93C /* SharedViews.swift in Sources */ = {isa = PBXBuildFile; fileRef = 059D55AF379C93A1EABF75A1 /* SharedViews.swift */; };
		8FDF0BF1D3FEF7336E60D22B /* EntitlementsSourceTests.swift in Sources */ = {isa = PBXBuildFile; fileRef = 6DD01BC4E67AC750F7DCB3E6 /* EntitlementsSourceTests.swift */; };
		906AF4F5B61D66F206EBD737 /* fixture.zip in Resources */ = {isa = PBXBuildFile; fileRef = 323E102DD6374B05A2E71420 /* fixture.zip */; };
		91832B187D1AA878C0BF6F02 /* DictationModelManager.swift in Sources */ = {isa = PBXBuildFile; fileRef = 449F73AF218FC186E0DBA248 /* DictationModelManager.swift */; };
		9198579854CC8F0979A2D87D /* SystemServices.swift in Sources */ = {isa = PBXBuildFile; fileRef = ECF5180228D1F28AB0362C61 /* SystemServices.swift */; };
		91F074E383122DC99C8BF05C /* LICENSE.shotnix in Resources */ = {isa = PBXBuildFile; fileRef = A660F126D44D431EBC8A7A20 /* LICENSE.shotnix */; };
		924524C9291A150C1ED22EAA /* ApplicationUsageStore.swift in Sources */ = {isa = PBXBuildFile; fileRef = 655FDDBD20D3B108B6CC84CD /* ApplicationUsageStore.swift */; };
		952BFAC50F37CBE088DC6D6F /* UpdateController.swift in Sources */ = {isa = PBXBuildFile; fileRef = C13C5DD5F845097BB1BA796D /* UpdateController.swift */; };
		969668521B3A2F95CAD252BB /* MenuInboxView.swift in Sources */ = {isa = PBXBuildFile; fileRef = DC9C29448CFAF723A5885A20 /* MenuInboxView.swift */; };
		9734A54C9861F9F4935CCB1A /* UITestLaunchConfiguration.swift in Sources */ = {isa = PBXBuildFile; fileRef = 02F54B359B085FDE3532F31E /* UITestLaunchConfiguration.swift */; };
		98D0993E91F7EFD2B0E346D1 /* UpdateReleaseScriptTests.swift in Sources */ = {isa = PBXBuildFile; fileRef = 54B168FD3BBC8DE647021EFF /* UpdateReleaseScriptTests.swift */; };
		9B257E66334EE5FE93531EAE /* chrome-153-settings-failing-trace.json in Resources */ = {isa = PBXBuildFile; fileRef = 0A1892ED7941254B63C36A71 /* chrome-153-settings-failing-trace.json */; };
		9F11C1F5817C7DE04228CEF8 /* Assets.xcassets in Resources */ = {isa = PBXBuildFile; fileRef = 7C144E78DC41A2DF2C4FCA0C /* Assets.xcassets */; };
		A16D2BF906A9A5E577CCD9DA /* ScreenshotCaptureTests.swift in Sources */ = {isa = PBXBuildFile; fileRef = 6B518401410853A3A68180C2 /* ScreenshotCaptureTests.swift */; };
		AC51777E49844030C638FFDB /* ScreenshotAnnotationRenderer.swift in Sources */ = {isa = PBXBuildFile; fileRef = DEED3BE59B403C1032BD4A4E /* ScreenshotAnnotationRenderer.swift */; };
		AF01C1FEA6DFAC71142B7305 /* ProductPaths.swift in Sources */ = {isa = PBXBuildFile; fileRef = 3DF48890AB96ECDC791B1116 /* ProductPaths.swift */; };
		B276B1127A353841F9623DE6 /* StandardWindowControlMonitor.swift in Sources */ = {isa = PBXBuildFile; fileRef = 447B3311AE42A32A9FD01E03 /* StandardWindowControlMonitor.swift */; };
		B37B58EE507CB1B903B64210 /* capability-wiring.json in Resources */ = {isa = PBXBuildFile; fileRef = 45549BC73E12559150FDA88F /* capability-wiring.json */; };
		B3F274083A2B748371F28BE5 /* ScreenshotCapture.swift in Sources */ = {isa = PBXBuildFile; fileRef = 0DE45651B92E0DC8A3EB8BA3 /* ScreenshotCapture.swift */; };
		B8AD9EB09F7831E8226756F2 /* ChromeActionAdapter.swift in Sources */ = {isa = PBXBuildFile; fileRef = AF01C9054488E9432E476309 /* ChromeActionAdapter.swift */; };
		B8EF53C6A451D2E475070D85 /* SparkleUpdateController.swift in Sources */ = {isa = PBXBuildFile; fileRef = E17017DC2EA54085B3C86D75 /* SparkleUpdateController.swift */; };
		C49099D24923B8A7C3627B9F /* LICENSE.rectangle in Resources */ = {isa = PBXBuildFile; fileRef = 3FB67EE4BA86CA81A301871D /* LICENSE.rectangle */; };
		C623D61D79119BDCDA584A86 /* QuickSearchModule.swift in Sources */ = {isa = PBXBuildFile; fileRef = 8D99F0722FE7F7F683012428 /* QuickSearchModule.swift */; };
		C6B99BA39BBA147D692C0FCB /* AppPresenceController.swift in Sources */ = {isa = PBXBuildFile; fileRef = 6CF370D4AAE4252C8026A77E /* AppPresenceController.swift */; };
		C7BA0E484216B7DE0A03D3BC /* ManualActionDetector.swift in Sources */ = {isa = PBXBuildFile; fileRef = C5BF9D381E60300D7928A29E /* ManualActionDetector.swift */; };
		CAF0D8445DF2139E92F3C873 /* WhisperKit in Frameworks */ = {isa = PBXBuildFile; productRef = B51FAB2B198D5DDDE9DB256B /* WhisperKit */; };
		CBC867F62D30E8C568A35C78 /* LICENSE.argmax-oss-swift in Resources */ = {isa = PBXBuildFile; fileRef = E157807C893115811A044F4A /* LICENSE.argmax-oss-swift */; };
		CC7CDD51F06A873ACBE309A6 /* NotificationDeliveryService.swift in Sources */ = {isa = PBXBuildFile; fileRef = 67F7E0D610E42D0E55E94D1F /* NotificationDeliveryService.swift */; };
		CC9C3B70B132461EB151193B /* DictationHistoryView.swift in Sources */ = {isa = PBXBuildFile; fileRef = E4E5DACAF82C804C00620C7F /* DictationHistoryView.swift */; };
		CEF4D7A2BA651266C866FFE6 /* ScreenshotToolsModule.swift in Sources */ = {isa = PBXBuildFile; fileRef = F63DBB997EBF672EB4A1A306 /* ScreenshotToolsModule.swift */; };
		D071D645E3CFD0351F3E11C5 /* SettingsRootView.swift in Sources */ = {isa = PBXBuildFile; fileRef = CFB34CE86E16904D984C10A1 /* SettingsRootView.swift */; };
		D09441341EE399D39BA7C44D /* DictationModule.swift in Sources */ = {isa = PBXBuildFile; fileRef = 3B4BA8C9DC06C5A5F708C9DC /* DictationModule.swift */; };
		D1C09CEE81345C5ED1AA79A3 /* ScreenshotEditorOutput.swift in Sources */ = {isa = PBXBuildFile; fileRef = 4ED11089604722DD1AF16EAA /* ScreenshotEditorOutput.swift */; };
		D4D345A2AFE81AD61B274909 /* issue-31-live-shortcuts.json in Resources */ = {isa = PBXBuildFile; fileRef = DFF0A12F7876C599C9C3433E /* issue-31-live-shortcuts.json */; };
		D6A968F55CA67D1A1BB90941 /* TranslatedSpeechPlayer.swift in Sources */ = {isa = PBXBuildFile; fileRef = E06540DC321A150343B3C752 /* TranslatedSpeechPlayer.swift */; };
		DABB2A6E562093C2FD0213E6 /* WhisperKitCompletedAudioTranscriber.swift in Sources */ = {isa = PBXBuildFile; fileRef = D46E853B6F0195DE8D0C0031 /* WhisperKitCompletedAudioTranscriber.swift */; };
		DC5D1578C1100C5D5B0471DC /* Capability.swift in Sources */ = {isa = PBXBuildFile; fileRef = 0C53D92EB611917B9E44212C /* Capability.swift */; };
		DEBF5A3933E405A4EB8A14A5 /* MicrophonePermissionFlowTests.swift in Sources */ = {isa = PBXBuildFile; fileRef = 1A364445928DF760A5349FFE /* MicrophonePermissionFlowTests.swift */; };
		E38A15BF69E728B9C3142E0A /* AXShortcutEvidenceReader.swift in Sources */ = {isa = PBXBuildFile; fileRef = 57C59BE7810BB3FA985BCA74 /* AXShortcutEvidenceReader.swift */; };
		E78F2836D4E83FAE88C6F9BB /* KeybumpsApp.swift in Sources */ = {isa = PBXBuildFile; fileRef = 9198187F33359DFFA13F0C5D /* KeybumpsApp.swift */; };
		E81A9BD91DF71EE3A5BA0064 /* PresentationEvidenceTests.swift in Sources */ = {isa = PBXBuildFile; fileRef = A8B7E25C1D066158973E5A7F /* PresentationEvidenceTests.swift */; };
		E997BE984EF0D51BCBF3B621 /* ScreenshotAnnotation.swift in Sources */ = {isa = PBXBuildFile; fileRef = 124C5FD3D18E6E1D1EC3F91E /* ScreenshotAnnotation.swift */; };
		EC784D4AB4204072FEBCC20F /* ClipboardHistoryService.swift in Sources */ = {isa = PBXBuildFile; fileRef = 621ADF842978F483030F4A98 /* ClipboardHistoryService.swift */; };
		ED773D1D56F424D545A9379E /* PublicModelDownloadIntegrationTests.swift in Sources */ = {isa = PBXBuildFile; fileRef = C58C75BA38A2AB150043D3EA /* PublicModelDownloadIntegrationTests.swift */; };
		EE5DCEFB09728CECFDE914B0 /* WindowManagementService.swift in Sources */ = {isa = PBXBuildFile; fileRef = C31EA5B36802F222489865B5 /* WindowManagementService.swift */; };
		EFDCF1CF3AEFE100555404D9 /* KeybumpsFeatureTests.swift in Sources */ = {isa = PBXBuildFile; fileRef = C9D1462BF5CB236B53AD1B69 /* KeybumpsFeatureTests.swift */; };
		F07389A5D6D2F0D10F7D5973 /* ScreenshotEditorPresenter.swift in Sources */ = {isa = PBXBuildFile; fileRef = 0CF1124EE4DF4E49757D9D27 /* ScreenshotEditorPresenter.swift */; };
		F2C72DC369FD3FDD4586E311 /* UpdateControllerTests.swift in Sources */ = {isa = PBXBuildFile; fileRef = 3F710416110B79E7BA260C96 /* UpdateControllerTests.swift */; };
		F34A7B20573886FC87B08A00 /* KeyboardShortcutterModule.swift in Sources */ = {isa = PBXBuildFile; fileRef = 0DDA1A771CE7B3C3B0604583 /* KeyboardShortcutterModule.swift */; };
		F43F37F847B4D894E2B90B57 /* fixture.md in Resources */ = {isa = PBXBuildFile; fileRef = 3EF5ED7D3614F5E7E907D83B /* fixture.md */; };
		F6DA5B8D9EFA0F42F3743ABC /* RaycastPaletteStyle.swift in Sources */ = {isa = PBXBuildFile; fileRef = 9A89EEB9E257B80261B8DB77 /* RaycastPaletteStyle.swift */; };
		FB1EF3A045635D619E187E8D /* RecentItemStore.swift in Sources */ = {isa = PBXBuildFile; fileRef = 7FEE31E47A0F652B4E42CD60 /* RecentItemStore.swift */; };
		FB7D39975763A7647595CBBF /* InMemoryDefaultsTests.swift in Sources */ = {isa = PBXBuildFile; fileRef = 33DCD9E725F517DA4D5BEE2E /* InMemoryDefaultsTests.swift */; };
		FD8E7DB4FEB1D67D4B46E1AD /* appcast.xml in Resources */ = {isa = PBXBuildFile; fileRef = 3BB76ED2E173127B8361F2B8 /* appcast.xml */; };
		FEE8BAB393C914FFECD752A3 /* AppDelegate.swift in Sources */ = {isa = PBXBuildFile; fileRef = 00E50394667FC5D2DE8B5333 /* AppDelegate.swift */; };
		FF97CDE8A3490AA04F8B76B0 /* ShortcutCatalog.swift in Sources */ = {isa = PBXBuildFile; fileRef = D547C96CB0A8C34AE6C8D05C /* ShortcutCatalog.swift */; };
/* End PBXBuildFile section */

/* Begin PBXContainerItemProxy section */
		07F06C50136DD628F45195F1 /* PBXContainerItemProxy */ = {
			isa = PBXContainerItemProxy;
			containerPortal = 28E15429764BA5F28DAA3D0E /* Project object */;
			proxyType = 1;
			remoteGlobalIDString = 16EA3C6D651A8AAA3A2782B1;
			remoteInfo = Keybumps;
		};
		FBA11C430204E2112E701681 /* PBXContainerItemProxy */ = {
			isa = PBXContainerItemProxy;
			containerPortal = 28E15429764BA5F28DAA3D0E /* Project object */;
			proxyType = 1;
			remoteGlobalIDString = 16EA3C6D651A8AAA3A2782B1;
			remoteInfo = Keybumps;
		};
/* End PBXContainerItemProxy section */

/* Begin PBXFileReference section */
		00E50394667FC5D2DE8B5333 /* AppDelegate.swift */ = {isa = PBXFileReference; lastKnownFileType = sourcecode.swift; path = AppDelegate.swift; sourceTree = "<group>"; };
		02F54B359B085FDE3532F31E /* UITestLaunchConfiguration.swift */ = {isa = PBXFileReference; lastKnownFileType = sourcecode.swift; path = UITestLaunchConfiguration.swift; sourceTree = "<group>"; };
		059D55AF379C93A1EABF75A1 /* SharedViews.swift */ = {isa = PBXFileReference; lastKnownFileType = sourcecode.swift; path = SharedViews.swift; sourceTree = "<group>"; };
		093E9573AD23AF63BB1C065C /* DictationTranscriptionEngine.swift */ = {isa = PBXFileReference; lastKnownFileType = sourcecode.swift; path = DictationTranscriptionEngine.swift; sourceTree = "<group>"; };
		0A1892ED7941254B63C36A71 /* chrome-153-settings-failing-trace.json */ = {isa = PBXFileReference; lastKnownFileType = text.json; path = "chrome-153-settings-failing-trace.json"; sourceTree = "<group>"; };
		0C53D92EB611917B9E44212C /* Capability.swift */ = {isa = PBXFileReference; lastKnownFileType = sourcecode.swift; path = Capability.swift; sourceTree = "<group>"; };
		0CF1124EE4DF4E49757D9D27 /* ScreenshotEditorPresenter.swift */ = {isa = PBXFileReference; lastKnownFileType = sourcecode.swift; path = ScreenshotEditorPresenter.swift; sourceTree = "<group>"; };
		0DDA1A771CE7B3C3B0604583 /* KeyboardShortcutterModule.swift */ = {isa = PBXFileReference; lastKnownFileType = sourcecode.swift; path = KeyboardShortcutterModule.swift; sourceTree = "<group>"; };
		0DE45651B92E0DC8A3EB8BA3 /* ScreenshotCapture.swift */ = {isa = PBXFileReference; lastKnownFileType = sourcecode.swift; path = ScreenshotCapture.swift; sourceTree = "<group>"; };
		0ECDF1BD3B90804BF35BDC11 /* AppModel.swift */ = {isa = PBXFileReference; lastKnownFileType = sourcecode.swift; path = AppModel.swift; sourceTree = "<group>"; };
		0F766FFB10FBF4B3FBE6504B /* OnboardingFlowTests.swift */ = {isa = PBXFileReference; lastKnownFileType = sourcecode.swift; path = OnboardingFlowTests.swift; sourceTree = "<group>"; };
		1125D0B1418C5EBF60FFBEBD /* ActionCorrelator.swift */ = {isa = PBXFileReference; lastKnownFileType = sourcecode.swift; path = ActionCorrelator.swift; sourceTree = "<group>"; };
		11E1CD87EB93B65F4E866246 /* CapabilityModule.swift */ = {isa = PBXFileReference; lastKnownFileType = sourcecode.swift; path = CapabilityModule.swift; sourceTree = "<group>"; };
		124C5FD3D18E6E1D1EC3F91E /* ScreenshotAnnotation.swift */ = {isa = PBXFileReference; lastKnownFileType = sourcecode.swift; path = ScreenshotAnnotation.swift; sourceTree = "<group>"; };
		15DFFB4F5CBB2AC080E88C36 /* SystemChannelAdapters.swift */ = {isa = PBXFileReference; lastKnownFileType = sourcecode.swift; path = SystemChannelAdapters.swift; sourceTree = "<group>"; };
		16C81595BD6B459829442011 /* CompletedAudioTranscriber.swift */ = {isa = PBXFileReference; lastKnownFileType = sourcecode.swift; path = CompletedAudioTranscriber.swift; sourceTree = "<group>"; };
		1A364445928DF760A5349FFE /* MicrophonePermissionFlowTests.swift */ = {isa = PBXFileReference; lastKnownFileType = sourcecode.swift; path = MicrophonePermissionFlowTests.swift; sourceTree = "<group>"; };
		1FD52164D0E4BEB3C625179B /* Keybumps.app */ = {isa = PBXFileReference; explicitFileType = wrapper.application; includeInIndex = 0; path = Keybumps.app; sourceTree = BUILT_PRODUCTS_DIR; };
		25220DE0BCB6C2B17E3322BD /* AppPreferences.swift */ = {isa = PBXFileReference; lastKnownFileType = sourcecode.swift; path = AppPreferences.swift; sourceTree = "<group>"; };
		25A41CB8D7FC4C900A758D77 /* CapabilityWiringSnapshotTests.swift */ = {isa = PBXFileReference; lastKnownFileType = sourcecode.swift; path = CapabilityWiringSnapshotTests.swift; sourceTree = "<group>"; };
		2B2F11C413514322A01BCD85 /* KeybumpsUITests.xctest */ = {isa = PBXFileReference; explicitFileType = wrapper.cfbundle; includeInIndex = 0; path = KeybumpsUITests.xctest; sourceTree = BUILT_PRODUCTS_DIR; };
		323E102DD6374B05A2E71420 /* fixture.zip */ = {isa = PBXFileReference; lastKnownFileType = archive.zip; path = fixture.zip; sourceTree = "<group>"; };
		3296278ACCFD1FEA1A0A40E8 /* ScreenshotEditorWindowController.swift */ = {isa = PBXFileReference; lastKnownFileType = sourcecode.swift; path = ScreenshotEditorWindowController.swift; sourceTree = "<group>"; };
		33DCD9E725F517DA4D5BEE2E /* InMemoryDefaultsTests.swift */ = {isa = PBXFileReference; lastKnownFileType = sourcecode.swift; path = InMemoryDefaultsTests.swift; sourceTree = "<group>"; };
		3B4BA8C9DC06C5A5F708C9DC /* DictationModule.swift */ = {isa = PBXFileReference; lastKnownFileType = sourcecode.swift; path = DictationModule.swift; sourceTree = "<group>"; };
		3B4BE38E7AF2268494DAE9E2 /* chrome-green-captured-sanitized-trace.json */ = {isa = PBXFileReference; lastKnownFileType = text.json; path = "chrome-green-captured-sanitized-trace.json"; sourceTree = "<group>"; };
		3BB76ED2E173127B8361F2B8 /* appcast.xml */ = {isa = PBXFileReference; lastKnownFileType = text.xml; path = appcast.xml; sourceTree = "<group>"; };
		3DF48890AB96ECDC791B1116 /* ProductPaths.swift */ = {isa = PBXFileReference; lastKnownFileType = sourcecode.swift; path = ProductPaths.swift; sourceTree = "<group>"; };
		3EF5ED7D3614F5E7E907D83B /* fixture.md */ = {isa = PBXFileReference; lastKnownFileType = net.daringfireball.markdown; path = fixture.md; sourceTree = "<group>"; };
		3F710416110B79E7BA260C96 /* UpdateControllerTests.swift */ = {isa = PBXFileReference; lastKnownFileType = sourcecode.swift; path = UpdateControllerTests.swift; sourceTree = "<group>"; };
		3FB67EE4BA86CA81A301871D /* LICENSE.rectangle */ = {isa = PBXFileReference; path = LICENSE.rectangle; sourceTree = "<group>"; };
		3FE3159CDD93E812D43C4592 /* InboxStore.swift */ = {isa = PBXFileReference; lastKnownFileType = sourcecode.swift; path = InboxStore.swift; sourceTree = "<group>"; };
		422C99CA7690E5E2FCDA940B /* PermissionDragAssistantController.swift */ = {isa = PBXFileReference; lastKnownFileType = sourcecode.swift; path = PermissionDragAssistantController.swift; sourceTree = "<group>"; };
		4233CFB60FEF84F218977D48 /* CommandPaletteController.swift */ = {isa = PBXFileReference; lastKnownFileType = sourcecode.swift; path = CommandPaletteController.swift; sourceTree = "<group>"; };
		447B3311AE42A32A9FD01E03 /* StandardWindowControlMonitor.swift */ = {isa = PBXFileReference; lastKnownFileType = sourcecode.swift; path = StandardWindowControlMonitor.swift; sourceTree = "<group>"; };
		449F73AF218FC186E0DBA248 /* DictationModelManager.swift */ = {isa = PBXFileReference; lastKnownFileType = sourcecode.swift; path = DictationModelManager.swift; sourceTree = "<group>"; };
		44D821EC6664B978596FDDFD /* UnitTestHostTests.swift */ = {isa = PBXFileReference; lastKnownFileType = sourcecode.swift; path = UnitTestHostTests.swift; sourceTree = "<group>"; };
		45549BC73E12559150FDA88F /* capability-wiring.json */ = {isa = PBXFileReference; lastKnownFileType = text.json; path = "capability-wiring.json"; sourceTree = "<group>"; };
		4ED11089604722DD1AF16EAA /* ScreenshotEditorOutput.swift */ = {isa = PBXFileReference; lastKnownFileType = sourcecode.swift; path = ScreenshotEditorOutput.swift; sourceTree = "<group>"; };
		509645F9F339E06AC1E564CE /* DictationHistoryService.swift */ = {isa = PBXFileReference; lastKnownFileType = sourcecode.swift; path = DictationHistoryService.swift; sourceTree = "<group>"; };
		523C2D07125B9545845933E3 /* QuitConfirmationTests.swift */ = {isa = PBXFileReference; lastKnownFileType = sourcecode.swift; path = QuitConfirmationTests.swift; sourceTree = "<group>"; };
		52EFF247943688DF74FDFBFD /* SettingsSidebarTests.swift */ = {isa = PBXFileReference; lastKnownFileType = sourcecode.swift; path = SettingsSidebarTests.swift; sourceTree = "<group>"; };
		54B168FD3BBC8DE647021EFF /* UpdateReleaseScriptTests.swift */ = {isa = PBXFileReference; lastKnownFileType = sourcecode.swift; path = UpdateReleaseScriptTests.swift; sourceTree = "<group>"; };
		572DC6E9C68A567BE460ED2F /* MainWindowRoutingTests.swift */ = {isa = PBXFileReference; lastKnownFileType = sourcecode.swift; path = MainWindowRoutingTests.swift; sourceTree = "<group>"; };
		57C59BE7810BB3FA985BCA74 /* AXShortcutEvidenceReader.swift */ = {isa = PBXFileReference; lastKnownFileType = sourcecode.swift; path = AXShortcutEvidenceReader.swift; sourceTree = "<group>"; };
		58C85AC05704376F0356083E /* ScreenshotToolsService.swift */ = {isa = PBXFileReference; lastKnownFileType = sourcecode.swift; path = ScreenshotToolsService.swift; sourceTree = "<group>"; };
		5A6DD21B40DBBF07863F2539 /* NotificationChannel.swift */ = {isa = PBXFileReference; lastKnownFileType = sourcecode.swift; path = NotificationChannel.swift; sourceTree = "<group>"; };
		5E95566CA99E435438AFA108 /* KeyboardShortcutRegistry.swift */ = {isa = PBXFileReference; lastKnownFileType = sourcecode.swift; path = KeyboardShortcutRegistry.swift; sourceTree = "<group>"; };
		5FDAE3FD036C017D04992475 /* LICENSE.openai-whisper */ = {isa = PBXFileReference; path = "LICENSE.openai-whisper"; sourceTree = "<group>"; };
		60D14DA1027E52F5893FC446 /* GlobalShortcutCoordinator.swift */ = {isa = PBXFileReference; lastKnownFileType = sourcecode.swift; path = GlobalShortcutCoordinator.swift; sourceTree = "<group>"; };
		61FC3BA2A7FE322EF92FB290 /* AccessibilitySnapshotter.swift */ = {isa = PBXFileReference; lastKnownFileType = sourcecode.swift; path = AccessibilitySnapshotter.swift; sourceTree = "<group>"; };
		621ADF842978F483030F4A98 /* ClipboardHistoryService.swift */ = {isa = PBXFileReference; lastKnownFileType = sourcecode.swift; path = ClipboardHistoryService.swift; sourceTree = "<group>"; };
		646B03464775BFDA8FEB76C5 /* NotchCoachPresentationTests.swift */ = {isa = PBXFileReference; lastKnownFileType = sourcecode.swift; path = NotchCoachPresentationTests.swift; sourceTree = "<group>"; };
		6496418091377710D1C553EB /* StandardWindowControlTests.swift */ = {isa = PBXFileReference; lastKnownFileType = sourcecode.swift; path = StandardWindowControlTests.swift; sourceTree = "<group>"; };
		655FDDBD20D3B108B6CC84CD /* ApplicationUsageStore.swift */ = {isa = PBXFileReference; lastKnownFileType = sourcecode.swift; path = ApplicationUsageStore.swift; sourceTree = "<group>"; };
		67F7E0D610E42D0E55E94D1F /* NotificationDeliveryService.swift */ = {isa = PBXFileReference; lastKnownFileType = sourcecode.swift; path = NotificationDeliveryService.swift; sourceTree = "<group>"; };
		6B518401410853A3A68180C2 /* ScreenshotCaptureTests.swift */ = {isa = PBXFileReference; lastKnownFileType = sourcecode.swift; path = ScreenshotCaptureTests.swift; sourceTree = "<group>"; };
		6CF370D4AAE4252C8026A77E /* AppPresenceController.swift */ = {isa = PBXFileReference; lastKnownFileType = sourcecode.swift; path = AppPresenceController.swift; sourceTree = "<group>"; };
		6DD01BC4E67AC750F7DCB3E6 /* EntitlementsSourceTests.swift */ = {isa = PBXFileReference; lastKnownFileType = sourcecode.swift; path = EntitlementsSourceTests.swift; sourceTree = "<group>"; };
		6F476718EE4062D15AF818F5 /* UnitTestHost.swift */ = {isa = PBXFileReference; lastKnownFileType = sourcecode.swift; path = UnitTestHost.swift; sourceTree = "<group>"; };
		6F84D2C75C3619AC08893A51 /* PresentationWindowController.swift */ = {isa = PBXFileReference; lastKnownFileType = sourcecode.swift; path = PresentationWindowController.swift; sourceTree = "<group>"; };
		743638B35EF5149ECD4B72CE /* Keybumps.entitlements */ = {isa = PBXFileReference; lastKnownFileType = text.plist.entitlements; path = Keybumps.entitlements; sourceTree = "<group>"; };
		79A769F22A9F51BA885B76F1 /* DictationService.swift */ = {isa = PBXFileReference; lastKnownFileType = sourcecode.swift; path = DictationService.swift; sourceTree = "<group>"; };
		7C144E78DC41A2DF2C4FCA0C /* Assets.xcassets */ = {isa = PBXFileReference; lastKnownFileType = folder.assetcatalog; path = Assets.xcassets; sourceTree = "<group>"; };
		7D8898653639A2B580518571 /* QuickSearchService.swift */ = {isa = PBXFileReference; lastKnownFileType = sourcecode.swift; path = QuickSearchService.swift; sourceTree = "<group>"; };
		7FEE31E47A0F652B4E42CD60 /* RecentItemStore.swift */ = {isa = PBXFileReference; lastKnownFileType = sourcecode.swift; path = RecentItemStore.swift; sourceTree = "<group>"; };
		823E92CD42198870BE19775A /* KeybumpsTests.xctest */ = {isa = PBXFileReference; explicitFileType = wrapper.cfbundle; includeInIndex = 0; path = KeybumpsTests.xctest; sourceTree = BUILT_PRODUCTS_DIR; };
		82A74EE27B85AA3D9E80FB0F /* WindowManagementModule.swift */ = {isa = PBXFileReference; lastKnownFileType = sourcecode.swift; path = WindowManagementModule.swift; sourceTree = "<group>"; };
		8D99F0722FE7F7F683012428 /* QuickSearchModule.swift */ = {isa = PBXFileReference; lastKnownFileType = sourcecode.swift; path = QuickSearchModule.swift; sourceTree = "<group>"; };
		90063321A15E6192126FE5C0 /* DictationIndicatorController.swift */ = {isa = PBXFileReference; lastKnownFileType = sourcecode.swift; path = DictationIndicatorController.swift; sourceTree = "<group>"; };
		900FCF32F9541FA9168E58D6 /* ClipboardHistoryModule.swift */ = {isa = PBXFileReference; lastKnownFileType = sourcecode.swift; path = ClipboardHistoryModule.swift; sourceTree = "<group>"; };
		9198187F33359DFFA13F0C5D /* KeybumpsApp.swift */ = {isa = PBXFileReference; lastKnownFileType = sourcecode.swift; path = KeybumpsApp.swift; sourceTree = "<group>"; };
		93D393A41EEB1085BE3348CE /* UITestLaunchConfigurationTests.swift */ = {isa = PBXFileReference; lastKnownFileType = sourcecode.swift; path = UITestLaunchConfigurationTests.swift; sourceTree = "<group>"; };
		96B2E873B85F38F428D7E33E /* PointerEventMonitor.swift */ = {isa = PBXFileReference; lastKnownFileType = sourcecode.swift; path = PointerEventMonitor.swift; sourceTree = "<group>"; };
		97EC39D6B2BEB686F101C4A9 /* ScreenshotEditorTests.swift */ = {isa = PBXFileReference; lastKnownFileType = sourcecode.swift; path = ScreenshotEditorTests.swift; sourceTree = "<group>"; };
		997F4D090D8DCBF03DAFC78E /* ProductIdentity.swift */ = {isa = PBXFileReference; lastKnownFileType = sourcecode.swift; path = ProductIdentity.swift; sourceTree = "<group>"; };
		9A89EEB9E257B80261B8DB77 /* RaycastPaletteStyle.swift */ = {isa = PBXFileReference; lastKnownFileType = sourcecode.swift; path = RaycastPaletteStyle.swift; sourceTree = "<group>"; };
		A08E29668587A361DF1D41AC /* WindowAction.swift */ = {isa = PBXFileReference; lastKnownFileType = sourcecode.swift; path = WindowAction.swift; sourceTree = "<group>"; };
		A18BF5E21B6787A034888698 /* FinderTrashDetectionTests.swift */ = {isa = PBXFileReference; lastKnownFileType = sourcecode.swift; path = FinderTrashDetectionTests.swift; sourceTree = "<group>"; };
		A4D3540EC3F3F99A6E3B6274 /* RaycastSettingsStyle.swift */ = {isa = PBXFileReference; lastKnownFileType = sourcecode.swift; path = RaycastSettingsStyle.swift; sourceTree = "<group>"; };
		A660F126D44D431EBC8A7A20 /* LICENSE.shotnix */ = {isa = PBXFileReference; path = LICENSE.shotnix; sourceTree = "<group>"; };
		A8A06DB32A6304AE45706215 /* DictationAudioPlayer.swift */ = {isa = PBXFileReference; lastKnownFileType = sourcecode.swift; path = DictationAudioPlayer.swift; sourceTree = "<group>"; };
		A8B7E25C1D066158973E5A7F /* PresentationEvidenceTests.swift */ = {isa = PBXFileReference; lastKnownFileType = sourcecode.swift; path = PresentationEvidenceTests.swift; sourceTree = "<group>"; };
		ACD93213A966A5B227684C10 /* ChromeActionDetectionTests.swift */ = {isa = PBXFileReference; lastKnownFileType = sourcecode.swift; path = ChromeActionDetectionTests.swift; sourceTree = "<group>"; };
		AF01C9054488E9432E476309 /* ChromeActionAdapter.swift */ = {isa = PBXFileReference; lastKnownFileType = sourcecode.swift; path = ChromeActionAdapter.swift; sourceTree = "<group>"; };
		B1ED8E35E4A6E4E820AE1AFB /* FinderTrashMonitor.swift */ = {isa = PBXFileReference; lastKnownFileType = sourcecode.swift; path = FinderTrashMonitor.swift; sourceTree = "<group>"; };
		BE478E4BE9C1C339FAA86A04 /* chrome-153-tab-strip.json */ = {isa = PBXFileReference; lastKnownFileType = text.json; path = "chrome-153-tab-strip.json"; sourceTree = "<group>"; };
		C0E7B7D46F1D67D729594D6F /* ScreenshotToolsTests.swift */ = {isa = PBXFileReference; lastKnownFileType = sourcecode.swift; path = ScreenshotToolsTests.swift; sourceTree = "<group>"; };
		C13C5DD5F845097BB1BA796D /* UpdateController.swift */ = {isa = PBXFileReference; lastKnownFileType = sourcecode.swift; path = UpdateController.swift; sourceTree = "<group>"; };
		C2407E9D69CA5264F1B99A89 /* Keybumps-AppStore.entitlements */ = {isa = PBXFileReference; lastKnownFileType = text.plist.entitlements; path = "Keybumps-AppStore.entitlements"; sourceTree = "<group>"; };
		C31EA5B36802F222489865B5 /* WindowManagementService.swift */ = {isa = PBXFileReference; lastKnownFileType = sourcecode.swift; path = WindowManagementService.swift; sourceTree = "<group>"; };
		C58C75BA38A2AB150043D3EA /* PublicModelDownloadIntegrationTests.swift */ = {isa = PBXFileReference; lastKnownFileType = sourcecode.swift; path = PublicModelDownloadIntegrationTests.swift; sourceTree = "<group>"; };
		C5BF9D381E60300D7928A29E /* ManualActionDetector.swift */ = {isa = PBXFileReference; lastKnownFileType = sourcecode.swift; path = ManualActionDetector.swift; sourceTree = "<group>"; };
		C9636E42DE45DDFF11098A73 /* WindowGeometry.swift */ = {isa = PBXFileReference; lastKnownFileType = sourcecode.swift; path = WindowGeometry.swift; sourceTree = "<group>"; };
		C9D1462BF5CB236B53AD1B69 /* KeybumpsFeatureTests.swift */ = {isa = PBXFileReference; lastKnownFileType = sourcecode.swift; path = KeybumpsFeatureTests.swift; sourceTree = "<group>"; };
		CD492B963F2E1C378C206508 /* DictationWarmRuntimeBenchmarkTests.swift */ = {isa = PBXFileReference; lastKnownFileType = sourcecode.swift; path = DictationWarmRuntimeBenchmarkTests.swift; sourceTree = "<group>"; };
		CFB34CE86E16904D984C10A1 /* SettingsRootView.swift */ = {isa = PBXFileReference; lastKnownFileType = sourcecode.swift; path = SettingsRootView.swift; sourceTree = "<group>"; };
		D46E853B6F0195DE8D0C0031 /* WhisperKitCompletedAudioTranscriber.swift */ = {isa = PBXFileReference; lastKnownFileType = sourcecode.swift; path = WhisperKitCompletedAudioTranscriber.swift; sourceTree = "<group>"; };
		D547C96CB0A8C34AE6C8D05C /* ShortcutCatalog.swift */ = {isa = PBXFileReference; lastKnownFileType = sourcecode.swift; path = ShortcutCatalog.swift; sourceTree = "<group>"; };
		D5A7837F25296045EA5F5984 /* SmokeUITests.swift */ = {isa = PBXFileReference; lastKnownFileType = sourcecode.swift; path = SmokeUITests.swift; sourceTree = "<group>"; };
		DC9C29448CFAF723A5885A20 /* MenuInboxView.swift */ = {isa = PBXFileReference; lastKnownFileType = sourcecode.swift; path = MenuInboxView.swift; sourceTree = "<group>"; };
		DEED3BE59B403C1032BD4A4E /* ScreenshotAnnotationRenderer.swift */ = {isa = PBXFileReference; lastKnownFileType = sourcecode.swift; path = ScreenshotAnnotationRenderer.swift; sourceTree = "<group>"; };
		DFF0A12F7876C599C9C3433E /* issue-31-live-shortcuts.json */ = {isa = PBXFileReference; lastKnownFileType = text.json; path = "issue-31-live-shortcuts.json"; sourceTree = "<group>"; };
		E06540DC321A150343B3C752 /* TranslatedSpeechPlayer.swift */ = {isa = PBXFileReference; lastKnownFileType = sourcecode.swift; path = TranslatedSpeechPlayer.swift; sourceTree = "<group>"; };
		E157807C893115811A044F4A /* LICENSE.argmax-oss-swift */ = {isa = PBXFileReference; path = "LICENSE.argmax-oss-swift"; sourceTree = "<group>"; };
		E17017DC2EA54085B3C86D75 /* SparkleUpdateController.swift */ = {isa = PBXFileReference; lastKnownFileType = sourcecode.swift; path = SparkleUpdateController.swift; sourceTree = "<group>"; };
		E4E5DACAF82C804C00620C7F /* DictationHistoryView.swift */ = {isa = PBXFileReference; lastKnownFileType = sourcecode.swift; path = DictationHistoryView.swift; sourceTree = "<group>"; };
		E61586690B952F46EBCDED78 /* NOTICES.argmax-oss-swift */ = {isa = PBXFileReference; path = "NOTICES.argmax-oss-swift"; sourceTree = "<group>"; };
		EBBB83D782A2BF34F2C7854D /* WhisperKitModelDownloader.swift */ = {isa = PBXFileReference; lastKnownFileType = sourcecode.swift; path = WhisperKitModelDownloader.swift; sourceTree = "<group>"; };
		ECF5180228D1F28AB0362C61 /* SystemServices.swift */ = {isa = PBXFileReference; lastKnownFileType = sourcecode.swift; path = SystemServices.swift; sourceTree = "<group>"; };
		F200EDB123819788E9D6CE81 /* DictationPaletteResults.swift */ = {isa = PBXFileReference; lastKnownFileType = sourcecode.swift; path = DictationPaletteResults.swift; sourceTree = "<group>"; };
		F26EB5CBFC50DDF739E755BC /* InMemoryDefaults.swift */ = {isa = PBXFileReference; lastKnownFileType = sourcecode.swift; path = InMemoryDefaults.swift; sourceTree = "<group>"; };
		F3872107ED622E1702DAE730 /* finder-trash-captured-sanitized-trace.json */ = {isa = PBXFileReference; lastKnownFileType = text.json; path = "finder-trash-captured-sanitized-trace.json"; sourceTree = "<group>"; };
		F4CF4C25AF5BB1C66FD04278 /* CapabilityModuleTests.swift */ = {isa = PBXFileReference; lastKnownFileType = sourcecode.swift; path = CapabilityModuleTests.swift; sourceTree = "<group>"; };
		F61176BC5A52592CB08999D5 /* KeyboardShortcutterTests.swift */ = {isa = PBXFileReference; lastKnownFileType = sourcecode.swift; path = KeyboardShortcutterTests.swift; sourceTree = "<group>"; };
		F63DBB997EBF672EB4A1A306 /* ScreenshotToolsModule.swift */ = {isa = PBXFileReference; lastKnownFileType = sourcecode.swift; path = ScreenshotToolsModule.swift; sourceTree = "<group>"; };
		F948CF2A71F167EF581221DA /* NativeStatusItemController.swift */ = {isa = PBXFileReference; lastKnownFileType = sourcecode.swift; path = NativeStatusItemController.swift; sourceTree = "<group>"; };
		FE17DFA0D287D62711BA73C2 /* Info.plist */ = {isa = PBXFileReference; lastKnownFileType = text.plist; path = Info.plist; sourceTree = "<group>"; };
		FE7069286CA59628B99261C8 /* UITestComposition.swift */ = {isa = PBXFileReference; lastKnownFileType = sourcecode.swift; path = UITestComposition.swift; sourceTree = "<group>"; };
		FF5341E18161C5048290122F /* CoachingEvent.swift */ = {isa = PBXFileReference; lastKnownFileType = sourcecode.swift; path = CoachingEvent.swift; sourceTree = "<group>"; };
/* End PBXFileReference section */

/* Begin PBXFrameworksBuildPhase section */
		24CE05F3D0E70230042F6542 /* Frameworks */ = {
			isa = PBXFrameworksBuildPhase;
			buildActionMask = 2147483647;
			files = (
				397B0338C0A8428140BDE535 /* Sparkle in Frameworks */,
				CAF0D8445DF2139E92F3C873 /* WhisperKit in Frameworks */,
			);
			runOnlyForDeploymentPostprocessing = 0;
		};
/* End PBXFrameworksBuildPhase section */

/* Begin PBXGroup section */
		01C72AAF6FF0E919AB309D54 /* KeybumpsUITests */ = {
			isa = PBXGroup;
			children = (
				D5A7837F25296045EA5F5984 /* SmokeUITests.swift */,
			);
			path = KeybumpsUITests;
			sourceTree = "<group>";
		};
		05C8E0D38AB8DCFDF398F263 /* Detection */ = {
			isa = PBXGroup;
			children = (
				61FC3BA2A7FE322EF92FB290 /* AccessibilitySnapshotter.swift */,
				1125D0B1418C5EBF60FFBEBD /* ActionCorrelator.swift */,
				57C59BE7810BB3FA985BCA74 /* AXShortcutEvidenceReader.swift */,
				AF01C9054488E9432E476309 /* ChromeActionAdapter.swift */,
				B1ED8E35E4A6E4E820AE1AFB /* FinderTrashMonitor.swift */,
				C5BF9D381E60300D7928A29E /* ManualActionDetector.swift */,
				96B2E873B85F38F428D7E33E /* PointerEventMonitor.swift */,
				447B3311AE42A32A9FD01E03 /* StandardWindowControlMonitor.swift */,
			);
			path = Detection;
			sourceTree = "<group>";
		};
		0C1EE789247318181EA45F24 /* App */ = {
			isa = PBXGroup;
			children = (
				00E50394667FC5D2DE8B5333 /* AppDelegate.swift */,
				0ECDF1BD3B90804BF35BDC11 /* AppModel.swift */,
				9198187F33359DFFA13F0C5D /* KeybumpsApp.swift */,
				F948CF2A71F167EF581221DA /* NativeStatusItemController.swift */,
				FE7069286CA59628B99261C8 /* UITestComposition.swift */,
				02F54B359B085FDE3532F31E /* UITestLaunchConfiguration.swift */,
				6F476718EE4062D15AF818F5 /* UnitTestHost.swift */,
			);
			path = App;
			sourceTree = "<group>";
		};
		0E7778986CE26CDE8B64610D = {
			isa = PBXGroup;
			children = (
				E157807C893115811A044F4A /* LICENSE.argmax-oss-swift */,
				5FDAE3FD036C017D04992475 /* LICENSE.openai-whisper */,
				3FB67EE4BA86CA81A301871D /* LICENSE.rectangle */,
				A660F126D44D431EBC8A7A20 /* LICENSE.shotnix */,
				E61586690B952F46EBCDED78 /* NOTICES.argmax-oss-swift */,
				10ADA2E15706EB6242F989F3 /* Keybumps */,
				23064D186B9C35D4D0EA2A3E /* KeybumpsTests */,
				01C72AAF6FF0E919AB309D54 /* KeybumpsUITests */,
				8020E928811E8ED941846F8D /* Products */,
			);
			sourceTree = "<group>";
		};
		10ADA2E15706EB6242F989F3 /* Keybumps */ = {
			isa = PBXGroup;
			children = (
				0C1EE789247318181EA45F24 /* App */,
				64EFCB05DC4832011BFBB092 /* Capabilities */,
				7FFEC5D41739BD997D5CC761 /* Clipboard */,
				1317B9E0CBA43161CCF7E650 /* CommandPalette */,
				38027859DC5B7996DC828441 /* Delivery */,
				05C8E0D38AB8DCFDF398F263 /* Detection */,
				BCE24287CDFBC62010E9921E /* Dictation */,
				1C2873FDBF5FD973FF3E2809 /* Domain */,
				5B75BADB74A2FA44403F1B19 /* Infrastructure */,
				F84A100C7F15BBD0CA0E7B59 /* Permissions */,
				22D139DE7DF47178EB5EB2AA /* QuickSearch */,
				F90E6AAF76609E0D3777911B /* Resources */,
				1A1DDE105F8F582E1CA0C46E /* ScreenshotTools */,
				FBC9828AB939A3E2774979B9 /* Updates */,
				BE46ED0687B2F00EC4872DE9 /* Views */,
				BCED1EFDD3A834B21D622E7C /* WindowManagement */,
			);
			path = Keybumps;
			sourceTree = "<group>";
		};
		1317B9E0CBA43161CCF7E650 /* CommandPalette */ = {
			isa = PBXGroup;
			children = (
				4233CFB60FEF84F218977D48 /* CommandPaletteController.swift */,
				F200EDB123819788E9D6CE81 /* DictationPaletteResults.swift */,
				9A89EEB9E257B80261B8DB77 /* RaycastPaletteStyle.swift */,
			);
			path = CommandPalette;
			sourceTree = "<group>";
		};
		1A1DDE105F8F582E1CA0C46E /* ScreenshotTools */ = {
			isa = PBXGroup;
			children = (
				0DE45651B92E0DC8A3EB8BA3 /* ScreenshotCapture.swift */,
				58C85AC05704376F0356083E /* ScreenshotToolsService.swift */,
				79B0C0FEA3284AEC5D1F8B21 /* Editor */,
			);
			path = ScreenshotTools;
			sourceTree = "<group>";
		};
		1C2873FDBF5FD973FF3E2809 /* Domain */ = {
			isa = PBXGroup;
			children = (
				0C53D92EB611917B9E44212C /* Capability.swift */,
				FF5341E18161C5048290122F /* CoachingEvent.swift */,
				5E95566CA99E435438AFA108 /* KeyboardShortcutRegistry.swift */,
				5A6DD21B40DBBF07863F2539 /* NotificationChannel.swift */,
				D547C96CB0A8C34AE6C8D05C /* ShortcutCatalog.swift */,
			);
			path = Domain;
			sourceTree = "<group>";
		};
		22D139DE7DF47178EB5EB2AA /* QuickSearch */ = {
			isa = PBXGroup;
			children = (
				655FDDBD20D3B108B6CC84CD /* ApplicationUsageStore.swift */,
				7D8898653639A2B580518571 /* QuickSearchService.swift */,
				7FEE31E47A0F652B4E42CD60 /* RecentItemStore.swift */,
			);
			path = QuickSearch;
			sourceTree = "<group>";
		};
		23064D186B9C35D4D0EA2A3E /* KeybumpsTests */ = {
			isa = PBXGroup;
			children = (
				F4CF4C25AF5BB1C66FD04278 /* CapabilityModuleTests.swift */,
				25A41CB8D7FC4C900A758D77 /* CapabilityWiringSnapshotTests.swift */,
				ACD93213A966A5B227684C10 /* ChromeActionDetectionTests.swift */,
				CD492B963F2E1C378C206508 /* DictationWarmRuntimeBenchmarkTests.swift */,
				6DD01BC4E67AC750F7DCB3E6 /* EntitlementsSourceTests.swift */,
				A18BF5E21B6787A034888698 /* FinderTrashDetectionTests.swift */,
				F26EB5CBFC50DDF739E755BC /* InMemoryDefaults.swift */,
				33DCD9E725F517DA4D5BEE2E /* InMemoryDefaultsTests.swift */,
				F61176BC5A52592CB08999D5 /* KeyboardShortcutterTests.swift */,
				C9D1462BF5CB236B53AD1B69 /* KeybumpsFeatureTests.swift */,
				572DC6E9C68A567BE460ED2F /* MainWindowRoutingTests.swift */,
				1A364445928DF760A5349FFE /* MicrophonePermissionFlowTests.swift */,
				646B03464775BFDA8FEB76C5 /* NotchCoachPresentationTests.swift */,
				0F766FFB10FBF4B3FBE6504B /* OnboardingFlowTests.swift */,
				A8B7E25C1D066158973E5A7F /* PresentationEvidenceTests.swift */,
				C58C75BA38A2AB150043D3EA /* PublicModelDownloadIntegrationTests.swift */,
				523C2D07125B9545845933E3 /* QuitConfirmationTests.swift */,
				6B518401410853A3A68180C2 /* ScreenshotCaptureTests.swift */,
				97EC39D6B2BEB686F101C4A9 /* ScreenshotEditorTests.swift */,
				C0E7B7D46F1D67D729594D6F /* ScreenshotToolsTests.swift */,
				52EFF247943688DF74FDFBFD /* SettingsSidebarTests.swift */,
				6496418091377710D1C553EB /* StandardWindowControlTests.swift */,
				93D393A41EEB1085BE3348CE /* UITestLaunchConfigurationTests.swift */,
				44D821EC6664B978596FDDFD /* UnitTestHostTests.swift */,
				3F710416110B79E7BA260C96 /* UpdateControllerTests.swift */,
				54B168FD3BBC8DE647021EFF /* UpdateReleaseScriptTests.swift */,
				E5DBE0291391003CE7E8D960 /* Fixtures */,
			);
			path = KeybumpsTests;
			sourceTree = "<group>";
		};
		38027859DC5B7996DC828441 /* Delivery */ = {
			isa = PBXGroup;
			children = (
				67F7E0D610E42D0E55E94D1F /* NotificationDeliveryService.swift */,
				6F84D2C75C3619AC08893A51 /* PresentationWindowController.swift */,
				15DFFB4F5CBB2AC080E88C36 /* SystemChannelAdapters.swift */,
			);
			path = Delivery;
			sourceTree = "<group>";
		};
		5B75BADB74A2FA44403F1B19 /* Infrastructure */ = {
			isa = PBXGroup;
			children = (
				25220DE0BCB6C2B17E3322BD /* AppPreferences.swift */,
				6CF370D4AAE4252C8026A77E /* AppPresenceController.swift */,
				60D14DA1027E52F5893FC446 /* GlobalShortcutCoordinator.swift */,
				3FE3159CDD93E812D43C4592 /* InboxStore.swift */,
				997F4D090D8DCBF03DAFC78E /* ProductIdentity.swift */,
				3DF48890AB96ECDC791B1116 /* ProductPaths.swift */,
				ECF5180228D1F28AB0362C61 /* SystemServices.swift */,
			);
			path = Infrastructure;
			sourceTree = "<group>";
		};
		64EFCB05DC4832011BFBB092 /* Capabilities */ = {
			isa = PBXGroup;
			children = (
				11E1CD87EB93B65F4E866246 /* CapabilityModule.swift */,
				900FCF32F9541FA9168E58D6 /* ClipboardHistoryModule.swift */,
				3B4BA8C9DC06C5A5F708C9DC /* DictationModule.swift */,
				0DDA1A771CE7B3C3B0604583 /* KeyboardShortcutterModule.swift */,
				8D99F0722FE7F7F683012428 /* QuickSearchModule.swift */,
				F63DBB997EBF672EB4A1A306 /* ScreenshotToolsModule.swift */,
				82A74EE27B85AA3D9E80FB0F /* WindowManagementModule.swift */,
			);
			path = Capabilities;
			sourceTree = "<group>";
		};
		79B0C0FEA3284AEC5D1F8B21 /* Editor */ = {
			isa = PBXGroup;
			children = (
				124C5FD3D18E6E1D1EC3F91E /* ScreenshotAnnotation.swift */,
				DEED3BE59B403C1032BD4A4E /* ScreenshotAnnotationRenderer.swift */,
				4ED11089604722DD1AF16EAA /* ScreenshotEditorOutput.swift */,
				0CF1124EE4DF4E49757D9D27 /* ScreenshotEditorPresenter.swift */,
				3296278ACCFD1FEA1A0A40E8 /* ScreenshotEditorWindowController.swift */,
			);
			path = Editor;
			sourceTree = "<group>";
		};
		7FFEC5D41739BD997D5CC761 /* Clipboard */ = {
			isa = PBXGroup;
			children = (
				621ADF842978F483030F4A98 /* ClipboardHistoryService.swift */,
			);
			path = Clipboard;
			sourceTree = "<group>";
		};
		8020E928811E8ED941846F8D /* Products */ = {
			isa = PBXGroup;
			children = (
				1FD52164D0E4BEB3C625179B /* Keybumps.app */,
				823E92CD42198870BE19775A /* KeybumpsTests.xctest */,
				2B2F11C413514322A01BCD85 /* KeybumpsUITests.xctest */,
			);
			name = Products;
			sourceTree = "<group>";
		};
		AA58599891427F66671A3CD5 /* Updates */ = {
			isa = PBXGroup;
			children = (
				3BB76ED2E173127B8361F2B8 /* appcast.xml */,
				3EF5ED7D3614F5E7E907D83B /* fixture.md */,
				323E102DD6374B05A2E71420 /* fixture.zip */,
			);
			path = Updates;
			sourceTree = "<group>";
		};
		BCE24287CDFBC62010E9921E /* Dictation */ = {
			isa = PBXGroup;
			children = (
				16C81595BD6B459829442011 /* CompletedAudioTranscriber.swift */,
				A8A06DB32A6304AE45706215 /* DictationAudioPlayer.swift */,
				509645F9F339E06AC1E564CE /* DictationHistoryService.swift */,
				90063321A15E6192126FE5C0 /* DictationIndicatorController.swift */,
				449F73AF218FC186E0DBA248 /* DictationModelManager.swift */,
				79A769F22A9F51BA885B76F1 /* DictationService.swift */,
				093E9573AD23AF63BB1C065C /* DictationTranscriptionEngine.swift */,
				E06540DC321A150343B3C752 /* TranslatedSpeechPlayer.swift */,
				D46E853B6F0195DE8D0C0031 /* WhisperKitCompletedAudioTranscriber.swift */,
				EBBB83D782A2BF34F2C7854D /* WhisperKitModelDownloader.swift */,
			);
			path = Dictation;
			sourceTree = "<group>";
		};
		BCED1EFDD3A834B21D622E7C /* WindowManagement */ = {
			isa = PBXGroup;
			children = (
				A08E29668587A361DF1D41AC /* WindowAction.swift */,
				C9636E42DE45DDFF11098A73 /* WindowGeometry.swift */,
				C31EA5B36802F222489865B5 /* WindowManagementService.swift */,
			);
			path = WindowManagement;
			sourceTree = "<group>";
		};
		BE46ED0687B2F00EC4872DE9 /* Views */ = {
			isa = PBXGroup;
			children = (
				E4E5DACAF82C804C00620C7F /* DictationHistoryView.swift */,
				DC9C29448CFAF723A5885A20 /* MenuInboxView.swift */,
				A4D3540EC3F3F99A6E3B6274 /* RaycastSettingsStyle.swift */,
				CFB34CE86E16904D984C10A1 /* SettingsRootView.swift */,
				059D55AF379C93A1EABF75A1 /* SharedViews.swift */,
			);
			path = Views;
			sourceTree = "<group>";
		};
		C22FF08589D7025A7D25134B /* KeyboardShortcutter */ = {
			isa = PBXGroup;
			children = (
				0A1892ED7941254B63C36A71 /* chrome-153-settings-failing-trace.json */,
				BE478E4BE9C1C339FAA86A04 /* chrome-153-tab-strip.json */,
				3B4BE38E7AF2268494DAE9E2 /* chrome-green-captured-sanitized-trace.json */,
				F3872107ED622E1702DAE730 /* finder-trash-captured-sanitized-trace.json */,
				DFF0A12F7876C599C9C3433E /* issue-31-live-shortcuts.json */,
			);
			path = KeyboardShortcutter;
			sourceTree = "<group>";
		};
		E5DBE0291391003CE7E8D960 /* Fixtures */ = {
			isa = PBXGroup;
			children = (
				45549BC73E12559150FDA88F /* capability-wiring.json */,
				C22FF08589D7025A7D25134B /* KeyboardShortcutter */,
				AA58599891427F66671A3CD5 /* Updates */,
			);
			path = Fixtures;
			sourceTree = "<group>";
		};
		F84A100C7F15BBD0CA0E7B59 /* Permissions */ = {
			isa = PBXGroup;
			children = (
				422C99CA7690E5E2FCDA940B /* PermissionDragAssistantController.swift */,
			);
			path = Permissions;
			sourceTree = "<group>";
		};
		F90E6AAF76609E0D3777911B /* Resources */ = {
			isa = PBXGroup;
			children = (
				7C144E78DC41A2DF2C4FCA0C /* Assets.xcassets */,
				FE17DFA0D287D62711BA73C2 /* Info.plist */,
				C2407E9D69CA5264F1B99A89 /* Keybumps-AppStore.entitlements */,
				743638B35EF5149ECD4B72CE /* Keybumps.entitlements */,
			);
			path = Resources;
			sourceTree = "<group>";
		};
		FBC9828AB939A3E2774979B9 /* Updates */ = {
			isa = PBXGroup;
			children = (
				E17017DC2EA54085B3C86D75 /* SparkleUpdateController.swift */,
				C13C5DD5F845097BB1BA796D /* UpdateController.swift */,
			);
			path = Updates;
			sourceTree = "<group>";
		};
/* End PBXGroup section */

/* Begin PBXNativeTarget section */
		16EA3C6D651A8AAA3A2782B1 /* Keybumps */ = {
			isa = PBXNativeTarget;
			buildConfigurationList = 83ED1FEC0498672294CAE2E2 /* Build configuration list for PBXNativeTarget "Keybumps" */;
			buildPhases = (
				49DA0DF487740720142DDCD6 /* Validate Keybumps release configuration */,
				5DDC946BDE8BD0352EA7CF7B /* Sources */,
				A2D5E4A89A5E4E8D2261929C /* Resources */,
				24CE05F3D0E70230042F6542 /* Frameworks */,
			);
			buildRules = (
			);
			dependencies = (
			);
			name = Keybumps;
			packageProductDependencies = (
				4180293288B6BA15C922987B /* Sparkle */,
				B51FAB2B198D5DDDE9DB256B /* WhisperKit */,
			);
			productName = Keybumps;
			productReference = 1FD52164D0E4BEB3C625179B /* Keybumps.app */;
			productType = "com.apple.product-type.application";
		};
		3356307D476DF647068D33C8 /* KeybumpsTests */ = {
			isa = PBXNativeTarget;
			buildConfigurationList = 15C7A24238C4E411283A186A /* Build configuration list for PBXNativeTarget "KeybumpsTests" */;
			buildPhases = (
				E9A6891800D34554C24E8DC4 /* Sources */,
				A1AE0FF7A15F6187979DB2A2 /* Resources */,
			);
			buildRules = (
			);
			dependencies = (
				A7734D201F848040ADC635D6 /* PBXTargetDependency */,
			);
			name = KeybumpsTests;
			packageProductDependencies = (
			);
			productName = KeybumpsTests;
			productReference = 823E92CD42198870BE19775A /* KeybumpsTests.xctest */;
			productType = "com.apple.product-type.bundle.unit-test";
		};
		F4E6E2BFC7CC1DD1C3C50FD8 /* KeybumpsUITests */ = {
			isa = PBXNativeTarget;
			buildConfigurationList = 40E14BDF4DF6A7A75DF563B9 /* Build configuration list for PBXNativeTarget "KeybumpsUITests" */;
			buildPhases = (
				EEAAE4B6AFD8DA6C33218155 /* Sources */,
			);
			buildRules = (
			);
			dependencies = (
				DF8347ADC56FD8D640B16FD5 /* PBXTargetDependency */,
			);
			name = KeybumpsUITests;
			packageProductDependencies = (
			);
			productName = KeybumpsUITests;
			productReference = 2B2F11C413514322A01BCD85 /* KeybumpsUITests.xctest */;
			productType = "com.apple.product-type.bundle.ui-testing";
		};
/* End PBXNativeTarget section */

/* Begin PBXProject section */
		28E15429764BA5F28DAA3D0E /* Project object */ = {
			isa = PBXProject;
			attributes = {
				BuildIndependentTargetsInParallel = YES;
				LastUpgradeCheck = 1430;
				TargetAttributes = {
					16EA3C6D651A8AAA3A2782B1 = {
						DevelopmentTeam = 847HR8U8D9;
						ProvisioningStyle = Automatic;
					};
					3356307D476DF647068D33C8 = {
						DevelopmentTeam = 847HR8U8D9;
						ProvisioningStyle = Automatic;
					};
					F4E6E2BFC7CC1DD1C3C50FD8 = {
						DevelopmentTeam = 847HR8U8D9;
						ProvisioningStyle = Automatic;
						TestTargetID = 16EA3C6D651A8AAA3A2782B1;
					};
				};
			};
			buildConfigurationList = 95819173BD65B6C3408FA756 /* Build configuration list for PBXProject "Keybumps" */;
			compatibilityVersion = "Xcode 14.0";
			developmentRegion = en;
			hasScannedForEncodings = 0;
			knownRegions = (
				Base,
				en,
			);
			mainGroup = 0E7778986CE26CDE8B64610D;
			minimizedProjectReferenceProxies = 1;
			packageReferences = (
				5751A8D569E73477D958B211 /* XCRemoteSwiftPackageReference "argmax-oss-swift" */,
				68EF14751C0BC7F6B784AC67 /* XCRemoteSwiftPackageReference "Sparkle" */,
			);
			preferredProjectObjectVersion = 77;
			projectDirPath = "";
			projectRoot = "";
			targets = (
				16EA3C6D651A8AAA3A2782B1 /* Keybumps */,
				3356307D476DF647068D33C8 /* KeybumpsTests */,
				F4E6E2BFC7CC1DD1C3C50FD8 /* KeybumpsUITests */,
			);
		};
/* End PBXProject section */

/* Begin PBXResourcesBuildPhase section */
		A1AE0FF7A15F6187979DB2A2 /* Resources */ = {
			isa = PBXResourcesBuildPhase;
			buildActionMask = 2147483647;
			files = (
				FD8E7DB4FEB1D67D4B46E1AD /* appcast.xml in Resources */,
				B37B58EE507CB1B903B64210 /* capability-wiring.json in Resources */,
				9B257E66334EE5FE93531EAE /* chrome-153-settings-failing-trace.json in Resources */,
				09B8968F01A240BDA9CF5212 /* chrome-153-tab-strip.json in Resources */,
				84156585EA619D8BBFB145F3 /* chrome-green-captured-sanitized-trace.json in Resources */,
				1B97ED234F1E2A347068FC1F /* finder-trash-captured-sanitized-trace.json in Resources */,
				F43F37F847B4D894E2B90B57 /* fixture.md in Resources */,
				906AF4F5B61D66F206EBD737 /* fixture.zip in Resources */,
				D4D345A2AFE81AD61B274909 /* issue-31-live-shortcuts.json in Resources */,
			);
			runOnlyForDeploymentPostprocessing = 0;
		};
		A2D5E4A89A5E4E8D2261929C /* Resources */ = {
			isa = PBXResourcesBuildPhase;
			buildActionMask = 2147483647;
			files = (
				9F11C1F5817C7DE04228CEF8 /* Assets.xcassets in Resources */,
				CBC867F62D30E8C568A35C78 /* LICENSE.argmax-oss-swift in Resources */,
				197955C758CB29FF6F4DCA14 /* LICENSE.openai-whisper in Resources */,
				C49099D24923B8A7C3627B9F /* LICENSE.rectangle in Resources */,
				91F074E383122DC99C8BF05C /* LICENSE.shotnix in Resources */,
				0CE65D6BB1349F12A293FD9D /* NOTICES.argmax-oss-swift in Resources */,
			);
			runOnlyForDeploymentPostprocessing = 0;
		};
/* End PBXResourcesBuildPhase section */

/* Begin PBXShellScriptBuildPhase section */
		49DA0DF487740720142DDCD6 /* Validate Keybumps release configuration */ = {
			isa = PBXShellScriptBuildPhase;
			buildActionMask = 2147483647;
			files = (
			);
			inputFileListPaths = (
			);
			inputPaths = (
			);
			name = "Validate Keybumps release configuration";
			outputFileListPaths = (
			);
			outputPaths = (
			);
			runOnlyForDeploymentPostprocessing = 0;
			shellPath = /bin/sh;
			shellScript = "if [ \"$CONFIGURATION\" = \"Release\" ]; then\n  if /usr/bin/env | /usr/bin/grep -q '^SUPERMAC_'; then\n    echo \"error: legacy SUPERMAC_* release variables are forbidden\"\n    exit 1\n  fi\n  case \"$KEYBUMPS_UPDATE_FEED_URL\" in\n    \"https://updates.keybumps.app/appcast.xml\"|\"https://updates.keybumps.app/staging/appcast.xml\") ;;\n    *) echo \"error: KEYBUMPS_UPDATE_FEED_URL must be a canonical Keybumps feed\"; exit 1 ;;\n  esac\n  if [ -z \"$KEYBUMPS_UPDATE_PUBLIC_KEY\" ]; then\n    echo \"error: KEYBUMPS_UPDATE_PUBLIC_KEY is required for Release builds\"\n    exit 1\n  fi\nfi\n";
		};
/* End PBXShellScriptBuildPhase section */

/* Begin PBXSourcesBuildPhase section */
		5DDC946BDE8BD0352EA7CF7B /* Sources */ = {
			isa = PBXSourcesBuildPhase;
			buildActionMask = 2147483647;
			files = (
				E38A15BF69E728B9C3142E0A /* AXShortcutEvidenceReader.swift in Sources */,
				1A1112634F9877A12C8E3B19 /* AccessibilitySnapshotter.swift in Sources */,
				35D76276DAD2370A13E37108 /* ActionCorrelator.swift in Sources */,
				FEE8BAB393C914FFECD752A3 /* AppDelegate.swift in Sources */,
				0995B7DD6F2FBCEF958946B3 /* AppModel.swift in Sources */,
				7C5C620EDEABCBCF01BA1DE3 /* AppPreferences.swift in Sources */,
				C6B99BA39BBA147D692C0FCB /* AppPresenceController.swift in Sources */,
				924524C9291A150C1ED22EAA /* ApplicationUsageStore.swift in Sources */,
				DC5D1578C1100C5D5B0471DC /* Capability.swift in Sources */,
				21132F8335F6C4863D5A56D4 /* CapabilityModule.swift in Sources */,
				B8AD9EB09F7831E8226756F2 /* ChromeActionAdapter.swift in Sources */,
				056730D3FDC7666D9EDAAB12 /* ClipboardHistoryModule.swift in Sources */,
				EC784D4AB4204072FEBCC20F /* ClipboardHistoryService.swift in Sources */,
				6740877430246CD1F8A8C0BB /* CoachingEvent.swift in Sources */,
				081AFAA9F4E7DE329219A302 /* CommandPaletteController.swift in Sources */,
				36234F90E23764E2A39CAF58 /* CompletedAudioTranscriber.swift in Sources */,
				098879181087D6A890F705C8 /* DictationAudioPlayer.swift in Sources */,
				780135D18A3D6C288C8DC1DD /* DictationHistoryService.swift in Sources */,
				CC9C3B70B132461EB151193B /* DictationHistoryView.swift in Sources */,
				356E7F675BBAF3C664BF0C0F /* DictationIndicatorController.swift in Sources */,
				91832B187D1AA878C0BF6F02 /* DictationModelManager.swift in Sources */,
				D09441341EE399D39BA7C44D /* DictationModule.swift in Sources */,
				27809D43FBCF8B6211FD5C6B /* DictationPaletteResults.swift in Sources */,
				30969CFBA6428F79100205AF /* DictationService.swift in Sources */,
				6A9CD25220129616C6F0A833 /* DictationTranscriptionEngine.swift in Sources */,
				1E04F88877CBBFF7AA7D654C /* FinderTrashMonitor.swift in Sources */,
				85868CCFFF8CE1C0294CBE42 /* GlobalShortcutCoordinator.swift in Sources */,
				72889304501A8474A7F08269 /* InboxStore.swift in Sources */,
				484DBF61BC6DF412A9518239 /* KeyboardShortcutRegistry.swift in Sources */,
				F34A7B20573886FC87B08A00 /* KeyboardShortcutterModule.swift in Sources */,
				E78F2836D4E83FAE88C6F9BB /* KeybumpsApp.swift in Sources */,
				C7BA0E484216B7DE0A03D3BC /* ManualActionDetector.swift in Sources */,
				969668521B3A2F95CAD252BB /* MenuInboxView.swift in Sources */,
				55A5331995F3491EB22E185E /* NativeStatusItemController.swift in Sources */,
				15CE81C4A605AA2A6004C832 /* NotificationChannel.swift in Sources */,
				CC7CDD51F06A873ACBE309A6 /* NotificationDeliveryService.swift in Sources */,
				29A806FF7731D3D920AB80E7 /* PermissionDragAssistantController.swift in Sources */,
				66D4AA5C1B1F31493509DD84 /* PointerEventMonitor.swift in Sources */,
				898609FBD52337225953DE11 /* PresentationWindowController.swift in Sources */,
				80EBAD50A5F6E554E63A4CC4 /* ProductIdentity.swift in Sources */,
				AF01C1FEA6DFAC71142B7305 /* ProductPaths.swift in Sources */,
				C623D61D79119BDCDA584A86 /* QuickSearchModule.swift in Sources */,
				0F5B463A70383784E45A5ED2 /* QuickSearchService.swift in Sources */,
				F6DA5B8D9EFA0F42F3743ABC /* RaycastPaletteStyle.swift in Sources */,
				4F3E2FE9F33B1CF0F9DA36F1 /* RaycastSettingsStyle.swift in Sources */,
				FB1EF3A045635D619E187E8D /* RecentItemStore.swift in Sources */,
				E997BE984EF0D51BCBF3B621 /* ScreenshotAnnotation.swift in Sources */,
				AC51777E49844030C638FFDB /* ScreenshotAnnotationRenderer.swift in Sources */,
				B3F274083A2B748371F28BE5 /* ScreenshotCapture.swift in Sources */,
				D1C09CEE81345C5ED1AA79A3 /* ScreenshotEditorOutput.swift in Sources */,
				F07389A5D6D2F0D10F7D5973 /* ScreenshotEditorPresenter.swift in Sources */,
				5F92BF267D5EC598B24938B6 /* ScreenshotEditorWindowController.swift in Sources */,
				CEF4D7A2BA651266C866FFE6 /* ScreenshotToolsModule.swift in Sources */,
				69D9ACEE4E0642D8CB042CD8 /* ScreenshotToolsService.swift in Sources */,
				D071D645E3CFD0351F3E11C5 /* SettingsRootView.swift in Sources */,
				8FD80A923E357790F894A93C /* SharedViews.swift in Sources */,
				FF97CDE8A3490AA04F8B76B0 /* ShortcutCatalog.swift in Sources */,
				B8EF53C6A451D2E475070D85 /* SparkleUpdateController.swift in Sources */,
				B276B1127A353841F9623DE6 /* StandardWindowControlMonitor.swift in Sources */,
				53CFFCB76A3C8CA8E3926704 /* SystemChannelAdapters.swift in Sources */,
				9198579854CC8F0979A2D87D /* SystemServices.swift in Sources */,
				D6A968F55CA67D1A1BB90941 /* TranslatedSpeechPlayer.swift in Sources */,
				3CBB221A72D042879FC74D1F /* UITestComposition.swift in Sources */,
				9734A54C9861F9F4935CCB1A /* UITestLaunchConfiguration.swift in Sources */,
				3DE0285ABEBA4DBB8627DD25 /* UnitTestHost.swift in Sources */,
				952BFAC50F37CBE088DC6D6F /* UpdateController.swift in Sources */,
				DABB2A6E562093C2FD0213E6 /* WhisperKitCompletedAudioTranscriber.swift in Sources */,
				105F1C13F817F48FC866DF69 /* WhisperKitModelDownloader.swift in Sources */,
				58CCB0AF49FFC5BA0289F8C1 /* WindowAction.swift in Sources */,
				3059D8E4728CF39B1A21420A /* WindowGeometry.swift in Sources */,
				161A262BE3EB96DB9C2DAB51 /* WindowManagementModule.swift in Sources */,
				EE5DCEFB09728CECFDE914B0 /* WindowManagementService.swift in Sources */,
			);
			runOnlyForDeploymentPostprocessing = 0;
		};
		E9A6891800D34554C24E8DC4 /* Sources */ = {
			isa = PBXSourcesBuildPhase;
			buildActionMask = 2147483647;
			files = (
				5F96C75796624830BBC5D74B /* CapabilityModuleTests.swift in Sources */,
				461C72FC39D0F9EF0F02F1B5 /* CapabilityWiringSnapshotTests.swift in Sources */,
				168EB2F837DEC3518377B4C2 /* ChromeActionDetectionTests.swift in Sources */,
				713E9A8F6D1DC841FE032B7B /* DictationWarmRuntimeBenchmarkTests.swift in Sources */,
				8FDF0BF1D3FEF7336E60D22B /* EntitlementsSourceTests.swift in Sources */,
				5D29894075C352B646141A29 /* FinderTrashDetectionTests.swift in Sources */,
				8D12A7B05C292CF6905EB8D7 /* InMemoryDefaults.swift in Sources */,
				FB7D39975763A7647595CBBF /* InMemoryDefaultsTests.swift in Sources */,
				331F72AEC4344E569F6BEB91 /* KeyboardShortcutterTests.swift in Sources */,
				EFDCF1CF3AEFE100555404D9 /* KeybumpsFeatureTests.swift in Sources */,
				2AEDDDA2780DAD6306D3212D /* MainWindowRoutingTests.swift in Sources */,
				DEBF5A3933E405A4EB8A14A5 /* MicrophonePermissionFlowTests.swift in Sources */,
				5E51F935BD57750EB95442A7 /* NotchCoachPresentationTests.swift in Sources */,
				1C16C591081A70B947AD1444 /* OnboardingFlowTests.swift in Sources */,
				E81A9BD91DF71EE3A5BA0064 /* PresentationEvidenceTests.swift in Sources */,
				ED773D1D56F424D545A9379E /* PublicModelDownloadIntegrationTests.swift in Sources */,
				58DF94D7D131F11A8D5D15F0 /* QuitConfirmationTests.swift in Sources */,
				A16D2BF906A9A5E577CCD9DA /* ScreenshotCaptureTests.swift in Sources */,
				4484A3EEE07C1E235F2E433F /* ScreenshotEditorTests.swift in Sources */,
				08CD04A3227F0212590B40CA /* ScreenshotToolsTests.swift in Sources */,
				07A73572B424F72C67920D5E /* SettingsSidebarTests.swift in Sources */,
				0A2691072FFA6F40A5F31531 /* StandardWindowControlTests.swift in Sources */,
				5FE963A695D02FA354BB3D5E /* UITestLaunchConfigurationTests.swift in Sources */,
				011D4C30FD4FF1168AD3B32B /* UnitTestHostTests.swift in Sources */,
				F2C72DC369FD3FDD4586E311 /* UpdateControllerTests.swift in Sources */,
				98D0993E91F7EFD2B0E346D1 /* UpdateReleaseScriptTests.swift in Sources */,
			);
			runOnlyForDeploymentPostprocessing = 0;
		};
		EEAAE4B6AFD8DA6C33218155 /* Sources */ = {
			isa = PBXSourcesBuildPhase;
			buildActionMask = 2147483647;
			files = (
				7CE0B6A945403834D41BBF7E /* SmokeUITests.swift in Sources */,
			);
			runOnlyForDeploymentPostprocessing = 0;
		};
/* End PBXSourcesBuildPhase section */

/* Begin PBXTargetDependency section */
		A7734D201F848040ADC635D6 /* PBXTargetDependency */ = {
			isa = PBXTargetDependency;
			target = 16EA3C6D651A8AAA3A2782B1 /* Keybumps */;
			targetProxy = 07F06C50136DD628F45195F1 /* PBXContainerItemProxy */;
		};
		DF8347ADC56FD8D640B16FD5 /* PBXTargetDependency */ = {
			isa = PBXTargetDependency;
			target = 16EA3C6D651A8AAA3A2782B1 /* Keybumps */;
			targetProxy = FBA11C430204E2112E701681 /* PBXContainerItemProxy */;
		};
/* End PBXTargetDependency section */

/* Begin XCBuildConfiguration section */
		0523C655CAE105E77DB92080 /* Release */ = {
			isa = XCBuildConfiguration;
			buildSettings = {
				BUNDLE_LOADER = "$(TEST_HOST)";
				CODE_SIGN_STYLE = Automatic;
				COMBINE_HIDPI_IMAGES = YES;
				DEVELOPMENT_TEAM = 847HR8U8D9;
				GENERATE_INFOPLIST_FILE = YES;
				LD_RUNPATH_SEARCH_PATHS = (
					"$(inherited)",
					"@executable_path/Frameworks",
					"@loader_path/Frameworks",
				);
				PRODUCT_BUNDLE_IDENTIFIER = com.serp.keybumps.uitests;
				SDKROOT = macosx;
				TEST_TARGET_NAME = Keybumps;
			};
			name = Release;
		};
		3981E3FBB1845BFAB4CDC8D4 /* Release */ = {
			isa = XCBuildConfiguration;
			buildSettings = {
				BUNDLE_LOADER = "$(TEST_HOST)";
				CODE_SIGN_STYLE = Automatic;
				COMBINE_HIDPI_IMAGES = YES;
				DEVELOPMENT_TEAM = 847HR8U8D9;
				GENERATE_INFOPLIST_FILE = YES;
				LD_RUNPATH_SEARCH_PATHS = (
					"$(inherited)",
					"@executable_path/../Frameworks",
					"@loader_path/../Frameworks",
				);
				PRODUCT_BUNDLE_IDENTIFIER = com.serp.keybumps.tests;
				SDKROOT = macosx;
				TEST_HOST = "$(BUILT_PRODUCTS_DIR)/Keybumps.app/Contents/MacOS/Keybumps";
			};
			name = Release;
		};
		43ED80E7825CC050B41BCE05 /* Debug */ = {
			isa = XCBuildConfiguration;
			buildSettings = {
				ASSETCATALOG_COMPILER_APPICON_NAME = AppIcon;
				CODE_SIGN_ENTITLEMENTS = Keybumps/Resources/Keybumps.entitlements;
				CODE_SIGN_STYLE = Automatic;
				COMBINE_HIDPI_IMAGES = YES;
				DEVELOPMENT_TEAM = 847HR8U8D9;
				ENABLE_APP_SANDBOX = NO;
				EXECUTABLE_NAME = Keybumps;
				GENERATE_INFOPLIST_FILE = NO;
				INFOPLIST_FILE = Keybumps/Resources/Info.plist;
				LD_RUNPATH_SEARCH_PATHS = (
					"$(inherited)",
					"@executable_path/../Frameworks",
				);
				PRODUCT_BUNDLE_IDENTIFIER = com.serp.keybumps;
				PRODUCT_MODULE_NAME = Keybumps;
				PRODUCT_NAME = Keybumps;
				SDKROOT = macosx;
			};
			name = Debug;
		};
		71052521015345A77A027496 /* Debug */ = {
			isa = XCBuildConfiguration;
			buildSettings = {
				BUNDLE_LOADER = "$(TEST_HOST)";
				CODE_SIGN_STYLE = Automatic;
				COMBINE_HIDPI_IMAGES = YES;
				DEVELOPMENT_TEAM = 847HR8U8D9;
				GENERATE_INFOPLIST_FILE = YES;
				LD_RUNPATH_SEARCH_PATHS = (
					"$(inherited)",
					"@executable_path/../Frameworks",
					"@loader_path/../Frameworks",
				);
				PRODUCT_BUNDLE_IDENTIFIER = com.serp.keybumps.tests;
				SDKROOT = macosx;
				TEST_HOST = "$(BUILT_PRODUCTS_DIR)/Keybumps.app/Contents/MacOS/Keybumps";
			};
			name = Debug;
		};
		82808FACFA8D3B419B580773 /* Debug */ = {
			isa = XCBuildConfiguration;
			buildSettings = {
				ALWAYS_SEARCH_USER_PATHS = NO;
				ARCHS = arm64;
				CLANG_ANALYZER_NONNULL = YES;
				CLANG_ANALYZER_NUMBER_OBJECT_CONVERSION = YES_AGGRESSIVE;
				CLANG_CXX_LANGUAGE_STANDARD = "gnu++14";
				CLANG_CXX_LIBRARY = "libc++";
				CLANG_ENABLE_MODULES = YES;
				CLANG_ENABLE_OBJC_ARC = YES;
				CLANG_ENABLE_OBJC_WEAK = YES;
				CLANG_WARN_BLOCK_CAPTURE_AUTORELEASING = YES;
				CLANG_WARN_BOOL_CONVERSION = YES;
				CLANG_WARN_COMMA = YES;
				CLANG_WARN_CONSTANT_CONVERSION = YES;
				CLANG_WARN_DEPRECATED_OBJC_IMPLEMENTATIONS = YES;
				CLANG_WARN_DIRECT_OBJC_ISA_USAGE = YES_ERROR;
				CLANG_WARN_DOCUMENTATION_COMMENTS = YES;
				CLANG_WARN_EMPTY_BODY = YES;
				CLANG_WARN_ENUM_CONVERSION = YES;
				CLANG_WARN_INFINITE_RECURSION = YES;
				CLANG_WARN_INT_CONVERSION = YES;
				CLANG_WARN_NON_LITERAL_NULL_CONVERSION = YES;
				CLANG_WARN_OBJC_IMPLICIT_RETAIN_SELF = YES;
				CLANG_WARN_OBJC_LITERAL_CONVERSION = YES;
				CLANG_WARN_OBJC_ROOT_CLASS = YES_ERROR;
				CLANG_WARN_QUOTED_INCLUDE_IN_FRAMEWORK_HEADER = YES;
				CLANG_WARN_RANGE_LOOP_ANALYSIS = YES;
				CLANG_WARN_STRICT_PROTOTYPES = YES;
				CLANG_WARN_SUSPICIOUS_MOVE = YES;
				CLANG_WARN_UNGUARDED_AVAILABILITY = YES_AGGRESSIVE;
				CLANG_WARN_UNREACHABLE_CODE = YES;
				CLANG_WARN__DUPLICATE_METHOD_MATCH = YES;
				COPY_PHASE_STRIP = NO;
				CURRENT_PROJECT_VERSION = 2;
				DEBUG_INFORMATION_FORMAT = dwarf;
				ENABLE_HARDENED_RUNTIME = YES;
				ENABLE_STRICT_OBJC_MSGSEND = YES;
				ENABLE_TESTABILITY = YES;
				GCC_C_LANGUAGE_STANDARD = gnu11;
				GCC_DYNAMIC_NO_PIC = NO;
				GCC_NO_COMMON_BLOCKS = YES;
				GCC_OPTIMIZATION_LEVEL = 0;
				GCC_PREPROCESSOR_DEFINITIONS = (
					"$(inherited)",
					"DEBUG=1",
				);
				GCC_WARN_64_TO_32_BIT_CONVERSION = YES;
				GCC_WARN_ABOUT_RETURN_TYPE = YES_ERROR;
				GCC_WARN_UNDECLARED_SELECTOR = YES;
				GCC_WARN_UNINITIALIZED_AUTOS = YES_AGGRESSIVE;
				GCC_WARN_UNUSED_FUNCTION = YES;
				GCC_WARN_UNUSED_VARIABLE = YES;
				KEYBUMPS_UPDATE_FEED_URL = "";
				KEYBUMPS_UPDATE_PUBLIC_KEY = "";
				MACOSX_DEPLOYMENT_TARGET = 14.2;
				MARKETING_VERSION = 0.0.2;
				MTL_ENABLE_DEBUG_INFO = INCLUDE_SOURCE;
				MTL_FAST_MATH = YES;
				ONLY_ACTIVE_ARCH = YES;
				PRODUCT_NAME = "$(TARGET_NAME)";
				SDKROOT = macosx;
				SWIFT_ACTIVE_COMPILATION_CONDITIONS = DEBUG;
				SWIFT_OPTIMIZATION_LEVEL = "-Onone";
				SWIFT_VERSION = 5.10;
			};
			name = Debug;
		};
		A5D37A6A946D950BD7F0B883 /* Release */ = {
			isa = XCBuildConfiguration;
			buildSettings = {
				ASSETCATALOG_COMPILER_APPICON_NAME = AppIcon;
				CODE_SIGN_ENTITLEMENTS = Keybumps/Resources/Keybumps.entitlements;
				CODE_SIGN_STYLE = Automatic;
				COMBINE_HIDPI_IMAGES = YES;
				DEVELOPMENT_TEAM = 847HR8U8D9;
				ENABLE_APP_SANDBOX = NO;
				EXECUTABLE_NAME = Keybumps;
				GENERATE_INFOPLIST_FILE = NO;
				INFOPLIST_FILE = Keybumps/Resources/Info.plist;
				LD_RUNPATH_SEARCH_PATHS = (
					"$(inherited)",
					"@executable_path/../Frameworks",
				);
				PRODUCT_BUNDLE_IDENTIFIER = com.serp.keybumps;
				PRODUCT_MODULE_NAME = Keybumps;
				PRODUCT_NAME = Keybumps;
				SDKROOT = macosx;
			};
			name = Release;
		};
		F5450559405A4FBBA5E163DE /* Debug */ = {
			isa = XCBuildConfiguration;
			buildSettings = {
				BUNDLE_LOADER = "$(TEST_HOST)";
				CODE_SIGN_STYLE = Automatic;
				COMBINE_HIDPI_IMAGES = YES;
				DEVELOPMENT_TEAM = 847HR8U8D9;
				GENERATE_INFOPLIST_FILE = YES;
				LD_RUNPATH_SEARCH_PATHS = (
					"$(inherited)",
					"@executable_path/Frameworks",
					"@loader_path/Frameworks",
				);
				PRODUCT_BUNDLE_IDENTIFIER = com.serp.keybumps.uitests;
				SDKROOT = macosx;
				TEST_TARGET_NAME = Keybumps;
			};
			name = Debug;
		};
		FE4FD4E5BDC96FDF525F3918 /* Release */ = {
			isa = XCBuildConfiguration;
			buildSettings = {
				ALWAYS_SEARCH_USER_PATHS = NO;
				ARCHS = arm64;
				CLANG_ANALYZER_NONNULL = YES;
				CLANG_ANALYZER_NUMBER_OBJECT_CONVERSION = YES_AGGRESSIVE;
				CLANG_CXX_LANGUAGE_STANDARD = "gnu++14";
				CLANG_CXX_LIBRARY = "libc++";
				CLANG_ENABLE_MODULES = YES;
				CLANG_ENABLE_OBJC_ARC = YES;
				CLANG_ENABLE_OBJC_WEAK = YES;
				CLANG_WARN_BLOCK_CAPTURE_AUTORELEASING = YES;
				CLANG_WARN_BOOL_CONVERSION = YES;
				CLANG_WARN_COMMA = YES;
				CLANG_WARN_CONSTANT_CONVERSION = YES;
				CLANG_WARN_DEPRECATED_OBJC_IMPLEMENTATIONS = YES;
				CLANG_WARN_DIRECT_OBJC_ISA_USAGE = YES_ERROR;
				CLANG_WARN_DOCUMENTATION_COMMENTS = YES;
				CLANG_WARN_EMPTY_BODY = YES;
				CLANG_WARN_ENUM_CONVERSION = YES;
				CLANG_WARN_INFINITE_RECURSION = YES;
				CLANG_WARN_INT_CONVERSION = YES;
				CLANG_WARN_NON_LITERAL_NULL_CONVERSION = YES;
				CLANG_WARN_OBJC_IMPLICIT_RETAIN_SELF = YES;
				CLANG_WARN_OBJC_LITERAL_CONVERSION = YES;
				CLANG_WARN_OBJC_ROOT_CLASS = YES_ERROR;
				CLANG_WARN_QUOTED_INCLUDE_IN_FRAMEWORK_HEADER = YES;
				CLANG_WARN_RANGE_LOOP_ANALYSIS = YES;
				CLANG_WARN_STRICT_PROTOTYPES = YES;
				CLANG_WARN_SUSPICIOUS_MOVE = YES;
				CLANG_WARN_UNGUARDED_AVAILABILITY = YES_AGGRESSIVE;
				CLANG_WARN_UNREACHABLE_CODE = YES;
				CLANG_WARN__DUPLICATE_METHOD_MATCH = YES;
				COPY_PHASE_STRIP = NO;
				CURRENT_PROJECT_VERSION = 2;
				DEBUG_INFORMATION_FORMAT = "dwarf-with-dsym";
				ENABLE_HARDENED_RUNTIME = YES;
				ENABLE_NS_ASSERTIONS = NO;
				ENABLE_STRICT_OBJC_MSGSEND = YES;
				GCC_C_LANGUAGE_STANDARD = gnu11;
				GCC_NO_COMMON_BLOCKS = YES;
				GCC_WARN_64_TO_32_BIT_CONVERSION = YES;
				GCC_WARN_ABOUT_RETURN_TYPE = YES_ERROR;
				GCC_WARN_UNDECLARED_SELECTOR = YES;
				GCC_WARN_UNINITIALIZED_AUTOS = YES_AGGRESSIVE;
				GCC_WARN_UNUSED_FUNCTION = YES;
				GCC_WARN_UNUSED_VARIABLE = YES;
				KEYBUMPS_UPDATE_FEED_URL = "";
				KEYBUMPS_UPDATE_PUBLIC_KEY = "";
				MACOSX_DEPLOYMENT_TARGET = 14.2;
				MARKETING_VERSION = 0.0.2;
				MTL_ENABLE_DEBUG_INFO = NO;
				MTL_FAST_MATH = YES;
				PRODUCT_NAME = "$(TARGET_NAME)";
				SDKROOT = macosx;
				SWIFT_COMPILATION_MODE = wholemodule;
				SWIFT_OPTIMIZATION_LEVEL = "-O";
				SWIFT_VERSION = 5.10;
			};
			name = Release;
		};
/* End XCBuildConfiguration section */

/* Begin XCConfigurationList section */
		15C7A24238C4E411283A186A /* Build configuration list for PBXNativeTarget "KeybumpsTests" */ = {
			isa = XCConfigurationList;
			buildConfigurations = (
				71052521015345A77A027496 /* Debug */,
				3981E3FBB1845BFAB4CDC8D4 /* Release */,
			);
			defaultConfigurationIsVisible = 0;
			defaultConfigurationName = Debug;
		};
		40E14BDF4DF6A7A75DF563B9 /* Build configuration list for PBXNativeTarget "KeybumpsUITests" */ = {
			isa = XCConfigurationList;
			buildConfigurations = (
				F5450559405A4FBBA5E163DE /* Debug */,
				0523C655CAE105E77DB92080 /* Release */,
			);
			defaultConfigurationIsVisible = 0;
			defaultConfigurationName = Debug;
		};
		83ED1FEC0498672294CAE2E2 /* Build configuration list for PBXNativeTarget "Keybumps" */ = {
			isa = XCConfigurationList;
			buildConfigurations = (
				43ED80E7825CC050B41BCE05 /* Debug */,
				A5D37A6A946D950BD7F0B883 /* Release */,
			);
			defaultConfigurationIsVisible = 0;
			defaultConfigurationName = Debug;
		};
		95819173BD65B6C3408FA756 /* Build configuration list for PBXProject "Keybumps" */ = {
			isa = XCConfigurationList;
			buildConfigurations = (
				82808FACFA8D3B419B580773 /* Debug */,
				FE4FD4E5BDC96FDF525F3918 /* Release */,
			);
			defaultConfigurationIsVisible = 0;
			defaultConfigurationName = Debug;
		};
/* End XCConfigurationList section */

/* Begin XCRemoteSwiftPackageReference section */
		5751A8D569E73477D958B211 /* XCRemoteSwiftPackageReference "argmax-oss-swift" */ = {
			isa = XCRemoteSwiftPackageReference;
			repositoryURL = "https://github.com/argmaxinc/argmax-oss-swift.git";
			requirement = {
				kind = exactVersion;
				version = 1.1.0;
			};
		};
		68EF14751C0BC7F6B784AC67 /* XCRemoteSwiftPackageReference "Sparkle" */ = {
			isa = XCRemoteSwiftPackageReference;
			repositoryURL = "https://github.com/sparkle-project/Sparkle";
			requirement = {
				kind = exactVersion;
				version = 2.10.0;
			};
		};
/* End XCRemoteSwiftPackageReference section */

/* Begin XCSwiftPackageProductDependency section */
		4180293288B6BA15C922987B /* Sparkle */ = {
			isa = XCSwiftPackageProductDependency;
			package = 68EF14751C0BC7F6B784AC67 /* XCRemoteSwiftPackageReference "Sparkle" */;
			productName = Sparkle;
		};
		B51FAB2B198D5DDDE9DB256B /* WhisperKit */ = {
			isa = XCSwiftPackageProductDependency;
			package = 5751A8D569E73477D958B211 /* XCRemoteSwiftPackageReference "argmax-oss-swift" */;
			productName = WhisperKit;
		};
/* End XCSwiftPackageProductDependency section */
	};
	rootObject = 28E15429764BA5F28DAA3D0E /* Project object */;
}
