// !$*UTF8*$!
{
	archiveVersion = 1;
	classes = {
	};
	objectVersion = 77;
	objects = {

/* Begin PBXBuildFile section */
		02616B8277F6E19177358C2B /* NotificationDeliveryService.swift in Sources */ = {isa = PBXBuildFile; fileRef = 3ADE70860A30377DD7E7E3B2 /* NotificationDeliveryService.swift */; };
		08F4D2532E291F60FC83D958 /* UpdateControllerTests.swift in Sources */ = {isa = PBXBuildFile; fileRef = 25903B98C29F55332BFEB455 /* UpdateControllerTests.swift */; };
		0F173B8EEE34731BFC2BB46C /* SystemServices.swift in Sources */ = {isa = PBXBuildFile; fileRef = 374F0E123136211939751EBD /* SystemServices.swift */; };
		10BF68EF4B2FCD67176B78E5 /* PointerEventMonitor.swift in Sources */ = {isa = PBXBuildFile; fileRef = D121EE0800846D3507A1B184 /* PointerEventMonitor.swift */; };
		10E38342515AA764D84F979D /* ChromeActionDetectionTests.swift in Sources */ = {isa = PBXBuildFile; fileRef = F8064DB57B1E1DDD769BECC1 /* ChromeActionDetectionTests.swift */; };
		187E6DE7C76E9035BB57C6C2 /* PresentationWindowController.swift in Sources */ = {isa = PBXBuildFile; fileRef = 9BA7CB636F8938DE2ADC7AE2 /* PresentationWindowController.swift */; };
		1B6E06CA72D1EB30D1D26F11 /* SharedViews.swift in Sources */ = {isa = PBXBuildFile; fileRef = B06DF9E1F28BCAC34392C78B /* SharedViews.swift */; };
		230E9EC0C94164772A13BAB0 /* SparkleUpdateController.swift in Sources */ = {isa = PBXBuildFile; fileRef = 7F2C2F9376E2BB9E5C58E632 /* SparkleUpdateController.swift */; };
		2F22E1DE25CD833424C49C42 /* ProductPaths.swift in Sources */ = {isa = PBXBuildFile; fileRef = 6C08F3AB668C02EE985B94D1 /* ProductPaths.swift */; };
		2F2DACC19C833EF41ADBD702 /* ChromeActionAdapter.swift in Sources */ = {isa = PBXBuildFile; fileRef = 9C166318C53B0BFACE88EC23 /* ChromeActionAdapter.swift */; };
		3A5367E28E8097629B28C7FD /* appcast.xml in Resources */ = {isa = PBXBuildFile; fileRef = 7A528259D83A4514FCB7F62C /* appcast.xml */; };
		3C09F153F945A7C4F88A9935 /* KeyboardShortcutRegistry.swift in Sources */ = {isa = PBXBuildFile; fileRef = ABECCAA1BAF658171B58B4E2 /* KeyboardShortcutRegistry.swift */; };
		3CC2F1521D5D9DA5985DF178 /* DictationAudioPlayer.swift in Sources */ = {isa = PBXBuildFile; fileRef = D3890AA7A2ED495DF7406F94 /* DictationAudioPlayer.swift */; };
		3CE9D68EAE554D2342E9483E /* LegacyDataMigrationTests.swift in Sources */ = {isa = PBXBuildFile; fileRef = 48E3BE56B44419133AB4DB41 /* LegacyDataMigrationTests.swift */; };
		4485C0E7B6169A3006A83E35 /* AppPresenceController.swift in Sources */ = {isa = PBXBuildFile; fileRef = D1263F60CBD0F2902CB20582 /* AppPresenceController.swift */; };
		48338CA9E74F84BA913AB753 /* QuickSearchService.swift in Sources */ = {isa = PBXBuildFile; fileRef = 79F330F94AC63BB8C3A0C228 /* QuickSearchService.swift */; };
		5300BBA1A5D216BB896E83C5 /* MenuInboxView.swift in Sources */ = {isa = PBXBuildFile; fileRef = 60E3FF4B2C9E74E32242A4AB /* MenuInboxView.swift */; };
		5334C9867DC1B340F9216CC7 /* UpdateReleaseScriptTests.swift in Sources */ = {isa = PBXBuildFile; fileRef = C8F33199F32B608ADD430F83 /* UpdateReleaseScriptTests.swift */; };
		534C9EA197970F4075B479EB /* StandardWindowControlTests.swift in Sources */ = {isa = PBXBuildFile; fileRef = D6AB39FCFF8951FC4C3F93C7 /* StandardWindowControlTests.swift */; };
		593B0AB937B6862C6914C955 /* PermissionDragAssistantController.swift in Sources */ = {isa = PBXBuildFile; fileRef = B5EA774E7BE61A823AF2300C /* PermissionDragAssistantController.swift */; };
		5A474A9F1CC0A3DFF5C06267 /* SuperMacApp.swift in Sources */ = {isa = PBXBuildFile; fileRef = 4A460EFFC33CD04F89DFB5E6 /* SuperMacApp.swift */; };
		6BB2A830F7178C5B696A3038 /* CommandPaletteController.swift in Sources */ = {isa = PBXBuildFile; fileRef = EF56E37C6FB0B8B8BF1432E6 /* CommandPaletteController.swift */; };
		757FCEE9FCFA6CFD78F07DF3 /* fixture.md in Resources */ = {isa = PBXBuildFile; fileRef = 86B20E99067CB7C7C7EA917A /* fixture.md */; };
		78A56298B21D918770A553F4 /* PresentationEvidenceTests.swift in Sources */ = {isa = PBXBuildFile; fileRef = F57F110363DEA2571C92D002 /* PresentationEvidenceTests.swift */; };
		7AC61ABFE660302914B2C181 /* ManualActionDetector.swift in Sources */ = {isa = PBXBuildFile; fileRef = 1A345711CDDED027099E273D /* ManualActionDetector.swift */; };
		7BA149D9B58AA723E8FF7AED /* SystemChannelAdapters.swift in Sources */ = {isa = PBXBuildFile; fileRef = F450E0E0BDC74C58716AC0B9 /* SystemChannelAdapters.swift */; };
		8773503FC55C6C2D12BCA62F /* AppModel.swift in Sources */ = {isa = PBXBuildFile; fileRef = A0E22195F188A3E6A72FF14C /* AppModel.swift */; };
		87E4B8800D1A96942C01C6D8 /* AppDelegate.swift in Sources */ = {isa = PBXBuildFile; fileRef = A6289CE87E5B5614446EE9EF /* AppDelegate.swift */; };
		881298FF4FFAEFBD96A747EE /* ShortcutCatalog.swift in Sources */ = {isa = PBXBuildFile; fileRef = 1B693B5DB877A0D2D65233AB /* ShortcutCatalog.swift */; };
		88CC14F3049EF838ECAA0680 /* FinderTrashMonitor.swift in Sources */ = {isa = PBXBuildFile; fileRef = 4BE8030020C75B10CEAD4D1F /* FinderTrashMonitor.swift */; };
		8E4483D8C92296BB042C0650 /* FinderTrashDetectionTests.swift in Sources */ = {isa = PBXBuildFile; fileRef = 0AF6645A4948BB46570AD40A /* FinderTrashDetectionTests.swift */; };
		909548FF1DFC40ED148C19F2 /* WindowGeometry.swift in Sources */ = {isa = PBXBuildFile; fileRef = 0FD6214B05262E21EEBEAF73 /* WindowGeometry.swift */; };
		91CEDF357F8B72C9E3DE79EF /* DictationIndicatorController.swift in Sources */ = {isa = PBXBuildFile; fileRef = B50956405C3010608E9006C7 /* DictationIndicatorController.swift */; };
		92E6B3EED451DCB6CC28356A /* ProductIdentity.swift in Sources */ = {isa = PBXBuildFile; fileRef = FFC8E02410AD7693C5667BB0 /* ProductIdentity.swift */; };
		9811CCC694AC65A6418FBD98 /* WindowManagementService.swift in Sources */ = {isa = PBXBuildFile; fileRef = 2C7F01062D6A9BFA8A23FC52 /* WindowManagementService.swift */; };
		98717D28224C1EF1BC213F94 /* TranslatedSpeechPlayer.swift in Sources */ = {isa = PBXBuildFile; fileRef = F988472005A1AEAE4AFC6A8A /* TranslatedSpeechPlayer.swift */; };
		9A123083B9AA78A72E107ED3 /* AppPreferences.swift in Sources */ = {isa = PBXBuildFile; fileRef = 92B18988CAC32C575BC5CCDB /* AppPreferences.swift */; };
		9BFFF7DC990D0C62398C2EE7 /* NativeStatusItemController.swift in Sources */ = {isa = PBXBuildFile; fileRef = ADFA8CF3E1AE35E9218D553E /* NativeStatusItemController.swift */; };
		A96DFACD4867B4B8F5619492 /* Assets.xcassets in Resources */ = {isa = PBXBuildFile; fileRef = 6B0462EFDE8CD0087CBCC711 /* Assets.xcassets */; };
		A98C3F743448B3F422780FAE /* DictationService.swift in Sources */ = {isa = PBXBuildFile; fileRef = 797FD303CEC7148DD772B296 /* DictationService.swift */; };
		A9945C9305085D8C88E110F2 /* NotificationChannel.swift in Sources */ = {isa = PBXBuildFile; fileRef = 3FBE0AD5C335288BE3824279 /* NotificationChannel.swift */; };
		B338B93F3DEBF46EC97E2A0A /* StandardWindowControlMonitor.swift in Sources */ = {isa = PBXBuildFile; fileRef = 0240BC1260429941529C0347 /* StandardWindowControlMonitor.swift */; };
		B40701549089FE74B959D48E /* DictationHistoryService.swift in Sources */ = {isa = PBXBuildFile; fileRef = BFF7AF91CCE5203106F1AB54 /* DictationHistoryService.swift */; };
		B42DB96F46AA57F2B916D84E /* WindowAction.swift in Sources */ = {isa = PBXBuildFile; fileRef = E3AA941067E1BDE2DDDA9025 /* WindowAction.swift */; };
		B6B2271C245709F5DB1CE1CB /* KeyboardShortcutterTests.swift in Sources */ = {isa = PBXBuildFile; fileRef = 60E5E52396A8A9E963EEA30A /* KeyboardShortcutterTests.swift */; };
		B75B94A8EE220ED1CE6BC757 /* GlobalShortcutCoordinator.swift in Sources */ = {isa = PBXBuildFile; fileRef = 4BFA3CEB2DACC39047B00175 /* GlobalShortcutCoordinator.swift */; };
		BBA68BFD1B6B9C15B5D2ED28 /* ClipboardHistoryService.swift in Sources */ = {isa = PBXBuildFile; fileRef = CA63C9C8EB22D30080ECBC01 /* ClipboardHistoryService.swift */; };
		BD161316A7D761C8706A4943 /* CoachingEvent.swift in Sources */ = {isa = PBXBuildFile; fileRef = 751041DE9F75C902026B8BB7 /* CoachingEvent.swift */; };
		C9B8D580B8E1E4ECB44A5B6D /* UpdateController.swift in Sources */ = {isa = PBXBuildFile; fileRef = 89ABD0D4EE31D549315662E4 /* UpdateController.swift */; };
		CA72E0A35C37024162259B5B /* Sparkle in Frameworks */ = {isa = PBXBuildFile; productRef = 253E6B887F2F9A4D86D9705C /* Sparkle */; };
		D6EEE376BED64257604D8727 /* RecentItemStore.swift in Sources */ = {isa = PBXBuildFile; fileRef = 6E3CD33F55E7ED6FD7447DF8 /* RecentItemStore.swift */; };
		DD2E133AF9A7FFBBCE04176F /* InboxStore.swift in Sources */ = {isa = PBXBuildFile; fileRef = 2C950B36CEF4429972BA91B8 /* InboxStore.swift */; };
		E09625837E0C77B15DEEE22D /* SettingsRootView.swift in Sources */ = {isa = PBXBuildFile; fileRef = 9E05E454796B21B5BE7C33D8 /* SettingsRootView.swift */; };
		E29927A40173419DC2A94C2E /* AccessibilitySnapshotter.swift in Sources */ = {isa = PBXBuildFile; fileRef = CCF75D2E998EDF7DC502EE98 /* AccessibilitySnapshotter.swift */; };
		E6DF6BFB45E567621DA64B0F /* SuperMacFeatureTests.swift in Sources */ = {isa = PBXBuildFile; fileRef = 99DF39DEF1A3A5EBE5AA54BF /* SuperMacFeatureTests.swift */; };
		E909DB0CB06B8A6FB25C0E96 /* AXShortcutEvidenceReader.swift in Sources */ = {isa = PBXBuildFile; fileRef = 8CD9AA5A581A600CDAE19F99 /* AXShortcutEvidenceReader.swift */; };
		EC2FFB34F79A71D08629C95F /* DictationHistoryView.swift in Sources */ = {isa = PBXBuildFile; fileRef = 706B4B469058348551AFE583 /* DictationHistoryView.swift */; };
		F78B977DFCD21A997E90BED0 /* ActionCorrelator.swift in Sources */ = {isa = PBXBuildFile; fileRef = 9A39FD515AB2244E626687C8 /* ActionCorrelator.swift */; };
		FB62B9325E7785FDEEB501B4 /* Capability.swift in Sources */ = {isa = PBXBuildFile; fileRef = 842BC96677905E5FD541225A /* Capability.swift */; };
		FBC82968D41B0612E062BB57 /* LegacyDataMigrator.swift in Sources */ = {isa = PBXBuildFile; fileRef = 1001B0FB2E2FF0290FDC6E09 /* LegacyDataMigrator.swift */; };
		FD54C2FC83B463A7CDC7A0C5 /* fixture.zip in Resources */ = {isa = PBXBuildFile; fileRef = 4E8537BBC04F3303D87D5D4E /* fixture.zip */; };
		FF5B773B8E104E06D38DBA7E /* ApplicationUsageStore.swift in Sources */ = {isa = PBXBuildFile; fileRef = DEB5564DA94F77BA89189BE3 /* ApplicationUsageStore.swift */; };
/* End PBXBuildFile section */

/* Begin PBXContainerItemProxy section */
		D0EB7775129C8C290873EB4A /* PBXContainerItemProxy */ = {
			isa = PBXContainerItemProxy;
			containerPortal = 19BDA3B43258BBB3E855822E /* Project object */;
			proxyType = 1;
			remoteGlobalIDString = FB1B041DF37F782768FD9C65;
			remoteInfo = SuperMac;
		};
/* End PBXContainerItemProxy section */

/* Begin PBXFileReference section */
		0240BC1260429941529C0347 /* StandardWindowControlMonitor.swift */ = {isa = PBXFileReference; lastKnownFileType = sourcecode.swift; path = StandardWindowControlMonitor.swift; sourceTree = "<group>"; };
		0AF6645A4948BB46570AD40A /* FinderTrashDetectionTests.swift */ = {isa = PBXFileReference; lastKnownFileType = sourcecode.swift; path = FinderTrashDetectionTests.swift; sourceTree = "<group>"; };
		0FD6214B05262E21EEBEAF73 /* WindowGeometry.swift */ = {isa = PBXFileReference; lastKnownFileType = sourcecode.swift; path = WindowGeometry.swift; sourceTree = "<group>"; };
		1001B0FB2E2FF0290FDC6E09 /* LegacyDataMigrator.swift */ = {isa = PBXFileReference; lastKnownFileType = sourcecode.swift; path = LegacyDataMigrator.swift; sourceTree = "<group>"; };
		1A345711CDDED027099E273D /* ManualActionDetector.swift */ = {isa = PBXFileReference; lastKnownFileType = sourcecode.swift; path = ManualActionDetector.swift; sourceTree = "<group>"; };
		1B693B5DB877A0D2D65233AB /* ShortcutCatalog.swift */ = {isa = PBXFileReference; lastKnownFileType = sourcecode.swift; path = ShortcutCatalog.swift; sourceTree = "<group>"; };
		1D1127D1CBB6DF74B0C9DC4E /* SuperMac-AppStore.entitlements */ = {isa = PBXFileReference; lastKnownFileType = text.plist.entitlements; path = "SuperMac-AppStore.entitlements"; sourceTree = "<group>"; };
		25903B98C29F55332BFEB455 /* UpdateControllerTests.swift */ = {isa = PBXFileReference; lastKnownFileType = sourcecode.swift; path = UpdateControllerTests.swift; sourceTree = "<group>"; };
		2C7F01062D6A9BFA8A23FC52 /* WindowManagementService.swift */ = {isa = PBXFileReference; lastKnownFileType = sourcecode.swift; path = WindowManagementService.swift; sourceTree = "<group>"; };
		2C950B36CEF4429972BA91B8 /* InboxStore.swift */ = {isa = PBXFileReference; lastKnownFileType = sourcecode.swift; path = InboxStore.swift; sourceTree = "<group>"; };
		374F0E123136211939751EBD /* SystemServices.swift */ = {isa = PBXFileReference; lastKnownFileType = sourcecode.swift; path = SystemServices.swift; sourceTree = "<group>"; };
		3ADE70860A30377DD7E7E3B2 /* NotificationDeliveryService.swift */ = {isa = PBXFileReference; lastKnownFileType = sourcecode.swift; path = NotificationDeliveryService.swift; sourceTree = "<group>"; };
		3FBE0AD5C335288BE3824279 /* NotificationChannel.swift */ = {isa = PBXFileReference; lastKnownFileType = sourcecode.swift; path = NotificationChannel.swift; sourceTree = "<group>"; };
		48E3BE56B44419133AB4DB41 /* LegacyDataMigrationTests.swift */ = {isa = PBXFileReference; lastKnownFileType = sourcecode.swift; path = LegacyDataMigrationTests.swift; sourceTree = "<group>"; };
		4A460EFFC33CD04F89DFB5E6 /* SuperMacApp.swift */ = {isa = PBXFileReference; lastKnownFileType = sourcecode.swift; path = SuperMacApp.swift; sourceTree = "<group>"; };
		4BE8030020C75B10CEAD4D1F /* FinderTrashMonitor.swift */ = {isa = PBXFileReference; lastKnownFileType = sourcecode.swift; path = FinderTrashMonitor.swift; sourceTree = "<group>"; };
		4BFA3CEB2DACC39047B00175 /* GlobalShortcutCoordinator.swift */ = {isa = PBXFileReference; lastKnownFileType = sourcecode.swift; path = GlobalShortcutCoordinator.swift; sourceTree = "<group>"; };
		4E8537BBC04F3303D87D5D4E /* fixture.zip */ = {isa = PBXFileReference; lastKnownFileType = archive.zip; path = fixture.zip; sourceTree = "<group>"; };
		60E3FF4B2C9E74E32242A4AB /* MenuInboxView.swift */ = {isa = PBXFileReference; lastKnownFileType = sourcecode.swift; path = MenuInboxView.swift; sourceTree = "<group>"; };
		60E5E52396A8A9E963EEA30A /* KeyboardShortcutterTests.swift */ = {isa = PBXFileReference; lastKnownFileType = sourcecode.swift; path = KeyboardShortcutterTests.swift; sourceTree = "<group>"; };
		6B0462EFDE8CD0087CBCC711 /* Assets.xcassets */ = {isa = PBXFileReference; lastKnownFileType = folder.assetcatalog; path = Assets.xcassets; sourceTree = "<group>"; };
		6C08F3AB668C02EE985B94D1 /* ProductPaths.swift */ = {isa = PBXFileReference; lastKnownFileType = sourcecode.swift; path = ProductPaths.swift; sourceTree = "<group>"; };
		6E3CD33F55E7ED6FD7447DF8 /* RecentItemStore.swift */ = {isa = PBXFileReference; lastKnownFileType = sourcecode.swift; path = RecentItemStore.swift; sourceTree = "<group>"; };
		706B4B469058348551AFE583 /* DictationHistoryView.swift */ = {isa = PBXFileReference; lastKnownFileType = sourcecode.swift; path = DictationHistoryView.swift; sourceTree = "<group>"; };
		751041DE9F75C902026B8BB7 /* CoachingEvent.swift */ = {isa = PBXFileReference; lastKnownFileType = sourcecode.swift; path = CoachingEvent.swift; sourceTree = "<group>"; };
		797FD303CEC7148DD772B296 /* DictationService.swift */ = {isa = PBXFileReference; lastKnownFileType = sourcecode.swift; path = DictationService.swift; sourceTree = "<group>"; };
		79F330F94AC63BB8C3A0C228 /* QuickSearchService.swift */ = {isa = PBXFileReference; lastKnownFileType = sourcecode.swift; path = QuickSearchService.swift; sourceTree = "<group>"; };
		7A528259D83A4514FCB7F62C /* appcast.xml */ = {isa = PBXFileReference; lastKnownFileType = text.xml; path = appcast.xml; sourceTree = "<group>"; };
		7F2C2F9376E2BB9E5C58E632 /* SparkleUpdateController.swift */ = {isa = PBXFileReference; lastKnownFileType = sourcecode.swift; path = SparkleUpdateController.swift; sourceTree = "<group>"; };
		842BC96677905E5FD541225A /* Capability.swift */ = {isa = PBXFileReference; lastKnownFileType = sourcecode.swift; path = Capability.swift; sourceTree = "<group>"; };
		86B20E99067CB7C7C7EA917A /* fixture.md */ = {isa = PBXFileReference; lastKnownFileType = net.daringfireball.markdown; path = fixture.md; sourceTree = "<group>"; };
		89ABD0D4EE31D549315662E4 /* UpdateController.swift */ = {isa = PBXFileReference; lastKnownFileType = sourcecode.swift; path = UpdateController.swift; sourceTree = "<group>"; };
		8CD9AA5A581A600CDAE19F99 /* AXShortcutEvidenceReader.swift */ = {isa = PBXFileReference; lastKnownFileType = sourcecode.swift; path = AXShortcutEvidenceReader.swift; sourceTree = "<group>"; };
		92B18988CAC32C575BC5CCDB /* AppPreferences.swift */ = {isa = PBXFileReference; lastKnownFileType = sourcecode.swift; path = AppPreferences.swift; sourceTree = "<group>"; };
		9340D19AA59A8D0E867E2EE1 /* SuperMac.app */ = {isa = PBXFileReference; explicitFileType = wrapper.application; includeInIndex = 0; path = SuperMac.app; sourceTree = BUILT_PRODUCTS_DIR; };
		93ACB7EEE409602FAD54275F /* Info.plist */ = {isa = PBXFileReference; lastKnownFileType = text.plist; path = Info.plist; sourceTree = "<group>"; };
		99DF39DEF1A3A5EBE5AA54BF /* SuperMacFeatureTests.swift */ = {isa = PBXFileReference; lastKnownFileType = sourcecode.swift; path = SuperMacFeatureTests.swift; sourceTree = "<group>"; };
		9A39FD515AB2244E626687C8 /* ActionCorrelator.swift */ = {isa = PBXFileReference; lastKnownFileType = sourcecode.swift; path = ActionCorrelator.swift; sourceTree = "<group>"; };
		9BA7CB636F8938DE2ADC7AE2 /* PresentationWindowController.swift */ = {isa = PBXFileReference; lastKnownFileType = sourcecode.swift; path = PresentationWindowController.swift; sourceTree = "<group>"; };
		9C166318C53B0BFACE88EC23 /* ChromeActionAdapter.swift */ = {isa = PBXFileReference; lastKnownFileType = sourcecode.swift; path = ChromeActionAdapter.swift; sourceTree = "<group>"; };
		9E05E454796B21B5BE7C33D8 /* SettingsRootView.swift */ = {isa = PBXFileReference; lastKnownFileType = sourcecode.swift; path = SettingsRootView.swift; sourceTree = "<group>"; };
		A0E22195F188A3E6A72FF14C /* AppModel.swift */ = {isa = PBXFileReference; lastKnownFileType = sourcecode.swift; path = AppModel.swift; sourceTree = "<group>"; };
		A6289CE87E5B5614446EE9EF /* AppDelegate.swift */ = {isa = PBXFileReference; lastKnownFileType = sourcecode.swift; path = AppDelegate.swift; sourceTree = "<group>"; };
		ABECCAA1BAF658171B58B4E2 /* KeyboardShortcutRegistry.swift */ = {isa = PBXFileReference; lastKnownFileType = sourcecode.swift; path = KeyboardShortcutRegistry.swift; sourceTree = "<group>"; };
		ADFA8CF3E1AE35E9218D553E /* NativeStatusItemController.swift */ = {isa = PBXFileReference; lastKnownFileType = sourcecode.swift; path = NativeStatusItemController.swift; sourceTree = "<group>"; };
		B06DF9E1F28BCAC34392C78B /* SharedViews.swift */ = {isa = PBXFileReference; lastKnownFileType = sourcecode.swift; path = SharedViews.swift; sourceTree = "<group>"; };
		B50956405C3010608E9006C7 /* DictationIndicatorController.swift */ = {isa = PBXFileReference; lastKnownFileType = sourcecode.swift; path = DictationIndicatorController.swift; sourceTree = "<group>"; };
		B5EA774E7BE61A823AF2300C /* PermissionDragAssistantController.swift */ = {isa = PBXFileReference; lastKnownFileType = sourcecode.swift; path = PermissionDragAssistantController.swift; sourceTree = "<group>"; };
		BFF7AF91CCE5203106F1AB54 /* DictationHistoryService.swift */ = {isa = PBXFileReference; lastKnownFileType = sourcecode.swift; path = DictationHistoryService.swift; sourceTree = "<group>"; };
		C2403AFE407303A9488970CC /* SuperMac.entitlements */ = {isa = PBXFileReference; lastKnownFileType = text.plist.entitlements; path = SuperMac.entitlements; sourceTree = "<group>"; };
		C8F33199F32B608ADD430F83 /* UpdateReleaseScriptTests.swift */ = {isa = PBXFileReference; lastKnownFileType = sourcecode.swift; path = UpdateReleaseScriptTests.swift; sourceTree = "<group>"; };
		CA63C9C8EB22D30080ECBC01 /* ClipboardHistoryService.swift */ = {isa = PBXFileReference; lastKnownFileType = sourcecode.swift; path = ClipboardHistoryService.swift; sourceTree = "<group>"; };
		CCF75D2E998EDF7DC502EE98 /* AccessibilitySnapshotter.swift */ = {isa = PBXFileReference; lastKnownFileType = sourcecode.swift; path = AccessibilitySnapshotter.swift; sourceTree = "<group>"; };
		D121EE0800846D3507A1B184 /* PointerEventMonitor.swift */ = {isa = PBXFileReference; lastKnownFileType = sourcecode.swift; path = PointerEventMonitor.swift; sourceTree = "<group>"; };
		D1263F60CBD0F2902CB20582 /* AppPresenceController.swift */ = {isa = PBXFileReference; lastKnownFileType = sourcecode.swift; path = AppPresenceController.swift; sourceTree = "<group>"; };
		D3890AA7A2ED495DF7406F94 /* DictationAudioPlayer.swift */ = {isa = PBXFileReference; lastKnownFileType = sourcecode.swift; path = DictationAudioPlayer.swift; sourceTree = "<group>"; };
		D6AB39FCFF8951FC4C3F93C7 /* StandardWindowControlTests.swift */ = {isa = PBXFileReference; lastKnownFileType = sourcecode.swift; path = StandardWindowControlTests.swift; sourceTree = "<group>"; };
		D7795FFAAF894657E10D9722 /* SuperMacTests.xctest */ = {isa = PBXFileReference; explicitFileType = wrapper.cfbundle; includeInIndex = 0; path = SuperMacTests.xctest; sourceTree = BUILT_PRODUCTS_DIR; };
		DEB5564DA94F77BA89189BE3 /* ApplicationUsageStore.swift */ = {isa = PBXFileReference; lastKnownFileType = sourcecode.swift; path = ApplicationUsageStore.swift; sourceTree = "<group>"; };
		E3AA941067E1BDE2DDDA9025 /* WindowAction.swift */ = {isa = PBXFileReference; lastKnownFileType = sourcecode.swift; path = WindowAction.swift; sourceTree = "<group>"; };
		EF56E37C6FB0B8B8BF1432E6 /* CommandPaletteController.swift */ = {isa = PBXFileReference; lastKnownFileType = sourcecode.swift; path = CommandPaletteController.swift; sourceTree = "<group>"; };
		F450E0E0BDC74C58716AC0B9 /* SystemChannelAdapters.swift */ = {isa = PBXFileReference; lastKnownFileType = sourcecode.swift; path = SystemChannelAdapters.swift; sourceTree = "<group>"; };
		F57F110363DEA2571C92D002 /* PresentationEvidenceTests.swift */ = {isa = PBXFileReference; lastKnownFileType = sourcecode.swift; path = PresentationEvidenceTests.swift; sourceTree = "<group>"; };
		F8064DB57B1E1DDD769BECC1 /* ChromeActionDetectionTests.swift */ = {isa = PBXFileReference; lastKnownFileType = sourcecode.swift; path = ChromeActionDetectionTests.swift; sourceTree = "<group>"; };
		F988472005A1AEAE4AFC6A8A /* TranslatedSpeechPlayer.swift */ = {isa = PBXFileReference; lastKnownFileType = sourcecode.swift; path = TranslatedSpeechPlayer.swift; sourceTree = "<group>"; };
		FFC8E02410AD7693C5667BB0 /* ProductIdentity.swift */ = {isa = PBXFileReference; lastKnownFileType = sourcecode.swift; path = ProductIdentity.swift; sourceTree = "<group>"; };
/* End PBXFileReference section */

/* Begin PBXFrameworksBuildPhase section */
		79A59671C79FFA6412267151 /* Frameworks */ = {
			isa = PBXFrameworksBuildPhase;
			buildActionMask = 2147483647;
			files = (
				CA72E0A35C37024162259B5B /* Sparkle in Frameworks */,
			);
			runOnlyForDeploymentPostprocessing = 0;
		};
/* End PBXFrameworksBuildPhase section */

/* Begin PBXGroup section */
		378F951DA6AA74D50FC64A0C /* Fixtures */ = {
			isa = PBXGroup;
			children = (
				76EE67C4CE164449A6893158 /* Updates */,
			);
			path = Fixtures;
			sourceTree = "<group>";
		};
		3F62FFC446BB2709D6F89E4D = {
			isa = PBXGroup;
			children = (
				EE96DC408248BD88912510DD /* SuperMac */,
				E35985994CF301DCDAADCC4C /* SuperMacTests */,
				7A40728F5979D250F813417D /* Products */,
			);
			sourceTree = "<group>";
		};
		65E36344E655062E5781CB7E /* QuickSearch */ = {
			isa = PBXGroup;
			children = (
				DEB5564DA94F77BA89189BE3 /* ApplicationUsageStore.swift */,
				79F330F94AC63BB8C3A0C228 /* QuickSearchService.swift */,
				6E3CD33F55E7ED6FD7447DF8 /* RecentItemStore.swift */,
			);
			path = QuickSearch;
			sourceTree = "<group>";
		};
		76EE67C4CE164449A6893158 /* Updates */ = {
			isa = PBXGroup;
			children = (
				7A528259D83A4514FCB7F62C /* appcast.xml */,
				86B20E99067CB7C7C7EA917A /* fixture.md */,
				4E8537BBC04F3303D87D5D4E /* fixture.zip */,
			);
			path = Updates;
			sourceTree = "<group>";
		};
		7A40728F5979D250F813417D /* Products */ = {
			isa = PBXGroup;
			children = (
				9340D19AA59A8D0E867E2EE1 /* SuperMac.app */,
				D7795FFAAF894657E10D9722 /* SuperMacTests.xctest */,
			);
			name = Products;
			sourceTree = "<group>";
		};
		7BA41F9D073FD88D7F828FB3 /* App */ = {
			isa = PBXGroup;
			children = (
				A6289CE87E5B5614446EE9EF /* AppDelegate.swift */,
				A0E22195F188A3E6A72FF14C /* AppModel.swift */,
				ADFA8CF3E1AE35E9218D553E /* NativeStatusItemController.swift */,
				4A460EFFC33CD04F89DFB5E6 /* SuperMacApp.swift */,
			);
			path = App;
			sourceTree = "<group>";
		};
		8FF4081C3F22777FFFFAAF2E /* Dictation */ = {
			isa = PBXGroup;
			children = (
				D3890AA7A2ED495DF7406F94 /* DictationAudioPlayer.swift */,
				BFF7AF91CCE5203106F1AB54 /* DictationHistoryService.swift */,
				B50956405C3010608E9006C7 /* DictationIndicatorController.swift */,
				797FD303CEC7148DD772B296 /* DictationService.swift */,
				F988472005A1AEAE4AFC6A8A /* TranslatedSpeechPlayer.swift */,
			);
			path = Dictation;
			sourceTree = "<group>";
		};
		9517FE268DAB6978DD8AE43D /* Updates */ = {
			isa = PBXGroup;
			children = (
				7F2C2F9376E2BB9E5C58E632 /* SparkleUpdateController.swift */,
				89ABD0D4EE31D549315662E4 /* UpdateController.swift */,
			);
			path = Updates;
			sourceTree = "<group>";
		};
		96D0EB049EE5542F883C0E39 /* Infrastructure */ = {
			isa = PBXGroup;
			children = (
				92B18988CAC32C575BC5CCDB /* AppPreferences.swift */,
				D1263F60CBD0F2902CB20582 /* AppPresenceController.swift */,
				4BFA3CEB2DACC39047B00175 /* GlobalShortcutCoordinator.swift */,
				2C950B36CEF4429972BA91B8 /* InboxStore.swift */,
				1001B0FB2E2FF0290FDC6E09 /* LegacyDataMigrator.swift */,
				FFC8E02410AD7693C5667BB0 /* ProductIdentity.swift */,
				6C08F3AB668C02EE985B94D1 /* ProductPaths.swift */,
				374F0E123136211939751EBD /* SystemServices.swift */,
			);
			path = Infrastructure;
			sourceTree = "<group>";
		};
		9F0E051CA0D4388FC23C406D /* CommandPalette */ = {
			isa = PBXGroup;
			children = (
				EF56E37C6FB0B8B8BF1432E6 /* CommandPaletteController.swift */,
			);
			path = CommandPalette;
			sourceTree = "<group>";
		};
		A9B8CAD289507DB8B25DB9A8 /* Views */ = {
			isa = PBXGroup;
			children = (
				706B4B469058348551AFE583 /* DictationHistoryView.swift */,
				60E3FF4B2C9E74E32242A4AB /* MenuInboxView.swift */,
				9E05E454796B21B5BE7C33D8 /* SettingsRootView.swift */,
				B06DF9E1F28BCAC34392C78B /* SharedViews.swift */,
			);
			path = Views;
			sourceTree = "<group>";
		};
		B08B8BFBCFDD0A91DB8FB3CB /* Clipboard */ = {
			isa = PBXGroup;
			children = (
				CA63C9C8EB22D30080ECBC01 /* ClipboardHistoryService.swift */,
			);
			path = Clipboard;
			sourceTree = "<group>";
		};
		B624C559DEE42C8D883D100A /* WindowManagement */ = {
			isa = PBXGroup;
			children = (
				E3AA941067E1BDE2DDDA9025 /* WindowAction.swift */,
				0FD6214B05262E21EEBEAF73 /* WindowGeometry.swift */,
				2C7F01062D6A9BFA8A23FC52 /* WindowManagementService.swift */,
			);
			path = WindowManagement;
			sourceTree = "<group>";
		};
		BD34068FFD5C61C64F9F6B2D /* Resources */ = {
			isa = PBXGroup;
			children = (
				6B0462EFDE8CD0087CBCC711 /* Assets.xcassets */,
				93ACB7EEE409602FAD54275F /* Info.plist */,
				1D1127D1CBB6DF74B0C9DC4E /* SuperMac-AppStore.entitlements */,
				C2403AFE407303A9488970CC /* SuperMac.entitlements */,
			);
			path = Resources;
			sourceTree = "<group>";
		};
		C109055B51D935EE3572DE84 /* Delivery */ = {
			isa = PBXGroup;
			children = (
				3ADE70860A30377DD7E7E3B2 /* NotificationDeliveryService.swift */,
				9BA7CB636F8938DE2ADC7AE2 /* PresentationWindowController.swift */,
				F450E0E0BDC74C58716AC0B9 /* SystemChannelAdapters.swift */,
			);
			path = Delivery;
			sourceTree = "<group>";
		};
		C13F4A9B9107E3B0973948A3 /* Permissions */ = {
			isa = PBXGroup;
			children = (
				B5EA774E7BE61A823AF2300C /* PermissionDragAssistantController.swift */,
			);
			path = Permissions;
			sourceTree = "<group>";
		};
		CA56FCC170DDD68F6DA8A61E /* Detection */ = {
			isa = PBXGroup;
			children = (
				CCF75D2E998EDF7DC502EE98 /* AccessibilitySnapshotter.swift */,
				9A39FD515AB2244E626687C8 /* ActionCorrelator.swift */,
				8CD9AA5A581A600CDAE19F99 /* AXShortcutEvidenceReader.swift */,
				9C166318C53B0BFACE88EC23 /* ChromeActionAdapter.swift */,
				4BE8030020C75B10CEAD4D1F /* FinderTrashMonitor.swift */,
				1A345711CDDED027099E273D /* ManualActionDetector.swift */,
				D121EE0800846D3507A1B184 /* PointerEventMonitor.swift */,
				0240BC1260429941529C0347 /* StandardWindowControlMonitor.swift */,
			);
			path = Detection;
			sourceTree = "<group>";
		};
		E35985994CF301DCDAADCC4C /* SuperMacTests */ = {
			isa = PBXGroup;
			children = (
				F8064DB57B1E1DDD769BECC1 /* ChromeActionDetectionTests.swift */,
				0AF6645A4948BB46570AD40A /* FinderTrashDetectionTests.swift */,
				60E5E52396A8A9E963EEA30A /* KeyboardShortcutterTests.swift */,
				48E3BE56B44419133AB4DB41 /* LegacyDataMigrationTests.swift */,
				F57F110363DEA2571C92D002 /* PresentationEvidenceTests.swift */,
				D6AB39FCFF8951FC4C3F93C7 /* StandardWindowControlTests.swift */,
				99DF39DEF1A3A5EBE5AA54BF /* SuperMacFeatureTests.swift */,
				25903B98C29F55332BFEB455 /* UpdateControllerTests.swift */,
				C8F33199F32B608ADD430F83 /* UpdateReleaseScriptTests.swift */,
				378F951DA6AA74D50FC64A0C /* Fixtures */,
			);
			path = SuperMacTests;
			sourceTree = "<group>";
		};
		EE96DC408248BD88912510DD /* SuperMac */ = {
			isa = PBXGroup;
			children = (
				7BA41F9D073FD88D7F828FB3 /* App */,
				B08B8BFBCFDD0A91DB8FB3CB /* Clipboard */,
				9F0E051CA0D4388FC23C406D /* CommandPalette */,
				C109055B51D935EE3572DE84 /* Delivery */,
				CA56FCC170DDD68F6DA8A61E /* Detection */,
				8FF4081C3F22777FFFFAAF2E /* Dictation */,
				F618838305BD9DEEC8DDD5CB /* Domain */,
				96D0EB049EE5542F883C0E39 /* Infrastructure */,
				C13F4A9B9107E3B0973948A3 /* Permissions */,
				65E36344E655062E5781CB7E /* QuickSearch */,
				BD34068FFD5C61C64F9F6B2D /* Resources */,
				9517FE268DAB6978DD8AE43D /* Updates */,
				A9B8CAD289507DB8B25DB9A8 /* Views */,
				B624C559DEE42C8D883D100A /* WindowManagement */,
			);
			path = SuperMac;
			sourceTree = "<group>";
		};
		F618838305BD9DEEC8DDD5CB /* Domain */ = {
			isa = PBXGroup;
			children = (
				842BC96677905E5FD541225A /* Capability.swift */,
				751041DE9F75C902026B8BB7 /* CoachingEvent.swift */,
				ABECCAA1BAF658171B58B4E2 /* KeyboardShortcutRegistry.swift */,
				3FBE0AD5C335288BE3824279 /* NotificationChannel.swift */,
				1B693B5DB877A0D2D65233AB /* ShortcutCatalog.swift */,
			);
			path = Domain;
			sourceTree = "<group>";
		};
/* End PBXGroup section */

/* Begin PBXNativeTarget section */
		79A2EF8E43E507B17F4F0ECC /* SuperMacTests */ = {
			isa = PBXNativeTarget;
			buildConfigurationList = 570BDB3DE27C065A9A3EC61A /* Build configuration list for PBXNativeTarget "SuperMacTests" */;
			buildPhases = (
				C568DA6160BC0EC62386D099 /* Sources */,
				E292D08C13FEB853ADB510B3 /* Resources */,
			);
			buildRules = (
			);
			dependencies = (
				BAFAFA37C80859AE0F9792AE /* PBXTargetDependency */,
			);
			name = SuperMacTests;
			packageProductDependencies = (
			);
			productName = SuperMacTests;
			productReference = D7795FFAAF894657E10D9722 /* SuperMacTests.xctest */;
			productType = "com.apple.product-type.bundle.unit-test";
		};
		FB1B041DF37F782768FD9C65 /* SuperMac */ = {
			isa = PBXNativeTarget;
			buildConfigurationList = 7ABA3EF472F2D2C2344500CE /* Build configuration list for PBXNativeTarget "SuperMac" */;
			buildPhases = (
				B6E1A623E2E0D601FC98124E /* Sources */,
				3B0C1C5F050921A9789D3D68 /* Resources */,
				79A59671C79FFA6412267151 /* Frameworks */,
			);
			buildRules = (
			);
			dependencies = (
			);
			name = SuperMac;
			packageProductDependencies = (
				253E6B887F2F9A4D86D9705C /* Sparkle */,
			);
			productName = SuperMac;
			productReference = 9340D19AA59A8D0E867E2EE1 /* SuperMac.app */;
			productType = "com.apple.product-type.application";
		};
/* End PBXNativeTarget section */

/* Begin PBXProject section */
		19BDA3B43258BBB3E855822E /* Project object */ = {
			isa = PBXProject;
			attributes = {
				BuildIndependentTargetsInParallel = YES;
				LastUpgradeCheck = 1430;
				TargetAttributes = {
					79A2EF8E43E507B17F4F0ECC = {
						DevelopmentTeam = 847HR8U8D9;
						ProvisioningStyle = Automatic;
					};
					FB1B041DF37F782768FD9C65 = {
						DevelopmentTeam = 847HR8U8D9;
						ProvisioningStyle = Automatic;
					};
				};
			};
			buildConfigurationList = 69139DE7B504B399C46E5C64 /* Build configuration list for PBXProject "SuperMac" */;
			compatibilityVersion = "Xcode 14.0";
			developmentRegion = en;
			hasScannedForEncodings = 0;
			knownRegions = (
				Base,
				en,
			);
			mainGroup = 3F62FFC446BB2709D6F89E4D;
			minimizedProjectReferenceProxies = 1;
			packageReferences = (
				CAC0865FE2BC96E329E2A299 /* XCRemoteSwiftPackageReference "Sparkle" */,
			);
			preferredProjectObjectVersion = 77;
			projectDirPath = "";
			projectRoot = "";
			targets = (
				FB1B041DF37F782768FD9C65 /* SuperMac */,
				79A2EF8E43E507B17F4F0ECC /* SuperMacTests */,
			);
		};
/* End PBXProject section */

/* Begin PBXResourcesBuildPhase section */
		3B0C1C5F050921A9789D3D68 /* Resources */ = {
			isa = PBXResourcesBuildPhase;
			buildActionMask = 2147483647;
			files = (
				A96DFACD4867B4B8F5619492 /* Assets.xcassets in Resources */,
			);
			runOnlyForDeploymentPostprocessing = 0;
		};
		E292D08C13FEB853ADB510B3 /* Resources */ = {
			isa = PBXResourcesBuildPhase;
			buildActionMask = 2147483647;
			files = (
				3A5367E28E8097629B28C7FD /* appcast.xml in Resources */,
				757FCEE9FCFA6CFD78F07DF3 /* fixture.md in Resources */,
				FD54C2FC83B463A7CDC7A0C5 /* fixture.zip in Resources */,
			);
			runOnlyForDeploymentPostprocessing = 0;
		};
/* End PBXResourcesBuildPhase section */

/* Begin PBXSourcesBuildPhase section */
		B6E1A623E2E0D601FC98124E /* Sources */ = {
			isa = PBXSourcesBuildPhase;
			buildActionMask = 2147483647;
			files = (
				E909DB0CB06B8A6FB25C0E96 /* AXShortcutEvidenceReader.swift in Sources */,
				E29927A40173419DC2A94C2E /* AccessibilitySnapshotter.swift in Sources */,
				F78B977DFCD21A997E90BED0 /* ActionCorrelator.swift in Sources */,
				87E4B8800D1A96942C01C6D8 /* AppDelegate.swift in Sources */,
				8773503FC55C6C2D12BCA62F /* AppModel.swift in Sources */,
				9A123083B9AA78A72E107ED3 /* AppPreferences.swift in Sources */,
				4485C0E7B6169A3006A83E35 /* AppPresenceController.swift in Sources */,
				FF5B773B8E104E06D38DBA7E /* ApplicationUsageStore.swift in Sources */,
				FB62B9325E7785FDEEB501B4 /* Capability.swift in Sources */,
				2F2DACC19C833EF41ADBD702 /* ChromeActionAdapter.swift in Sources */,
				BBA68BFD1B6B9C15B5D2ED28 /* ClipboardHistoryService.swift in Sources */,
				BD161316A7D761C8706A4943 /* CoachingEvent.swift in Sources */,
				6BB2A830F7178C5B696A3038 /* CommandPaletteController.swift in Sources */,
				3CC2F1521D5D9DA5985DF178 /* DictationAudioPlayer.swift in Sources */,
				B40701549089FE74B959D48E /* DictationHistoryService.swift in Sources */,
				EC2FFB34F79A71D08629C95F /* DictationHistoryView.swift in Sources */,
				91CEDF357F8B72C9E3DE79EF /* DictationIndicatorController.swift in Sources */,
				A98C3F743448B3F422780FAE /* DictationService.swift in Sources */,
				88CC14F3049EF838ECAA0680 /* FinderTrashMonitor.swift in Sources */,
				B75B94A8EE220ED1CE6BC757 /* GlobalShortcutCoordinator.swift in Sources */,
				DD2E133AF9A7FFBBCE04176F /* InboxStore.swift in Sources */,
				3C09F153F945A7C4F88A9935 /* KeyboardShortcutRegistry.swift in Sources */,
				FBC82968D41B0612E062BB57 /* LegacyDataMigrator.swift in Sources */,
				7AC61ABFE660302914B2C181 /* ManualActionDetector.swift in Sources */,
				5300BBA1A5D216BB896E83C5 /* MenuInboxView.swift in Sources */,
				9BFFF7DC990D0C62398C2EE7 /* NativeStatusItemController.swift in Sources */,
				A9945C9305085D8C88E110F2 /* NotificationChannel.swift in Sources */,
				02616B8277F6E19177358C2B /* NotificationDeliveryService.swift in Sources */,
				593B0AB937B6862C6914C955 /* PermissionDragAssistantController.swift in Sources */,
				10BF68EF4B2FCD67176B78E5 /* PointerEventMonitor.swift in Sources */,
				187E6DE7C76E9035BB57C6C2 /* PresentationWindowController.swift in Sources */,
				92E6B3EED451DCB6CC28356A /* ProductIdentity.swift in Sources */,
				2F22E1DE25CD833424C49C42 /* ProductPaths.swift in Sources */,
				48338CA9E74F84BA913AB753 /* QuickSearchService.swift in Sources */,
				D6EEE376BED64257604D8727 /* RecentItemStore.swift in Sources */,
				E09625837E0C77B15DEEE22D /* SettingsRootView.swift in Sources */,
				1B6E06CA72D1EB30D1D26F11 /* SharedViews.swift in Sources */,
				881298FF4FFAEFBD96A747EE /* ShortcutCatalog.swift in Sources */,
				230E9EC0C94164772A13BAB0 /* SparkleUpdateController.swift in Sources */,
				B338B93F3DEBF46EC97E2A0A /* StandardWindowControlMonitor.swift in Sources */,
				5A474A9F1CC0A3DFF5C06267 /* SuperMacApp.swift in Sources */,
				7BA149D9B58AA723E8FF7AED /* SystemChannelAdapters.swift in Sources */,
				0F173B8EEE34731BFC2BB46C /* SystemServices.swift in Sources */,
				98717D28224C1EF1BC213F94 /* TranslatedSpeechPlayer.swift in Sources */,
				C9B8D580B8E1E4ECB44A5B6D /* UpdateController.swift in Sources */,
				B42DB96F46AA57F2B916D84E /* WindowAction.swift in Sources */,
				909548FF1DFC40ED148C19F2 /* WindowGeometry.swift in Sources */,
				9811CCC694AC65A6418FBD98 /* WindowManagementService.swift in Sources */,
			);
			runOnlyForDeploymentPostprocessing = 0;
		};
		C568DA6160BC0EC62386D099 /* Sources */ = {
			isa = PBXSourcesBuildPhase;
			buildActionMask = 2147483647;
			files = (
				10E38342515AA764D84F979D /* ChromeActionDetectionTests.swift in Sources */,
				8E4483D8C92296BB042C0650 /* FinderTrashDetectionTests.swift in Sources */,
				B6B2271C245709F5DB1CE1CB /* KeyboardShortcutterTests.swift in Sources */,
				3CE9D68EAE554D2342E9483E /* LegacyDataMigrationTests.swift in Sources */,
				78A56298B21D918770A553F4 /* PresentationEvidenceTests.swift in Sources */,
				534C9EA197970F4075B479EB /* StandardWindowControlTests.swift in Sources */,
				E6DF6BFB45E567621DA64B0F /* SuperMacFeatureTests.swift in Sources */,
				08F4D2532E291F60FC83D958 /* UpdateControllerTests.swift in Sources */,
				5334C9867DC1B340F9216CC7 /* UpdateReleaseScriptTests.swift in Sources */,
			);
			runOnlyForDeploymentPostprocessing = 0;
		};
/* End PBXSourcesBuildPhase section */

/* Begin PBXTargetDependency section */
		BAFAFA37C80859AE0F9792AE /* PBXTargetDependency */ = {
			isa = PBXTargetDependency;
			target = FB1B041DF37F782768FD9C65 /* SuperMac */;
			targetProxy = D0EB7775129C8C290873EB4A /* PBXContainerItemProxy */;
		};
/* End PBXTargetDependency section */

/* Begin XCBuildConfiguration section */
		1469EBF6C5651580572708EE /* Release */ = {
			isa = XCBuildConfiguration;
			buildSettings = {
				BUNDLE_LOADER = "$(TEST_HOST)";
				CODE_SIGN_STYLE = Automatic;
				COMBINE_HIDPI_IMAGES = YES;
				DEVELOPMENT_TEAM = 847HR8U8D9;
				GENERATE_INFOPLIST_FILE = YES;
				LD_RUNPATH_SEARCH_PATHS = (
					"$(inherited)",
					"@executable_path/../Frameworks",
					"@loader_path/../Frameworks",
				);
				PRODUCT_BUNDLE_IDENTIFIER = com.serp.supermac.tests;
				SDKROOT = macosx;
				TEST_HOST = "$(BUILT_PRODUCTS_DIR)/SuperMac.app/Contents/MacOS/SuperMac";
			};
			name = Release;
		};
		17E8FBE51804DFA62DAF6267 /* Debug */ = {
			isa = XCBuildConfiguration;
			buildSettings = {
				ASSETCATALOG_COMPILER_APPICON_NAME = AppIcon;
				CODE_SIGN_ENTITLEMENTS = SuperMac/Resources/SuperMac.entitlements;
				CODE_SIGN_STYLE = Automatic;
				COMBINE_HIDPI_IMAGES = YES;
				DEVELOPMENT_TEAM = 847HR8U8D9;
				ENABLE_APP_SANDBOX = NO;
				EXECUTABLE_NAME = SuperMac;
				GENERATE_INFOPLIST_FILE = NO;
				INFOPLIST_FILE = SuperMac/Resources/Info.plist;
				LD_RUNPATH_SEARCH_PATHS = (
					"$(inherited)",
					"@executable_path/../Frameworks",
				);
				PRODUCT_BUNDLE_IDENTIFIER = com.serp.supermac;
				PRODUCT_MODULE_NAME = SuperMac;
				PRODUCT_NAME = SuperMac;
				SDKROOT = macosx;
			};
			name = Debug;
		};
		1AD8FA506F18D5D4B23959EA /* Debug */ = {
			isa = XCBuildConfiguration;
			buildSettings = {
				ALWAYS_SEARCH_USER_PATHS = NO;
				ARCHS = arm64;
				CLANG_ANALYZER_NONNULL = YES;
				CLANG_ANALYZER_NUMBER_OBJECT_CONVERSION = YES_AGGRESSIVE;
				CLANG_CXX_LANGUAGE_STANDARD = "gnu++14";
				CLANG_CXX_LIBRARY = "libc++";
				CLANG_ENABLE_MODULES = YES;
				CLANG_ENABLE_OBJC_ARC = YES;
				CLANG_ENABLE_OBJC_WEAK = YES;
				CLANG_WARN_BLOCK_CAPTURE_AUTORELEASING = YES;
				CLANG_WARN_BOOL_CONVERSION = YES;
				CLANG_WARN_COMMA = YES;
				CLANG_WARN_CONSTANT_CONVERSION = YES;
				CLANG_WARN_DEPRECATED_OBJC_IMPLEMENTATIONS = YES;
				CLANG_WARN_DIRECT_OBJC_ISA_USAGE = YES_ERROR;
				CLANG_WARN_DOCUMENTATION_COMMENTS = YES;
				CLANG_WARN_EMPTY_BODY = YES;
				CLANG_WARN_ENUM_CONVERSION = YES;
				CLANG_WARN_INFINITE_RECURSION = YES;
				CLANG_WARN_INT_CONVERSION = YES;
				CLANG_WARN_NON_LITERAL_NULL_CONVERSION = YES;
				CLANG_WARN_OBJC_IMPLICIT_RETAIN_SELF = YES;
				CLANG_WARN_OBJC_LITERAL_CONVERSION = YES;
				CLANG_WARN_OBJC_ROOT_CLASS = YES_ERROR;
				CLANG_WARN_QUOTED_INCLUDE_IN_FRAMEWORK_HEADER = YES;
				CLANG_WARN_RANGE_LOOP_ANALYSIS = YES;
				CLANG_WARN_STRICT_PROTOTYPES = YES;
				CLANG_WARN_SUSPICIOUS_MOVE = YES;
				CLANG_WARN_UNGUARDED_AVAILABILITY = YES_AGGRESSIVE;
				CLANG_WARN_UNREACHABLE_CODE = YES;
				CLANG_WARN__DUPLICATE_METHOD_MATCH = YES;
				COPY_PHASE_STRIP = NO;
				CURRENT_PROJECT_VERSION = 2;
				DEBUG_INFORMATION_FORMAT = dwarf;
				ENABLE_HARDENED_RUNTIME = YES;
				ENABLE_STRICT_OBJC_MSGSEND = YES;
				ENABLE_TESTABILITY = YES;
				GCC_C_LANGUAGE_STANDARD = gnu11;
				GCC_DYNAMIC_NO_PIC = NO;
				GCC_NO_COMMON_BLOCKS = YES;
				GCC_OPTIMIZATION_LEVEL = 0;
				GCC_PREPROCESSOR_DEFINITIONS = (
					"$(inherited)",
					"DEBUG=1",
				);
				GCC_WARN_64_TO_32_BIT_CONVERSION = YES;
				GCC_WARN_ABOUT_RETURN_TYPE = YES_ERROR;
				GCC_WARN_UNDECLARED_SELECTOR = YES;
				GCC_WARN_UNINITIALIZED_AUTOS = YES_AGGRESSIVE;
				GCC_WARN_UNUSED_FUNCTION = YES;
				GCC_WARN_UNUSED_VARIABLE = YES;
				MACOSX_DEPLOYMENT_TARGET = 14.2;
				MARKETING_VERSION = 0.0.2;
				MTL_ENABLE_DEBUG_INFO = INCLUDE_SOURCE;
				MTL_FAST_MATH = YES;
				ONLY_ACTIVE_ARCH = YES;
				PRODUCT_NAME = "$(TARGET_NAME)";
				SDKROOT = macosx;
				SUPERMAC_UPDATE_FEED_URL = "";
				SUPERMAC_UPDATE_PUBLIC_KEY = "";
				SWIFT_ACTIVE_COMPILATION_CONDITIONS = DEBUG;
				SWIFT_OPTIMIZATION_LEVEL = "-Onone";
				SWIFT_VERSION = 5.10;
			};
			name = Debug;
		};
		705F9FD6B795F6F6FFA5B4E3 /* Release */ = {
			isa = XCBuildConfiguration;
			buildSettings = {
				ALWAYS_SEARCH_USER_PATHS = NO;
				ARCHS = arm64;
				CLANG_ANALYZER_NONNULL = YES;
				CLANG_ANALYZER_NUMBER_OBJECT_CONVERSION = YES_AGGRESSIVE;
				CLANG_CXX_LANGUAGE_STANDARD = "gnu++14";
				CLANG_CXX_LIBRARY = "libc++";
				CLANG_ENABLE_MODULES = YES;
				CLANG_ENABLE_OBJC_ARC = YES;
				CLANG_ENABLE_OBJC_WEAK = YES;
				CLANG_WARN_BLOCK_CAPTURE_AUTORELEASING = YES;
				CLANG_WARN_BOOL_CONVERSION = YES;
				CLANG_WARN_COMMA = YES;
				CLANG_WARN_CONSTANT_CONVERSION = YES;
				CLANG_WARN_DEPRECATED_OBJC_IMPLEMENTATIONS = YES;
				CLANG_WARN_DIRECT_OBJC_ISA_USAGE = YES_ERROR;
				CLANG_WARN_DOCUMENTATION_COMMENTS = YES;
				CLANG_WARN_EMPTY_BODY = YES;
				CLANG_WARN_ENUM_CONVERSION = YES;
				CLANG_WARN_INFINITE_RECURSION = YES;
				CLANG_WARN_INT_CONVERSION = YES;
				CLANG_WARN_NON_LITERAL_NULL_CONVERSION = YES;
				CLANG_WARN_OBJC_IMPLICIT_RETAIN_SELF = YES;
				CLANG_WARN_OBJC_LITERAL_CONVERSION = YES;
				CLANG_WARN_OBJC_ROOT_CLASS = YES_ERROR;
				CLANG_WARN_QUOTED_INCLUDE_IN_FRAMEWORK_HEADER = YES;
				CLANG_WARN_RANGE_LOOP_ANALYSIS = YES;
				CLANG_WARN_STRICT_PROTOTYPES = YES;
				CLANG_WARN_SUSPICIOUS_MOVE = YES;
				CLANG_WARN_UNGUARDED_AVAILABILITY = YES_AGGRESSIVE;
				CLANG_WARN_UNREACHABLE_CODE = YES;
				CLANG_WARN__DUPLICATE_METHOD_MATCH = YES;
				COPY_PHASE_STRIP = NO;
				CURRENT_PROJECT_VERSION = 2;
				DEBUG_INFORMATION_FORMAT = "dwarf-with-dsym";
				ENABLE_HARDENED_RUNTIME = YES;
				ENABLE_NS_ASSERTIONS = NO;
				ENABLE_STRICT_OBJC_MSGSEND = YES;
				GCC_C_LANGUAGE_STANDARD = gnu11;
				GCC_NO_COMMON_BLOCKS = YES;
				GCC_WARN_64_TO_32_BIT_CONVERSION = YES;
				GCC_WARN_ABOUT_RETURN_TYPE = YES_ERROR;
				GCC_WARN_UNDECLARED_SELECTOR = YES;
				GCC_WARN_UNINITIALIZED_AUTOS = YES_AGGRESSIVE;
				GCC_WARN_UNUSED_FUNCTION = YES;
				GCC_WARN_UNUSED_VARIABLE = YES;
				MACOSX_DEPLOYMENT_TARGET = 14.2;
				MARKETING_VERSION = 0.0.2;
				MTL_ENABLE_DEBUG_INFO = NO;
				MTL_FAST_MATH = YES;
				PRODUCT_NAME = "$(TARGET_NAME)";
				SDKROOT = macosx;
				SUPERMAC_UPDATE_FEED_URL = "";
				SUPERMAC_UPDATE_PUBLIC_KEY = "";
				SWIFT_COMPILATION_MODE = wholemodule;
				SWIFT_OPTIMIZATION_LEVEL = "-O";
				SWIFT_VERSION = 5.10;
			};
			name = Release;
		};
		8803B8DA485599C058EA58E2 /* Release */ = {
			isa = XCBuildConfiguration;
			buildSettings = {
				ASSETCATALOG_COMPILER_APPICON_NAME = AppIcon;
				CODE_SIGN_ENTITLEMENTS = SuperMac/Resources/SuperMac.entitlements;
				CODE_SIGN_STYLE = Automatic;
				COMBINE_HIDPI_IMAGES = YES;
				DEVELOPMENT_TEAM = 847HR8U8D9;
				ENABLE_APP_SANDBOX = NO;
				EXECUTABLE_NAME = SuperMac;
				GENERATE_INFOPLIST_FILE = NO;
				INFOPLIST_FILE = SuperMac/Resources/Info.plist;
				LD_RUNPATH_SEARCH_PATHS = (
					"$(inherited)",
					"@executable_path/../Frameworks",
				);
				PRODUCT_BUNDLE_IDENTIFIER = com.serp.supermac;
				PRODUCT_MODULE_NAME = SuperMac;
				PRODUCT_NAME = SuperMac;
				SDKROOT = macosx;
			};
			name = Release;
		};
		C414666155A3E0D2F52661F2 /* Debug */ = {
			isa = XCBuildConfiguration;
			buildSettings = {
				BUNDLE_LOADER = "$(TEST_HOST)";
				CODE_SIGN_STYLE = Automatic;
				COMBINE_HIDPI_IMAGES = YES;
				DEVELOPMENT_TEAM = 847HR8U8D9;
				GENERATE_INFOPLIST_FILE = YES;
				LD_RUNPATH_SEARCH_PATHS = (
					"$(inherited)",
					"@executable_path/../Frameworks",
					"@loader_path/../Frameworks",
				);
				PRODUCT_BUNDLE_IDENTIFIER = com.serp.supermac.tests;
				SDKROOT = macosx;
				TEST_HOST = "$(BUILT_PRODUCTS_DIR)/SuperMac.app/Contents/MacOS/SuperMac";
			};
			name = Debug;
		};
/* End XCBuildConfiguration section */

/* Begin XCConfigurationList section */
		570BDB3DE27C065A9A3EC61A /* Build configuration list for PBXNativeTarget "SuperMacTests" */ = {
			isa = XCConfigurationList;
			buildConfigurations = (
				C414666155A3E0D2F52661F2 /* Debug */,
				1469EBF6C5651580572708EE /* Release */,
			);
			defaultConfigurationIsVisible = 0;
			defaultConfigurationName = Debug;
		};
		69139DE7B504B399C46E5C64 /* Build configuration list for PBXProject "SuperMac" */ = {
			isa = XCConfigurationList;
			buildConfigurations = (
				1AD8FA506F18D5D4B23959EA /* Debug */,
				705F9FD6B795F6F6FFA5B4E3 /* Release */,
			);
			defaultConfigurationIsVisible = 0;
			defaultConfigurationName = Debug;
		};
		7ABA3EF472F2D2C2344500CE /* Build configuration list for PBXNativeTarget "SuperMac" */ = {
			isa = XCConfigurationList;
			buildConfigurations = (
				17E8FBE51804DFA62DAF6267 /* Debug */,
				8803B8DA485599C058EA58E2 /* Release */,
			);
			defaultConfigurationIsVisible = 0;
			defaultConfigurationName = Debug;
		};
/* End XCConfigurationList section */

/* Begin XCRemoteSwiftPackageReference section */
		CAC0865FE2BC96E329E2A299 /* XCRemoteSwiftPackageReference "Sparkle" */ = {
			isa = XCRemoteSwiftPackageReference;
			repositoryURL = "https://github.com/sparkle-project/Sparkle";
			requirement = {
				kind = exactVersion;
				version = 2.10.0;
			};
		};
/* End XCRemoteSwiftPackageReference section */

/* Begin XCSwiftPackageProductDependency section */
		253E6B887F2F9A4D86D9705C /* Sparkle */ = {
			isa = XCSwiftPackageProductDependency;
			package = CAC0865FE2BC96E329E2A299 /* XCRemoteSwiftPackageReference "Sparkle" */;
			productName = Sparkle;
		};
/* End XCSwiftPackageProductDependency section */
	};
	rootObject = 19BDA3B43258BBB3E855822E /* Project object */;
}
