// !$*UTF8*$!
{
	archiveVersion = 1;
	classes = {
	};
	objectVersion = 77;
	objects = {

/* Begin PBXBuildFile section */
		09A327822E4931F6D4661855 /* AppPresenceController.swift in Sources */ = {isa = PBXBuildFile; fileRef = 3075431997CCC529D232B50A /* AppPresenceController.swift */; };
		0D1C427B63BD49EADBB97F20 /* CoachingEvent.swift in Sources */ = {isa = PBXBuildFile; fileRef = 0D255C268BB63BC11F3BF1E2 /* CoachingEvent.swift */; };
		14F2944FF43B6F1CCAD36EFD /* InboxStore.swift in Sources */ = {isa = PBXBuildFile; fileRef = FBBC0A9B8D3F1E70652A6777 /* InboxStore.swift */; };
		19ED711335BBA98C6863E8A0 /* NotificationChannel.swift in Sources */ = {isa = PBXBuildFile; fileRef = B543F9B1706BE9E1199F4E32 /* NotificationChannel.swift */; };
		1BD7EF2ADDC7333E20E05E32 /* WindowManagementService.swift in Sources */ = {isa = PBXBuildFile; fileRef = 66F90340953B09FB2A07D2C1 /* WindowManagementService.swift */; };
		1C6C46D985C37E8E493C0BC1 /* ChromeActionAdapter.swift in Sources */ = {isa = PBXBuildFile; fileRef = 9C4EED43FD84545346E3AB59 /* ChromeActionAdapter.swift */; };
		2487D35340386C93D87C5132 /* WindowAction.swift in Sources */ = {isa = PBXBuildFile; fileRef = 4091AC4EA11543560C717F8E /* WindowAction.swift */; };
		28FEF2D13F0202C58E307FD7 /* DictationIndicatorController.swift in Sources */ = {isa = PBXBuildFile; fileRef = 820821DF88ED29284E8AC6B1 /* DictationIndicatorController.swift */; };
		2941290420DB427B7A16B452 /* WindowGeometry.swift in Sources */ = {isa = PBXBuildFile; fileRef = FA793790D101A68C158CED7B /* WindowGeometry.swift */; };
		2BF78526DE1B66D9CFA283FB /* DictationHistoryService.swift in Sources */ = {isa = PBXBuildFile; fileRef = EB1D5E210EAB49EC2EC614FB /* DictationHistoryService.swift */; };
		40DD2A29685045FFE6404543 /* ShortcutCoachApp.swift in Sources */ = {isa = PBXBuildFile; fileRef = EEE4B05EF18EC1B5915BD65D /* ShortcutCoachApp.swift */; };
		4367EEFEF374F8059D26B1E4 /* StandardWindowControlTests.swift in Sources */ = {isa = PBXBuildFile; fileRef = 8EA2F0CA3DF7839929B10DC2 /* StandardWindowControlTests.swift */; };
		4AA495854CACE7F4331DD94F /* QuickSearchService.swift in Sources */ = {isa = PBXBuildFile; fileRef = 08A0016AD55253C1D86886E0 /* QuickSearchService.swift */; };
		4BA0EB76BEE6C9E7F1F8ABDD /* FinderTrashMonitor.swift in Sources */ = {isa = PBXBuildFile; fileRef = C48E1AC9277A7209C43449FE /* FinderTrashMonitor.swift */; };
		58FFD759950DC5067B480B84 /* CompanionFeatureTests.swift in Sources */ = {isa = PBXBuildFile; fileRef = 3ECB1173D29E6031892583E9 /* CompanionFeatureTests.swift */; };
		5B4BFC0A72962D5175A6AEBB /* AppDelegate.swift in Sources */ = {isa = PBXBuildFile; fileRef = 183819E2F2309815D1616BAB /* AppDelegate.swift */; };
		5DCF030BC3543A04DEE8A688 /* DictationService.swift in Sources */ = {isa = PBXBuildFile; fileRef = 16DD1B314469B62E4A3713FD /* DictationService.swift */; };
		60250C5D24587888A60CFD04 /* ShortcutFormatter.swift in Sources */ = {isa = PBXBuildFile; fileRef = 7263DDBBA4B1AE81E54AFA3E /* ShortcutFormatter.swift */; };
		7751BC2DD7BBC4F720EC2203 /* SettingsRootView.swift in Sources */ = {isa = PBXBuildFile; fileRef = BF0930D65732C97A2884DB5D /* SettingsRootView.swift */; };
		7C027D8128B8C607E81D70AB /* FinderTrashDetectionTests.swift in Sources */ = {isa = PBXBuildFile; fileRef = 64C5745D275DD0A21D08A8A4 /* FinderTrashDetectionTests.swift */; };
		7F78F75FB3CD15BFCE0664A7 /* AccessibilitySnapshotter.swift in Sources */ = {isa = PBXBuildFile; fileRef = CCE8D09888502F669B1CBEAE /* AccessibilitySnapshotter.swift */; };
		803A503F399377FAABD07EC6 /* SystemChannelAdapters.swift in Sources */ = {isa = PBXBuildFile; fileRef = 88E477ED2BE84D74B2A1F8CF /* SystemChannelAdapters.swift */; };
		83DB69EA3337545F7BF8BD8A /* NativeStatusItemController.swift in Sources */ = {isa = PBXBuildFile; fileRef = 1726675C7F7F25E6BB623B47 /* NativeStatusItemController.swift */; };
		895F8CE14115380E5440E8CA /* SharedViews.swift in Sources */ = {isa = PBXBuildFile; fileRef = 92ACBF74F227DA576BBB1264 /* SharedViews.swift */; };
		97F0753CAAA4536FF9348201 /* PermissionDragAssistantController.swift in Sources */ = {isa = PBXBuildFile; fileRef = 2B1DA340FDF56D3903AB398B /* PermissionDragAssistantController.swift */; };
		9A40DAAF91CF1E9F96671084 /* Capability.swift in Sources */ = {isa = PBXBuildFile; fileRef = D46472C0116EB655EB5D9395 /* Capability.swift */; };
		A5C548C2C58564FA6428F6C3 /* SystemServices.swift in Sources */ = {isa = PBXBuildFile; fileRef = 244CAA470E85F1D0D85ABB78 /* SystemServices.swift */; };
		B21EECC2C0894162B12B6D14 /* ManualActionDetector.swift in Sources */ = {isa = PBXBuildFile; fileRef = C7CADC8687B1AE12B87376B4 /* ManualActionDetector.swift */; };
		B60FB5D1B8390ACB18BC2F59 /* PointerEventMonitor.swift in Sources */ = {isa = PBXBuildFile; fileRef = 5553D5ABBF3947865EDABDE0 /* PointerEventMonitor.swift */; };
		B794CEC56E43782E01377C7F /* CommandPaletteController.swift in Sources */ = {isa = PBXBuildFile; fileRef = 594A4F82B1D50908E308BBDD /* CommandPaletteController.swift */; };
		BA80A78191B57B2360FF71BB /* StandardWindowControlMonitor.swift in Sources */ = {isa = PBXBuildFile; fileRef = C14A811F56D76DDC70D81B85 /* StandardWindowControlMonitor.swift */; };
		C05F7787E7223CA2FC113B1D /* PresentationEvidenceTests.swift in Sources */ = {isa = PBXBuildFile; fileRef = 6404C87AC1020DA96AA9F649 /* PresentationEvidenceTests.swift */; };
		C4BEF742E472442B18D544A5 /* ClipboardHistoryService.swift in Sources */ = {isa = PBXBuildFile; fileRef = B8D73060AECDFD8F7D5930B9 /* ClipboardHistoryService.swift */; };
		CF342909D99F150BF9D5D66E /* ActionCorrelator.swift in Sources */ = {isa = PBXBuildFile; fileRef = D9882FC177D639F20ADF669A /* ActionCorrelator.swift */; };
		D1F1D81EA2EACA69360044F1 /* ShortcutCatalog.swift in Sources */ = {isa = PBXBuildFile; fileRef = 25A28A2604BC6C72440D94CD /* ShortcutCatalog.swift */; };
		D8BD040B59A134894B592F8D /* NotificationDeliveryService.swift in Sources */ = {isa = PBXBuildFile; fileRef = B3C752A541797EA95D7677C0 /* NotificationDeliveryService.swift */; };
		DBCAFA7DD8BF629699337BCB /* ChromeActionDetectionTests.swift in Sources */ = {isa = PBXBuildFile; fileRef = 0056C8963CA4813E8A84E886 /* ChromeActionDetectionTests.swift */; };
		DD42A45BA6C3E30CAC200A72 /* ProductIdentity.swift in Sources */ = {isa = PBXBuildFile; fileRef = 98356FEA43C096CE3F0AC3C3 /* ProductIdentity.swift */; };
		DF3AC208ABEB8B29939DA5A8 /* MenuInboxView.swift in Sources */ = {isa = PBXBuildFile; fileRef = 5D3D3311B8821F0CE1B9FE70 /* MenuInboxView.swift */; };
		E3F197F1DB0C12B4FB742E60 /* ShortcutCoachTests.swift in Sources */ = {isa = PBXBuildFile; fileRef = 797FEFE7C3B08B20A02ACE18 /* ShortcutCoachTests.swift */; };
		EA3E97DD78BAE540D53B4BC2 /* GlobalShortcutCoordinator.swift in Sources */ = {isa = PBXBuildFile; fileRef = F548C76AFE5DB3E2F971A397 /* GlobalShortcutCoordinator.swift */; };
		F387AFD5149F9A1A057E215C /* PresentationWindowController.swift in Sources */ = {isa = PBXBuildFile; fileRef = 08A882CD5BFC4C6C9C5E713C /* PresentationWindowController.swift */; };
		F5D48C27AAECD9ADB9D6EC53 /* AppModel.swift in Sources */ = {isa = PBXBuildFile; fileRef = 5EE4C06FFFC2C016DD468BA6 /* AppModel.swift */; };
		F7356DFE7EA5B2AAB0B3D95E /* AppPreferences.swift in Sources */ = {isa = PBXBuildFile; fileRef = 16CB756E493216E928BFE385 /* AppPreferences.swift */; };
		F7BAFA25939DF80AA8478C4D /* Assets.xcassets in Resources */ = {isa = PBXBuildFile; fileRef = 954556F59AE11A0677F9CD06 /* Assets.xcassets */; };
/* End PBXBuildFile section */

/* Begin PBXContainerItemProxy section */
		1422E5C5F6FA8D7C1998CFA7 /* PBXContainerItemProxy */ = {
			isa = PBXContainerItemProxy;
			containerPortal = 99081BD746E7F4BC1AD218B4 /* Project object */;
			proxyType = 1;
			remoteGlobalIDString = F85A503B7003981F35C0AEF3;
			remoteInfo = SERPCompanion;
		};
/* End PBXContainerItemProxy section */

/* Begin PBXFileReference section */
		0056C8963CA4813E8A84E886 /* ChromeActionDetectionTests.swift */ = {isa = PBXFileReference; lastKnownFileType = sourcecode.swift; path = ChromeActionDetectionTests.swift; sourceTree = "<group>"; };
		08A0016AD55253C1D86886E0 /* QuickSearchService.swift */ = {isa = PBXFileReference; lastKnownFileType = sourcecode.swift; path = QuickSearchService.swift; sourceTree = "<group>"; };
		08A882CD5BFC4C6C9C5E713C /* PresentationWindowController.swift */ = {isa = PBXFileReference; lastKnownFileType = sourcecode.swift; path = PresentationWindowController.swift; sourceTree = "<group>"; };
		0D255C268BB63BC11F3BF1E2 /* CoachingEvent.swift */ = {isa = PBXFileReference; lastKnownFileType = sourcecode.swift; path = CoachingEvent.swift; sourceTree = "<group>"; };
		16CB756E493216E928BFE385 /* AppPreferences.swift */ = {isa = PBXFileReference; lastKnownFileType = sourcecode.swift; path = AppPreferences.swift; sourceTree = "<group>"; };
		16DD1B314469B62E4A3713FD /* DictationService.swift */ = {isa = PBXFileReference; lastKnownFileType = sourcecode.swift; path = DictationService.swift; sourceTree = "<group>"; };
		1726675C7F7F25E6BB623B47 /* NativeStatusItemController.swift */ = {isa = PBXFileReference; lastKnownFileType = sourcecode.swift; path = NativeStatusItemController.swift; sourceTree = "<group>"; };
		183819E2F2309815D1616BAB /* AppDelegate.swift */ = {isa = PBXFileReference; lastKnownFileType = sourcecode.swift; path = AppDelegate.swift; sourceTree = "<group>"; };
		244CAA470E85F1D0D85ABB78 /* SystemServices.swift */ = {isa = PBXFileReference; lastKnownFileType = sourcecode.swift; path = SystemServices.swift; sourceTree = "<group>"; };
		25A28A2604BC6C72440D94CD /* ShortcutCatalog.swift */ = {isa = PBXFileReference; lastKnownFileType = sourcecode.swift; path = ShortcutCatalog.swift; sourceTree = "<group>"; };
		2B1DA340FDF56D3903AB398B /* PermissionDragAssistantController.swift */ = {isa = PBXFileReference; lastKnownFileType = sourcecode.swift; path = PermissionDragAssistantController.swift; sourceTree = "<group>"; };
		3075431997CCC529D232B50A /* AppPresenceController.swift */ = {isa = PBXFileReference; lastKnownFileType = sourcecode.swift; path = AppPresenceController.swift; sourceTree = "<group>"; };
		3ECB1173D29E6031892583E9 /* CompanionFeatureTests.swift */ = {isa = PBXFileReference; lastKnownFileType = sourcecode.swift; path = CompanionFeatureTests.swift; sourceTree = "<group>"; };
		4091AC4EA11543560C717F8E /* WindowAction.swift */ = {isa = PBXFileReference; lastKnownFileType = sourcecode.swift; path = WindowAction.swift; sourceTree = "<group>"; };
		5553D5ABBF3947865EDABDE0 /* PointerEventMonitor.swift */ = {isa = PBXFileReference; lastKnownFileType = sourcecode.swift; path = PointerEventMonitor.swift; sourceTree = "<group>"; };
		594A4F82B1D50908E308BBDD /* CommandPaletteController.swift */ = {isa = PBXFileReference; lastKnownFileType = sourcecode.swift; path = CommandPaletteController.swift; sourceTree = "<group>"; };
		5D3D3311B8821F0CE1B9FE70 /* MenuInboxView.swift */ = {isa = PBXFileReference; lastKnownFileType = sourcecode.swift; path = MenuInboxView.swift; sourceTree = "<group>"; };
		5EE4C06FFFC2C016DD468BA6 /* AppModel.swift */ = {isa = PBXFileReference; lastKnownFileType = sourcecode.swift; path = AppModel.swift; sourceTree = "<group>"; };
		6404C87AC1020DA96AA9F649 /* PresentationEvidenceTests.swift */ = {isa = PBXFileReference; lastKnownFileType = sourcecode.swift; path = PresentationEvidenceTests.swift; sourceTree = "<group>"; };
		64C5745D275DD0A21D08A8A4 /* FinderTrashDetectionTests.swift */ = {isa = PBXFileReference; lastKnownFileType = sourcecode.swift; path = FinderTrashDetectionTests.swift; sourceTree = "<group>"; };
		66F90340953B09FB2A07D2C1 /* WindowManagementService.swift */ = {isa = PBXFileReference; lastKnownFileType = sourcecode.swift; path = WindowManagementService.swift; sourceTree = "<group>"; };
		7263DDBBA4B1AE81E54AFA3E /* ShortcutFormatter.swift */ = {isa = PBXFileReference; lastKnownFileType = sourcecode.swift; path = ShortcutFormatter.swift; sourceTree = "<group>"; };
		797FEFE7C3B08B20A02ACE18 /* ShortcutCoachTests.swift */ = {isa = PBXFileReference; lastKnownFileType = sourcecode.swift; path = ShortcutCoachTests.swift; sourceTree = "<group>"; };
		820821DF88ED29284E8AC6B1 /* DictationIndicatorController.swift */ = {isa = PBXFileReference; lastKnownFileType = sourcecode.swift; path = DictationIndicatorController.swift; sourceTree = "<group>"; };
		88E477ED2BE84D74B2A1F8CF /* SystemChannelAdapters.swift */ = {isa = PBXFileReference; lastKnownFileType = sourcecode.swift; path = SystemChannelAdapters.swift; sourceTree = "<group>"; };
		8C78FAA11152749454C56D78 /* SERPCompanionTests.xctest */ = {isa = PBXFileReference; explicitFileType = wrapper.cfbundle; includeInIndex = 0; path = SERPCompanionTests.xctest; sourceTree = BUILT_PRODUCTS_DIR; };
		8E3C7B6CCE8857BD73A85AC1 /* SERPCompanion.app */ = {isa = PBXFileReference; explicitFileType = wrapper.application; includeInIndex = 0; path = SERPCompanion.app; sourceTree = BUILT_PRODUCTS_DIR; };
		8EA2F0CA3DF7839929B10DC2 /* StandardWindowControlTests.swift */ = {isa = PBXFileReference; lastKnownFileType = sourcecode.swift; path = StandardWindowControlTests.swift; sourceTree = "<group>"; };
		92ACBF74F227DA576BBB1264 /* SharedViews.swift */ = {isa = PBXFileReference; lastKnownFileType = sourcecode.swift; path = SharedViews.swift; sourceTree = "<group>"; };
		954556F59AE11A0677F9CD06 /* Assets.xcassets */ = {isa = PBXFileReference; lastKnownFileType = folder.assetcatalog; path = Assets.xcassets; sourceTree = "<group>"; };
		98356FEA43C096CE3F0AC3C3 /* ProductIdentity.swift */ = {isa = PBXFileReference; lastKnownFileType = sourcecode.swift; path = ProductIdentity.swift; sourceTree = "<group>"; };
		9C4EED43FD84545346E3AB59 /* ChromeActionAdapter.swift */ = {isa = PBXFileReference; lastKnownFileType = sourcecode.swift; path = ChromeActionAdapter.swift; sourceTree = "<group>"; };
		B3C752A541797EA95D7677C0 /* NotificationDeliveryService.swift */ = {isa = PBXFileReference; lastKnownFileType = sourcecode.swift; path = NotificationDeliveryService.swift; sourceTree = "<group>"; };
		B543F9B1706BE9E1199F4E32 /* NotificationChannel.swift */ = {isa = PBXFileReference; lastKnownFileType = sourcecode.swift; path = NotificationChannel.swift; sourceTree = "<group>"; };
		B8D73060AECDFD8F7D5930B9 /* ClipboardHistoryService.swift */ = {isa = PBXFileReference; lastKnownFileType = sourcecode.swift; path = ClipboardHistoryService.swift; sourceTree = "<group>"; };
		BF0930D65732C97A2884DB5D /* SettingsRootView.swift */ = {isa = PBXFileReference; lastKnownFileType = sourcecode.swift; path = SettingsRootView.swift; sourceTree = "<group>"; };
		C14A811F56D76DDC70D81B85 /* StandardWindowControlMonitor.swift */ = {isa = PBXFileReference; lastKnownFileType = sourcecode.swift; path = StandardWindowControlMonitor.swift; sourceTree = "<group>"; };
		C48E1AC9277A7209C43449FE /* FinderTrashMonitor.swift */ = {isa = PBXFileReference; lastKnownFileType = sourcecode.swift; path = FinderTrashMonitor.swift; sourceTree = "<group>"; };
		C7CADC8687B1AE12B87376B4 /* ManualActionDetector.swift */ = {isa = PBXFileReference; lastKnownFileType = sourcecode.swift; path = ManualActionDetector.swift; sourceTree = "<group>"; };
		CCE8D09888502F669B1CBEAE /* AccessibilitySnapshotter.swift */ = {isa = PBXFileReference; lastKnownFileType = sourcecode.swift; path = AccessibilitySnapshotter.swift; sourceTree = "<group>"; };
		D46472C0116EB655EB5D9395 /* Capability.swift */ = {isa = PBXFileReference; lastKnownFileType = sourcecode.swift; path = Capability.swift; sourceTree = "<group>"; };
		D9882FC177D639F20ADF669A /* ActionCorrelator.swift */ = {isa = PBXFileReference; lastKnownFileType = sourcecode.swift; path = ActionCorrelator.swift; sourceTree = "<group>"; };
		EA21E234F61596440EB90376 /* SuperMac.entitlements */ = {isa = PBXFileReference; lastKnownFileType = text.plist.entitlements; path = SuperMac.entitlements; sourceTree = "<group>"; };
		EB1D5E210EAB49EC2EC614FB /* DictationHistoryService.swift */ = {isa = PBXFileReference; lastKnownFileType = sourcecode.swift; path = DictationHistoryService.swift; sourceTree = "<group>"; };
		EEDA47475D13103CA4AD190F /* ShortcutCoach-AppStore.entitlements */ = {isa = PBXFileReference; lastKnownFileType = text.plist.entitlements; path = "ShortcutCoach-AppStore.entitlements"; sourceTree = "<group>"; };
		EEE4B05EF18EC1B5915BD65D /* ShortcutCoachApp.swift */ = {isa = PBXFileReference; lastKnownFileType = sourcecode.swift; path = ShortcutCoachApp.swift; sourceTree = "<group>"; };
		F548C76AFE5DB3E2F971A397 /* GlobalShortcutCoordinator.swift */ = {isa = PBXFileReference; lastKnownFileType = sourcecode.swift; path = GlobalShortcutCoordinator.swift; sourceTree = "<group>"; };
		FA793790D101A68C158CED7B /* WindowGeometry.swift */ = {isa = PBXFileReference; lastKnownFileType = sourcecode.swift; path = WindowGeometry.swift; sourceTree = "<group>"; };
		FBBC0A9B8D3F1E70652A6777 /* InboxStore.swift */ = {isa = PBXFileReference; lastKnownFileType = sourcecode.swift; path = InboxStore.swift; sourceTree = "<group>"; };
/* End PBXFileReference section */

/* Begin PBXGroup section */
		117B4D4C09AC3E6C3CD83585 /* Detection */ = {
			isa = PBXGroup;
			children = (
				CCE8D09888502F669B1CBEAE /* AccessibilitySnapshotter.swift */,
				D9882FC177D639F20ADF669A /* ActionCorrelator.swift */,
				9C4EED43FD84545346E3AB59 /* ChromeActionAdapter.swift */,
				C48E1AC9277A7209C43449FE /* FinderTrashMonitor.swift */,
				C7CADC8687B1AE12B87376B4 /* ManualActionDetector.swift */,
				5553D5ABBF3947865EDABDE0 /* PointerEventMonitor.swift */,
				C14A811F56D76DDC70D81B85 /* StandardWindowControlMonitor.swift */,
			);
			path = Detection;
			sourceTree = "<group>";
		};
		23FDC995D11146F6DB193B74 = {
			isa = PBXGroup;
			children = (
				5A0FB0D1325E44913DE0A68A /* SERPCompanion */,
				FFEFE3F8BB3DAB8ADC427D5E /* SERPCompanionTests */,
				7BE9F618C22852DEC5C5B58A /* Products */,
			);
			sourceTree = "<group>";
		};
		5A0FB0D1325E44913DE0A68A /* SERPCompanion */ = {
			isa = PBXGroup;
			children = (
				899EFFA47D2436A05B376C4F /* App */,
				77556478B0E0F29B45F11AB7 /* Clipboard */,
				ACFD1E04AF10888BE57C8CC4 /* CommandPalette */,
				776D3DC42E9F7AEAB24767A9 /* Delivery */,
				117B4D4C09AC3E6C3CD83585 /* Detection */,
				7349F314B7DD7A05396B59C0 /* Dictation */,
				FBBB076D27F9C1E3F36170B5 /* Domain */,
				970F79BFFEA6CD6862E3B405 /* Infrastructure */,
				C4E7B20DD2485AE3C37B81C0 /* Permissions */,
				F5B93A5EAFB48A60727654BE /* QuickSearch */,
				968B62D1975B49B05AC0F62D /* Resources */,
				DFF930BE1C8F97210BD16D51 /* Views */,
				82B8AE128B75738BC6561012 /* WindowManagement */,
			);
			path = SERPCompanion;
			sourceTree = "<group>";
		};
		7349F314B7DD7A05396B59C0 /* Dictation */ = {
			isa = PBXGroup;
			children = (
				EB1D5E210EAB49EC2EC614FB /* DictationHistoryService.swift */,
				820821DF88ED29284E8AC6B1 /* DictationIndicatorController.swift */,
				16DD1B314469B62E4A3713FD /* DictationService.swift */,
			);
			path = Dictation;
			sourceTree = "<group>";
		};
		77556478B0E0F29B45F11AB7 /* Clipboard */ = {
			isa = PBXGroup;
			children = (
				B8D73060AECDFD8F7D5930B9 /* ClipboardHistoryService.swift */,
			);
			path = Clipboard;
			sourceTree = "<group>";
		};
		776D3DC42E9F7AEAB24767A9 /* Delivery */ = {
			isa = PBXGroup;
			children = (
				B3C752A541797EA95D7677C0 /* NotificationDeliveryService.swift */,
				08A882CD5BFC4C6C9C5E713C /* PresentationWindowController.swift */,
				88E477ED2BE84D74B2A1F8CF /* SystemChannelAdapters.swift */,
			);
			path = Delivery;
			sourceTree = "<group>";
		};
		7BE9F618C22852DEC5C5B58A /* Products */ = {
			isa = PBXGroup;
			children = (
				8E3C7B6CCE8857BD73A85AC1 /* SERPCompanion.app */,
				8C78FAA11152749454C56D78 /* SERPCompanionTests.xctest */,
			);
			name = Products;
			sourceTree = "<group>";
		};
		82B8AE128B75738BC6561012 /* WindowManagement */ = {
			isa = PBXGroup;
			children = (
				4091AC4EA11543560C717F8E /* WindowAction.swift */,
				FA793790D101A68C158CED7B /* WindowGeometry.swift */,
				66F90340953B09FB2A07D2C1 /* WindowManagementService.swift */,
			);
			path = WindowManagement;
			sourceTree = "<group>";
		};
		899EFFA47D2436A05B376C4F /* App */ = {
			isa = PBXGroup;
			children = (
				183819E2F2309815D1616BAB /* AppDelegate.swift */,
				5EE4C06FFFC2C016DD468BA6 /* AppModel.swift */,
				1726675C7F7F25E6BB623B47 /* NativeStatusItemController.swift */,
				EEE4B05EF18EC1B5915BD65D /* ShortcutCoachApp.swift */,
			);
			path = App;
			sourceTree = "<group>";
		};
		968B62D1975B49B05AC0F62D /* Resources */ = {
			isa = PBXGroup;
			children = (
				954556F59AE11A0677F9CD06 /* Assets.xcassets */,
				EEDA47475D13103CA4AD190F /* ShortcutCoach-AppStore.entitlements */,
				EA21E234F61596440EB90376 /* SuperMac.entitlements */,
			);
			path = Resources;
			sourceTree = "<group>";
		};
		970F79BFFEA6CD6862E3B405 /* Infrastructure */ = {
			isa = PBXGroup;
			children = (
				16CB756E493216E928BFE385 /* AppPreferences.swift */,
				3075431997CCC529D232B50A /* AppPresenceController.swift */,
				F548C76AFE5DB3E2F971A397 /* GlobalShortcutCoordinator.swift */,
				FBBC0A9B8D3F1E70652A6777 /* InboxStore.swift */,
				98356FEA43C096CE3F0AC3C3 /* ProductIdentity.swift */,
				244CAA470E85F1D0D85ABB78 /* SystemServices.swift */,
			);
			path = Infrastructure;
			sourceTree = "<group>";
		};
		ACFD1E04AF10888BE57C8CC4 /* CommandPalette */ = {
			isa = PBXGroup;
			children = (
				594A4F82B1D50908E308BBDD /* CommandPaletteController.swift */,
			);
			path = CommandPalette;
			sourceTree = "<group>";
		};
		C4E7B20DD2485AE3C37B81C0 /* Permissions */ = {
			isa = PBXGroup;
			children = (
				2B1DA340FDF56D3903AB398B /* PermissionDragAssistantController.swift */,
			);
			path = Permissions;
			sourceTree = "<group>";
		};
		DFF930BE1C8F97210BD16D51 /* Views */ = {
			isa = PBXGroup;
			children = (
				5D3D3311B8821F0CE1B9FE70 /* MenuInboxView.swift */,
				BF0930D65732C97A2884DB5D /* SettingsRootView.swift */,
				92ACBF74F227DA576BBB1264 /* SharedViews.swift */,
			);
			path = Views;
			sourceTree = "<group>";
		};
		F5B93A5EAFB48A60727654BE /* QuickSearch */ = {
			isa = PBXGroup;
			children = (
				08A0016AD55253C1D86886E0 /* QuickSearchService.swift */,
			);
			path = QuickSearch;
			sourceTree = "<group>";
		};
		FBBB076D27F9C1E3F36170B5 /* Domain */ = {
			isa = PBXGroup;
			children = (
				D46472C0116EB655EB5D9395 /* Capability.swift */,
				0D255C268BB63BC11F3BF1E2 /* CoachingEvent.swift */,
				B543F9B1706BE9E1199F4E32 /* NotificationChannel.swift */,
				25A28A2604BC6C72440D94CD /* ShortcutCatalog.swift */,
				7263DDBBA4B1AE81E54AFA3E /* ShortcutFormatter.swift */,
			);
			path = Domain;
			sourceTree = "<group>";
		};
		FFEFE3F8BB3DAB8ADC427D5E /* SERPCompanionTests */ = {
			isa = PBXGroup;
			children = (
				0056C8963CA4813E8A84E886 /* ChromeActionDetectionTests.swift */,
				3ECB1173D29E6031892583E9 /* CompanionFeatureTests.swift */,
				64C5745D275DD0A21D08A8A4 /* FinderTrashDetectionTests.swift */,
				6404C87AC1020DA96AA9F649 /* PresentationEvidenceTests.swift */,
				797FEFE7C3B08B20A02ACE18 /* ShortcutCoachTests.swift */,
				8EA2F0CA3DF7839929B10DC2 /* StandardWindowControlTests.swift */,
			);
			path = SERPCompanionTests;
			sourceTree = "<group>";
		};
/* End PBXGroup section */

/* Begin PBXNativeTarget section */
		F6881F99091B9ABE918EF340 /* SERPCompanionTests */ = {
			isa = PBXNativeTarget;
			buildConfigurationList = 68BDE8E84830369C010BEA85 /* Build configuration list for PBXNativeTarget "SERPCompanionTests" */;
			buildPhases = (
				611EC1D7B49C4F9E60857CEA /* Sources */,
			);
			buildRules = (
			);
			dependencies = (
				476598E21082F152A4B0D21B /* PBXTargetDependency */,
			);
			name = SERPCompanionTests;
			packageProductDependencies = (
			);
			productName = SERPCompanionTests;
			productReference = 8C78FAA11152749454C56D78 /* SERPCompanionTests.xctest */;
			productType = "com.apple.product-type.bundle.unit-test";
		};
		F85A503B7003981F35C0AEF3 /* SERPCompanion */ = {
			isa = PBXNativeTarget;
			buildConfigurationList = 3B3F40B09BF18F7AC5E3D7F0 /* Build configuration list for PBXNativeTarget "SERPCompanion" */;
			buildPhases = (
				320D2E5F68D169646B10B9E2 /* Sources */,
				CCC292B0BCDBD25B47D79EA3 /* Resources */,
			);
			buildRules = (
			);
			dependencies = (
			);
			name = SERPCompanion;
			packageProductDependencies = (
			);
			productName = SERPCompanion;
			productReference = 8E3C7B6CCE8857BD73A85AC1 /* SERPCompanion.app */;
			productType = "com.apple.product-type.application";
		};
/* End PBXNativeTarget section */

/* Begin PBXProject section */
		99081BD746E7F4BC1AD218B4 /* Project object */ = {
			isa = PBXProject;
			attributes = {
				BuildIndependentTargetsInParallel = YES;
				LastUpgradeCheck = 1430;
				TargetAttributes = {
					F6881F99091B9ABE918EF340 = {
						DevelopmentTeam = 847HR8U8D9;
						ProvisioningStyle = Automatic;
					};
					F85A503B7003981F35C0AEF3 = {
						DevelopmentTeam = 847HR8U8D9;
						ProvisioningStyle = Automatic;
					};
				};
			};
			buildConfigurationList = 42E7255503FBD8078A046896 /* Build configuration list for PBXProject "SERPCompanion" */;
			compatibilityVersion = "Xcode 14.0";
			developmentRegion = en;
			hasScannedForEncodings = 0;
			knownRegions = (
				Base,
				en,
			);
			mainGroup = 23FDC995D11146F6DB193B74;
			minimizedProjectReferenceProxies = 1;
			preferredProjectObjectVersion = 77;
			projectDirPath = "";
			projectRoot = "";
			targets = (
				F85A503B7003981F35C0AEF3 /* SERPCompanion */,
				F6881F99091B9ABE918EF340 /* SERPCompanionTests */,
			);
		};
/* End PBXProject section */

/* Begin PBXResourcesBuildPhase section */
		CCC292B0BCDBD25B47D79EA3 /* Resources */ = {
			isa = PBXResourcesBuildPhase;
			buildActionMask = 2147483647;
			files = (
				F7BAFA25939DF80AA8478C4D /* Assets.xcassets in Resources */,
			);
			runOnlyForDeploymentPostprocessing = 0;
		};
/* End PBXResourcesBuildPhase section */

/* Begin PBXSourcesBuildPhase section */
		320D2E5F68D169646B10B9E2 /* Sources */ = {
			isa = PBXSourcesBuildPhase;
			buildActionMask = 2147483647;
			files = (
				7F78F75FB3CD15BFCE0664A7 /* AccessibilitySnapshotter.swift in Sources */,
				CF342909D99F150BF9D5D66E /* ActionCorrelator.swift in Sources */,
				5B4BFC0A72962D5175A6AEBB /* AppDelegate.swift in Sources */,
				F5D48C27AAECD9ADB9D6EC53 /* AppModel.swift in Sources */,
				F7356DFE7EA5B2AAB0B3D95E /* AppPreferences.swift in Sources */,
				09A327822E4931F6D4661855 /* AppPresenceController.swift in Sources */,
				9A40DAAF91CF1E9F96671084 /* Capability.swift in Sources */,
				1C6C46D985C37E8E493C0BC1 /* ChromeActionAdapter.swift in Sources */,
				C4BEF742E472442B18D544A5 /* ClipboardHistoryService.swift in Sources */,
				0D1C427B63BD49EADBB97F20 /* CoachingEvent.swift in Sources */,
				B794CEC56E43782E01377C7F /* CommandPaletteController.swift in Sources */,
				2BF78526DE1B66D9CFA283FB /* DictationHistoryService.swift in Sources */,
				28FEF2D13F0202C58E307FD7 /* DictationIndicatorController.swift in Sources */,
				5DCF030BC3543A04DEE8A688 /* DictationService.swift in Sources */,
				4BA0EB76BEE6C9E7F1F8ABDD /* FinderTrashMonitor.swift in Sources */,
				EA3E97DD78BAE540D53B4BC2 /* GlobalShortcutCoordinator.swift in Sources */,
				14F2944FF43B6F1CCAD36EFD /* InboxStore.swift in Sources */,
				B21EECC2C0894162B12B6D14 /* ManualActionDetector.swift in Sources */,
				DF3AC208ABEB8B29939DA5A8 /* MenuInboxView.swift in Sources */,
				83DB69EA3337545F7BF8BD8A /* NativeStatusItemController.swift in Sources */,
				19ED711335BBA98C6863E8A0 /* NotificationChannel.swift in Sources */,
				D8BD040B59A134894B592F8D /* NotificationDeliveryService.swift in Sources */,
				97F0753CAAA4536FF9348201 /* PermissionDragAssistantController.swift in Sources */,
				B60FB5D1B8390ACB18BC2F59 /* PointerEventMonitor.swift in Sources */,
				F387AFD5149F9A1A057E215C /* PresentationWindowController.swift in Sources */,
				DD42A45BA6C3E30CAC200A72 /* ProductIdentity.swift in Sources */,
				4AA495854CACE7F4331DD94F /* QuickSearchService.swift in Sources */,
				7751BC2DD7BBC4F720EC2203 /* SettingsRootView.swift in Sources */,
				895F8CE14115380E5440E8CA /* SharedViews.swift in Sources */,
				D1F1D81EA2EACA69360044F1 /* ShortcutCatalog.swift in Sources */,
				40DD2A29685045FFE6404543 /* ShortcutCoachApp.swift in Sources */,
				60250C5D24587888A60CFD04 /* ShortcutFormatter.swift in Sources */,
				BA80A78191B57B2360FF71BB /* StandardWindowControlMonitor.swift in Sources */,
				803A503F399377FAABD07EC6 /* SystemChannelAdapters.swift in Sources */,
				A5C548C2C58564FA6428F6C3 /* SystemServices.swift in Sources */,
				2487D35340386C93D87C5132 /* WindowAction.swift in Sources */,
				2941290420DB427B7A16B452 /* WindowGeometry.swift in Sources */,
				1BD7EF2ADDC7333E20E05E32 /* WindowManagementService.swift in Sources */,
			);
			runOnlyForDeploymentPostprocessing = 0;
		};
		611EC1D7B49C4F9E60857CEA /* Sources */ = {
			isa = PBXSourcesBuildPhase;
			buildActionMask = 2147483647;
			files = (
				DBCAFA7DD8BF629699337BCB /* ChromeActionDetectionTests.swift in Sources */,
				58FFD759950DC5067B480B84 /* CompanionFeatureTests.swift in Sources */,
				7C027D8128B8C607E81D70AB /* FinderTrashDetectionTests.swift in Sources */,
				C05F7787E7223CA2FC113B1D /* PresentationEvidenceTests.swift in Sources */,
				E3F197F1DB0C12B4FB742E60 /* ShortcutCoachTests.swift in Sources */,
				4367EEFEF374F8059D26B1E4 /* StandardWindowControlTests.swift in Sources */,
			);
			runOnlyForDeploymentPostprocessing = 0;
		};
/* End PBXSourcesBuildPhase section */

/* Begin PBXTargetDependency section */
		476598E21082F152A4B0D21B /* PBXTargetDependency */ = {
			isa = PBXTargetDependency;
			target = F85A503B7003981F35C0AEF3 /* SERPCompanion */;
			targetProxy = 1422E5C5F6FA8D7C1998CFA7 /* PBXContainerItemProxy */;
		};
/* End PBXTargetDependency section */

/* Begin XCBuildConfiguration section */
		130A9C6354366D9559CDB159 /* Debug */ = {
			isa = XCBuildConfiguration;
			buildSettings = {
				ASSETCATALOG_COMPILER_APPICON_NAME = AppIcon;
				CODE_SIGN_ENTITLEMENTS = SERPCompanion/Resources/SuperMac.entitlements;
				CODE_SIGN_STYLE = Automatic;
				COMBINE_HIDPI_IMAGES = YES;
				DEVELOPMENT_TEAM = 847HR8U8D9;
				ENABLE_APP_SANDBOX = NO;
				EXECUTABLE_NAME = SERPCompanion;
				GENERATE_INFOPLIST_FILE = YES;
				INFOPLIST_KEY_CFBundleDisplayName = SuperMac;
				INFOPLIST_KEY_CFBundleName = SuperMac;
				INFOPLIST_KEY_ITSAppUsesNonExemptEncryption = NO;
				INFOPLIST_KEY_LSApplicationCategoryType = "public.app-category.productivity";
				INFOPLIST_KEY_LSUIElement = NO;
				INFOPLIST_KEY_NSHumanReadableCopyright = "Copyright © 2026 SERP. All rights reserved.";
				INFOPLIST_KEY_NSMicrophoneUsageDescription = "SuperMac records audio only while Dictation is visibly active and transcribes it on this Mac.";
				INFOPLIST_KEY_NSSpeechRecognitionUsageDescription = "SuperMac uses Apple's on-device speech recognition for Dictation.";
				LD_RUNPATH_SEARCH_PATHS = (
					"$(inherited)",
					"@executable_path/../Frameworks",
				);
				PRODUCT_BUNDLE_IDENTIFIER = com.serp.supermac;
				PRODUCT_MODULE_NAME = SERPCompanion;
				PRODUCT_NAME = SuperMac;
				SDKROOT = macosx;
			};
			name = Debug;
		};
		264BBA7A3945AB961764B13A /* Release */ = {
			isa = XCBuildConfiguration;
			buildSettings = {
				ALWAYS_SEARCH_USER_PATHS = NO;
				ARCHS = arm64;
				CLANG_ANALYZER_NONNULL = YES;
				CLANG_ANALYZER_NUMBER_OBJECT_CONVERSION = YES_AGGRESSIVE;
				CLANG_CXX_LANGUAGE_STANDARD = "gnu++14";
				CLANG_CXX_LIBRARY = "libc++";
				CLANG_ENABLE_MODULES = YES;
				CLANG_ENABLE_OBJC_ARC = YES;
				CLANG_ENABLE_OBJC_WEAK = YES;
				CLANG_WARN_BLOCK_CAPTURE_AUTORELEASING = YES;
				CLANG_WARN_BOOL_CONVERSION = YES;
				CLANG_WARN_COMMA = YES;
				CLANG_WARN_CONSTANT_CONVERSION = YES;
				CLANG_WARN_DEPRECATED_OBJC_IMPLEMENTATIONS = YES;
				CLANG_WARN_DIRECT_OBJC_ISA_USAGE = YES_ERROR;
				CLANG_WARN_DOCUMENTATION_COMMENTS = YES;
				CLANG_WARN_EMPTY_BODY = YES;
				CLANG_WARN_ENUM_CONVERSION = YES;
				CLANG_WARN_INFINITE_RECURSION = YES;
				CLANG_WARN_INT_CONVERSION = YES;
				CLANG_WARN_NON_LITERAL_NULL_CONVERSION = YES;
				CLANG_WARN_OBJC_IMPLICIT_RETAIN_SELF = YES;
				CLANG_WARN_OBJC_LITERAL_CONVERSION = YES;
				CLANG_WARN_OBJC_ROOT_CLASS = YES_ERROR;
				CLANG_WARN_QUOTED_INCLUDE_IN_FRAMEWORK_HEADER = YES;
				CLANG_WARN_RANGE_LOOP_ANALYSIS = YES;
				CLANG_WARN_STRICT_PROTOTYPES = YES;
				CLANG_WARN_SUSPICIOUS_MOVE = YES;
				CLANG_WARN_UNGUARDED_AVAILABILITY = YES_AGGRESSIVE;
				CLANG_WARN_UNREACHABLE_CODE = YES;
				CLANG_WARN__DUPLICATE_METHOD_MATCH = YES;
				COPY_PHASE_STRIP = NO;
				CURRENT_PROJECT_VERSION = 1;
				DEBUG_INFORMATION_FORMAT = "dwarf-with-dsym";
				ENABLE_HARDENED_RUNTIME = YES;
				ENABLE_NS_ASSERTIONS = NO;
				ENABLE_STRICT_OBJC_MSGSEND = YES;
				GCC_C_LANGUAGE_STANDARD = gnu11;
				GCC_NO_COMMON_BLOCKS = YES;
				GCC_WARN_64_TO_32_BIT_CONVERSION = YES;
				GCC_WARN_ABOUT_RETURN_TYPE = YES_ERROR;
				GCC_WARN_UNDECLARED_SELECTOR = YES;
				GCC_WARN_UNINITIALIZED_AUTOS = YES_AGGRESSIVE;
				GCC_WARN_UNUSED_FUNCTION = YES;
				GCC_WARN_UNUSED_VARIABLE = YES;
				MACOSX_DEPLOYMENT_TARGET = 14.2;
				MARKETING_VERSION = 0.1.0;
				MTL_ENABLE_DEBUG_INFO = NO;
				MTL_FAST_MATH = YES;
				PRODUCT_NAME = "$(TARGET_NAME)";
				SDKROOT = macosx;
				SWIFT_COMPILATION_MODE = wholemodule;
				SWIFT_OPTIMIZATION_LEVEL = "-O";
				SWIFT_VERSION = 5.10;
			};
			name = Release;
		};
		2F3869231D7925FF26F1F2FA /* Debug */ = {
			isa = XCBuildConfiguration;
			buildSettings = {
				ALWAYS_SEARCH_USER_PATHS = NO;
				ARCHS = arm64;
				CLANG_ANALYZER_NONNULL = YES;
				CLANG_ANALYZER_NUMBER_OBJECT_CONVERSION = YES_AGGRESSIVE;
				CLANG_CXX_LANGUAGE_STANDARD = "gnu++14";
				CLANG_CXX_LIBRARY = "libc++";
				CLANG_ENABLE_MODULES = YES;
				CLANG_ENABLE_OBJC_ARC = YES;
				CLANG_ENABLE_OBJC_WEAK = YES;
				CLANG_WARN_BLOCK_CAPTURE_AUTORELEASING = YES;
				CLANG_WARN_BOOL_CONVERSION = YES;
				CLANG_WARN_COMMA = YES;
				CLANG_WARN_CONSTANT_CONVERSION = YES;
				CLANG_WARN_DEPRECATED_OBJC_IMPLEMENTATIONS = YES;
				CLANG_WARN_DIRECT_OBJC_ISA_USAGE = YES_ERROR;
				CLANG_WARN_DOCUMENTATION_COMMENTS = YES;
				CLANG_WARN_EMPTY_BODY = YES;
				CLANG_WARN_ENUM_CONVERSION = YES;
				CLANG_WARN_INFINITE_RECURSION = YES;
				CLANG_WARN_INT_CONVERSION = YES;
				CLANG_WARN_NON_LITERAL_NULL_CONVERSION = YES;
				CLANG_WARN_OBJC_IMPLICIT_RETAIN_SELF = YES;
				CLANG_WARN_OBJC_LITERAL_CONVERSION = YES;
				CLANG_WARN_OBJC_ROOT_CLASS = YES_ERROR;
				CLANG_WARN_QUOTED_INCLUDE_IN_FRAMEWORK_HEADER = YES;
				CLANG_WARN_RANGE_LOOP_ANALYSIS = YES;
				CLANG_WARN_STRICT_PROTOTYPES = YES;
				CLANG_WARN_SUSPICIOUS_MOVE = YES;
				CLANG_WARN_UNGUARDED_AVAILABILITY = YES_AGGRESSIVE;
				CLANG_WARN_UNREACHABLE_CODE = YES;
				CLANG_WARN__DUPLICATE_METHOD_MATCH = YES;
				COPY_PHASE_STRIP = NO;
				CURRENT_PROJECT_VERSION = 1;
				DEBUG_INFORMATION_FORMAT = dwarf;
				ENABLE_HARDENED_RUNTIME = YES;
				ENABLE_STRICT_OBJC_MSGSEND = YES;
				ENABLE_TESTABILITY = YES;
				GCC_C_LANGUAGE_STANDARD = gnu11;
				GCC_DYNAMIC_NO_PIC = NO;
				GCC_NO_COMMON_BLOCKS = YES;
				GCC_OPTIMIZATION_LEVEL = 0;
				GCC_PREPROCESSOR_DEFINITIONS = (
					"$(inherited)",
					"DEBUG=1",
				);
				GCC_WARN_64_TO_32_BIT_CONVERSION = YES;
				GCC_WARN_ABOUT_RETURN_TYPE = YES_ERROR;
				GCC_WARN_UNDECLARED_SELECTOR = YES;
				GCC_WARN_UNINITIALIZED_AUTOS = YES_AGGRESSIVE;
				GCC_WARN_UNUSED_FUNCTION = YES;
				GCC_WARN_UNUSED_VARIABLE = YES;
				MACOSX_DEPLOYMENT_TARGET = 14.2;
				MARKETING_VERSION = 0.1.0;
				MTL_ENABLE_DEBUG_INFO = INCLUDE_SOURCE;
				MTL_FAST_MATH = YES;
				ONLY_ACTIVE_ARCH = YES;
				PRODUCT_NAME = "$(TARGET_NAME)";
				SDKROOT = macosx;
				SWIFT_ACTIVE_COMPILATION_CONDITIONS = DEBUG;
				SWIFT_OPTIMIZATION_LEVEL = "-Onone";
				SWIFT_VERSION = 5.10;
			};
			name = Debug;
		};
		68EADFB7DD729C809C279554 /* Release */ = {
			isa = XCBuildConfiguration;
			buildSettings = {
				BUNDLE_LOADER = "$(TEST_HOST)";
				CODE_SIGN_STYLE = Automatic;
				COMBINE_HIDPI_IMAGES = YES;
				DEVELOPMENT_TEAM = 847HR8U8D9;
				GENERATE_INFOPLIST_FILE = YES;
				LD_RUNPATH_SEARCH_PATHS = (
					"$(inherited)",
					"@executable_path/../Frameworks",
					"@loader_path/../Frameworks",
				);
				PRODUCT_BUNDLE_IDENTIFIER = com.serp.supermac.tests;
				SDKROOT = macosx;
				TEST_HOST = "$(BUILT_PRODUCTS_DIR)/SuperMac.app/Contents/MacOS/SERPCompanion";
			};
			name = Release;
		};
		7030787B8390B81A6BA3A610 /* Debug */ = {
			isa = XCBuildConfiguration;
			buildSettings = {
				BUNDLE_LOADER = "$(TEST_HOST)";
				CODE_SIGN_STYLE = Automatic;
				COMBINE_HIDPI_IMAGES = YES;
				DEVELOPMENT_TEAM = 847HR8U8D9;
				GENERATE_INFOPLIST_FILE = YES;
				LD_RUNPATH_SEARCH_PATHS = (
					"$(inherited)",
					"@executable_path/../Frameworks",
					"@loader_path/../Frameworks",
				);
				PRODUCT_BUNDLE_IDENTIFIER = com.serp.supermac.tests;
				SDKROOT = macosx;
				TEST_HOST = "$(BUILT_PRODUCTS_DIR)/SuperMac.app/Contents/MacOS/SERPCompanion";
			};
			name = Debug;
		};
		E6951ED1CF4B3F9B1B9EBA57 /* Release */ = {
			isa = XCBuildConfiguration;
			buildSettings = {
				ASSETCATALOG_COMPILER_APPICON_NAME = AppIcon;
				CODE_SIGN_ENTITLEMENTS = SERPCompanion/Resources/SuperMac.entitlements;
				CODE_SIGN_STYLE = Automatic;
				COMBINE_HIDPI_IMAGES = YES;
				DEVELOPMENT_TEAM = 847HR8U8D9;
				ENABLE_APP_SANDBOX = NO;
				EXECUTABLE_NAME = SERPCompanion;
				GENERATE_INFOPLIST_FILE = YES;
				INFOPLIST_KEY_CFBundleDisplayName = SuperMac;
				INFOPLIST_KEY_CFBundleName = SuperMac;
				INFOPLIST_KEY_ITSAppUsesNonExemptEncryption = NO;
				INFOPLIST_KEY_LSApplicationCategoryType = "public.app-category.productivity";
				INFOPLIST_KEY_LSUIElement = NO;
				INFOPLIST_KEY_NSHumanReadableCopyright = "Copyright © 2026 SERP. All rights reserved.";
				INFOPLIST_KEY_NSMicrophoneUsageDescription = "SuperMac records audio only while Dictation is visibly active and transcribes it on this Mac.";
				INFOPLIST_KEY_NSSpeechRecognitionUsageDescription = "SuperMac uses Apple's on-device speech recognition for Dictation.";
				LD_RUNPATH_SEARCH_PATHS = (
					"$(inherited)",
					"@executable_path/../Frameworks",
				);
				PRODUCT_BUNDLE_IDENTIFIER = com.serp.supermac;
				PRODUCT_MODULE_NAME = SERPCompanion;
				PRODUCT_NAME = SuperMac;
				SDKROOT = macosx;
			};
			name = Release;
		};
/* End XCBuildConfiguration section */

/* Begin XCConfigurationList section */
		3B3F40B09BF18F7AC5E3D7F0 /* Build configuration list for PBXNativeTarget "SERPCompanion" */ = {
			isa = XCConfigurationList;
			buildConfigurations = (
				130A9C6354366D9559CDB159 /* Debug */,
				E6951ED1CF4B3F9B1B9EBA57 /* Release */,
			);
			defaultConfigurationIsVisible = 0;
			defaultConfigurationName = Debug;
		};
		42E7255503FBD8078A046896 /* Build configuration list for PBXProject "SERPCompanion" */ = {
			isa = XCConfigurationList;
			buildConfigurations = (
				2F3869231D7925FF26F1F2FA /* Debug */,
				264BBA7A3945AB961764B13A /* Release */,
			);
			defaultConfigurationIsVisible = 0;
			defaultConfigurationName = Debug;
		};
		68BDE8E84830369C010BEA85 /* Build configuration list for PBXNativeTarget "SERPCompanionTests" */ = {
			isa = XCConfigurationList;
			buildConfigurations = (
				7030787B8390B81A6BA3A610 /* Debug */,
				68EADFB7DD729C809C279554 /* Release */,
			);
			defaultConfigurationIsVisible = 0;
			defaultConfigurationName = Debug;
		};
/* End XCConfigurationList section */
	};
	rootObject = 99081BD746E7F4BC1AD218B4 /* Project object */;
}
